// !$*UTF8*$!
{
	archiveVersion = 1;
	classes = {
	};
	objectVersion = 46;
	objects = {

/* Begin PBXBuildFile section */
		BFFAAADF1CCF317E00FA1741 /* main.m in Sources */ = {isa = PBXBuildFile; fileRef = BFFAAADE1CCF317E00FA1741 /* main.m */; };
		BFFAAAE21CCF317E00FA1741 /* AppDelegate.m in Sources */ = {isa = PBXBuildFile; fileRef = BFFAAAE11CCF317E00FA1741 /* AppDelegate.m */; };
		BFFAAAE51CCF317E00FA1741 /* ViewController.m in Sources */ = {isa = PBXBuildFile; fileRef = BFFAAAE41CCF317E00FA1741 /* ViewController.m */; };
		BFFAAAE81CCF317E00FA1741 /* Main.storyboard in Resources */ = {isa = PBXBuildFile; fileRef = BFFAAAE61CCF317E00FA1741 /* Main.storyboard */; };
		BFFAAAEA1CCF317E00FA1741 /* Assets.xcassets in Resources */ = {isa = PBXBuildFile; fileRef = BFFAAAE91CCF317E00FA1741 /* Assets.xcassets */; };
		BFFAAAED1CCF317E00FA1741 /* LaunchScreen.storyboard in Resources */ = {isa = PBXBuildFile; fileRef = BFFAAAEB1CCF317E00FA1741 /* LaunchScreen.storyboard */; };
		BFFAAAF61CCF321C00FA1741 /* Person.m in Sources */ = {isa = PBXBuildFile; fileRef = BFFAAAF51CCF321C00FA1741 /* Person.m */; };
/* End PBXBuildFile section */

/* Begin PBXFileReference section */
		BFFAAADA1CCF317E00FA1741 /* Properties.app */ = {isa = PBXFileReference; explicitFileType = wrapper.application; includeInIndex = 0; path = Properties.app; sourceTree = BUILT_PRODUCTS_DIR; };
		BFFAAADE1CCF317E00FA1741 /* main.m */ = {isa = PBXFileReference; lastKnownFileType = sourcecode.c.objc; path = main.m; sourceTree = "<group>"; };
		BFFAAAE01CCF317E00FA1741 /* AppDelegate.h */ = {isa = PBXFileReference; lastKnownFileType = sourcecode.c.h; path = AppDelegate.h; sourceTree = "<group>"; };
		BFFAAAE11CCF317E00FA1741 /* AppDelegate.m */ = {isa = PBXFileReference; lastKnownFileType = sourcecode.c.objc; path = AppDelegate.m; sourceTree = "<group>"; };
		BFFAAAE31CCF317E00FA1741 /* ViewController.h */ = {isa = PBXFileReference; lastKnownFileType = sourcecode.c.h; path = ViewController.h; sourceTree = "<group>"; };
		BFFAAAE41CCF317E00FA1741 /* ViewController.m */ = {isa = PBXFileReference; lastKnownFileType = sourcecode.c.objc; path = ViewController.m; sourceTree = "<group>"; };
		BFFAAAE71CCF317E00FA1741 /* Base */ = {isa = PBXFileReference; lastKnownFileType = file.storyboard; name = Base; path = Base.lproj/Main.storyboard; sourceTree = "<group>"; };
		BFFAAAE91CCF317E00FA1741 /* Assets.xcassets */ = {isa = PBXFileReference; lastKnownFileType = folder.assetcatalog; path = Assets.xcassets; sourceTree = "<group>"; };
		BFFAAAEC1CCF317E00FA1741 /* Base */ = {isa = PBXFileReference; lastKnownFileType = file.storyboard; name = Base; path = Base.lproj/LaunchScreen.storyboard; sourceTree = "<group>"; };
		BFFAAAEE1CCF317E00FA1741 /* Info.plist */ = {isa = PBXFileReference; lastKnownFileType = text.plist.xml; path = Info.plist; sourceTree = "<group>"; };
		BFFAAAF41CCF321C00FA1741 /* Person.h */ = {isa = PBXFileReference; fileEncoding = 4; lastKnownFileType = sourcecode.c.h; path = Person.h; sourceTree = "<group>"; };
		BFFAAAF51CCF321C00FA1741 /* Person.m */ = {isa = PBXFileReference; fileEncoding = 4; lastKnownFileType = sourcecode.c.objc; path = Person.m; sourceTree = "<group>"; };
/* End PBXFileReference section */

/* Begin PBXFrameworksBuildPhase section */
		BFFAAAD71CCF317E00FA1741 /* Frameworks */ = {
			isa = PBXFrameworksBuildPhase;
			buildActionMask = 2147483647;
			files = (
			);
			runOnlyForDeploymentPostprocessing = 0;
		};
/* End PBXFrameworksBuildPhase section */

/* Begin PBXGroup section */
		BFFAAAD11CCF317E00FA1741 = {
			isa = PBXGroup;
			children = (
				BFFAAADC1CCF317E00FA1741 /* Properties */,
				BFFAAADB1CCF317E00FA1741 /* Products */,
			);
			sourceTree = "<group>";
		};
		BFFAAADB1CCF317E00FA1741 /* Products */ = {
			isa = PBXGroup;
			children = (
				BFFAAADA1CCF317E00FA1741 /* Properties.app */,
			);
			name = Products;
			sourceTree = "<group>";
		};
		BFFAAADC1CCF317E00FA1741 /* Properties */ = {
			isa = PBXGroup;
			children = (
				BFFAAAF41CCF321C00FA1741 /* Person.h */,
				BFFAAAF51CCF321C00FA1741 /* Person.m */,
				BFFAAAE01CCF317E00FA1741 /* AppDelegate.h */,
				BFFAAAE11CCF317E00FA1741 /* AppDelegate.m */,
				BFFAAAE31CCF317E00FA1741 /* ViewController.h */,
				BFFAAAE41CCF317E00FA1741 /* ViewController.m */,
				BFFAAAE61CCF317E00FA1741 /* Main.storyboard */,
				BFFAAAE91CCF317E00FA1741 /* Assets.xcassets */,
				BFFAAAEB1CCF317E00FA1741 /* LaunchScreen.storyboard */,
				BFFAAAEE1CCF317E00FA1741 /* Info.plist */,
				BFFAAADD1CCF317E00FA1741 /* Supporting Files */,
			);
			path = Properties;
			sourceTree = "<group>";
		};
		BFFAAADD1CCF317E00FA1741 /* Supporting Files */ = {
			isa = PBXGroup;
			children = (
				BFFAAADE1CCF317E00FA1741 /* main.m */,
			);
			name = "Supporting Files";
			sourceTree = "<group>";
		};
/* End PBXGroup section */

/* Begin PBXNativeTarget section */
		BFFAAAD91CCF317E00FA1741 /* Properties */ = {
			isa = PBXNativeTarget;
			buildConfigurationList = BFFAAAF11CCF317E00FA1741 /* Build configuration list for PBXNativeTarget "Properties" */;
			buildPhases = (
				BFFAAAD61CCF317E00FA1741 /* Sources */,
				BFFAAAD71CCF317E00FA1741 /* Frameworks */,
				BFFAAAD81CCF317E00FA1741 /* Resources */,
			);
			buildRules = (
			);
			dependencies = (
			);
			name = Properties;
			productName = Properties;
			productReference = BFFAAADA1CCF317E00FA1741 /* Properties.app */;
			productType = "com.apple.product-type.application";
		};
/* End PBXNativeTarget section */

/* Begin PBXProject section */
		BFFAAAD21CCF317E00FA1741 /* Project object */ = {
			isa = PBXProject;
			attributes = {
				LastUpgradeCheck = 0730;
				ORGANIZATIONNAME = "Allen Czerwinski";
				TargetAttributes = {
					BFFAAAD91CCF317E00FA1741 = {
						CreatedOnToolsVersion = 7.3;
					};
				};
			};
			buildConfigurationList = BFFAAAD51CCF317E00FA1741 /* Build configuration list for PBXProject "Properties" */;
			compatibilityVersion = "Xcode 3.2";
			developmentRegion = English;
			hasScannedForEncodings = 0;
			knownRegions = (
				en,
				Base,
			);
			mainGroup = BFFAAAD11CCF317E00FA1741;
			productRefGroup = BFFAAADB1CCF317E00FA1741 /* Products */;
			projectDirPath = "";
			projectRoot = "";
			targets = (
				BFFAAAD91CCF317E00FA1741 /* Properties */,
			);
		};
/* End PBXProject section */

/* Begin PBXResourcesBuildPhase section */
		BFFAAAD81CCF317E00FA1741 /* Resources */ = {
			isa = PBXResourcesBuildPhase;
			buildActionMask = 2147483647;
			files = (
				BFFAAAED1CCF317E00FA1741 /* LaunchScreen.storyboard in Resources */,
				BFFAAAEA1CCF317E00FA1741 /* Assets.xcassets in Resources */,
				BFFAAAE81CCF317E00FA1741 /* Main.storyboard in Resources */,
			);
			runOnlyForDeploymentPostprocessing = 0;
		};
/* End PBXResourcesBuildPhase section */

/* Begin PBXSourcesBuildPhase section */
		BFFAAAD61CCF317E00FA1741 /* Sources */ = {
			isa = PBXSourcesBuildPhase;
			buildActionMask = 2147483647;
			files = (
				BFFAAAE51CCF317E00FA1741 /* ViewController.m in Sources */,
				BFFAAAE21CCF317E00FA1741 /* AppDelegate.m in Sources */,
				BFFAAAF61CCF321C00FA1741 /* Person.m in Sources */,
				BFFAAADF1CCF317E00FA1741 /* main.m in Sources */,
			);
			runOnlyForDeploymentPostprocessing = 0;
		};
/* End PBXSourcesBuildPhase section */

/* Begin PBXVariantGroup section */
		BFFAAAE61CCF317E00FA1741 /* Main.storyboard */ = {
			isa = PBXVariantGroup;
			children = (
				BFFAAAE71CCF317E00FA1741 /* Base */,
			);
			name = Main.storyboard;
			sourceTree = "<group>";
		};
		BFFAAAEB1CCF317E00FA1741 /* LaunchScreen.storyboard */ = {
			isa = PBXVariantGroup;
			children = (
				BFFAAAEC1CCF317E00FA1741 /* Base */,
			);
			name = LaunchScreen.storyboard;
			sourceTree = "<group>";
		};
/* End PBXVariantGroup section */

/* Begin XCBuildConfiguration section */
		BFFAAAEF1CCF317E00FA1741 /* Debug */ = {
			isa = XCBuildConfiguration;
			buildSettings = {
				ALWAYS_SEARCH_USER_PATHS = NO;
				CLANG_ANALYZER_NONNULL = YES;
				CLANG_CXX_LANGUAGE_STANDARD = "gnu++0x";
				CLANG_CXX_LIBRARY = "libc++";
				CLANG_ENABLE_MODULES = YES;
				CLANG_ENABLE_OBJC_ARC = YES;
				CLANG_WARN_BOOL_CONVERSION = YES;
				CLANG_WARN_CONSTANT_CONVERSION = YES;
				CLANG_WARN_DIRECT_OBJC_ISA_USAGE = YES_ERROR;
				CLANG_WARN_EMPTY_BODY = YES;
				CLANG_WARN_ENUM_CONVERSION = YES;
				CLANG_WARN_INT_CONVERSION = YES;
				CLANG_WARN_OBJC_ROOT_CLASS = YES_ERROR;
				CLANG_WARN_UNREACHABLE_CODE = YES;
				CLANG_WARN__DUPLICATE_METHOD_MATCH = YES;
				"CODE_SIGN_IDENTITY[sdk=iphoneos*]" = "iPhone Developer";
				COPY_PHASE_STRIP = NO;
				DEBUG_INFORMATION_FORMAT = dwarf;
				ENABLE_STRICT_OBJC_MSGSEND = YES;
				ENABLE_TESTABILITY = YES;
				GCC_C_LANGUAGE_STANDARD = gnu99;
				GCC_DYNAMIC_NO_PIC = NO;
				GCC_NO_COMMON_BLOCKS = YES;
				GCC_OPTIMIZATION_LEVEL = 0;
				GCC_PREPROCESSOR_DEFINITIONS = (
					"DEBUG=1",
					"$(inherited)",
				);
				GCC_WARN_64_TO_32_BIT_CONVERSION = YES;
				GCC_WARN_ABOUT_RETURN_TYPE = YES_ERROR;
				GCC_WARN_UNDECLARED_SELECTOR = YES;
				GCC_WARN_UNINITIALIZED_AUTOS = YES_AGGRESSIVE;
				GCC_WARN_UNUSED_FUNCTION = YES;
				GCC_WARN_UNUSED_VARIABLE = YES;
				IPHONEOS_DEPLOYMENT_TARGET = 9.3;
				MTL_ENABLE_DEBUG_INFO = YES;
				ONLY_ACTIVE_ARCH = YES;
				SDKROOT = iphoneos;
				TARGETED_DEVICE_FAMILY = "1,2";
			};
			name = Debug;
		};
		BFFAAAF01CCF317E00FA1741 /* Release */ = {
			isa = XCBuildConfiguration;
			buildSettings = {
				ALWAYS_SEARCH_USER_PATHS = NO;
				CLANG_ANALYZER_NONNULL = YES;
				CLANG_CXX_LANGUAGE_STANDARD = "gnu++0x";
				CLANG_CXX_LIBRARY = "libc++";
				CLANG_ENABLE_MODULES = YES;
				CLANG_ENABLE_OBJC_ARC = YES;
				CLANG_WARN_BOOL_CONVERSION = YES;
				CLANG_WARN_CONSTANT_CONVERSION = YES;
				CLANG_WARN_DIRECT_OBJC_ISA_USAGE = YES_ERROR;
				CLANG_WARN_EMPTY_BODY = YES;
				CLANG_WARN_ENUM_CONVERSION = YES;
				CLANG_WARN_INT_CONVERSION = YES;
				CLANG_WARN_OBJC_ROOT_CLASS = YES_ERROR;
				CLANG_WARN_UNREACHABLE_CODE = YES;
				CLANG_WARN__DUPLICATE_METHOD_MATCH = YES;
				"CODE_SIGN_IDENTITY[sdk=iphoneos*]" = "iPhone Developer";
				COPY_PHASE_STRIP = NO;
				DEBUG_INFORMATION_FORMAT = "dwarf-with-dsym";
				ENABLE_NS_ASSERTIONS = NO;
				ENABLE_STRICT_OBJC_MSGSEND = YES;
				GCC_C_LANGUAGE_STANDARD = gnu99;
				GCC_NO_COMMON_BLOCKS = YES;
				GCC_WARN_64_TO_32_BIT_CONVERSION = YES;
				GCC_WARN_ABOUT_RETURN_TYPE = YES_ERROR;
				GCC_WARN_UNDECLARED_SELECTOR = YES;
				GCC_WARN_UNINITIALIZED_AUTOS = YES_AGGRESSIVE;
				GCC_WARN_UNUSED_FUNCTION = YES;
				GCC_WARN_UNUSED_VARIABLE = YES;
				IPHONEOS_DEPLOYMENT_TARGET = 9.3;
				MTL_ENABLE_DEBUG_INFO = NO;
				SDKROOT = iphoneos;
				TARGETED_DEVICE_FAMILY = "1,2";
				VALIDATE_PRODUCT = YES;
			};
			name = Release;
		};
		BFFAAAF21CCF317E00FA1741 /* Debug */ = {
			isa = XCBuildConfiguration;
			buildSettings = {
				ASSETCATALOG_COMPILER_APPICON_NAME = AppIcon;
				INFOPLIST_FILE = Properties/Info.plist;
				LD_RUNPATH_SEARCH_PATHS = "$(inherited) @executable_path/Frameworks";
				PRODUCT_BUNDLE_IDENTIFIER = com.gmail.allen.czerwinski.Properties;
				PRODUCT_NAME = "$(TARGET_NAME)";
			};
			name = Debug;
		};
		BFFAAAF31CCF317E00FA1741 /* Release */ = {
			isa = XCBuildConfiguration;
			buildSettings = {
				ASSETCATALOG_COMPILER_APPICON_NAME = AppIcon;
				INFOPLIST_FILE = Properties/Info.plist;
				LD_RUNPATH_SEARCH_PATHS = "$(inherited) @executable_path/Frameworks";
				PRODUCT_BUNDLE_IDENTIFIER = com.gmail.allen.czerwinski.Properties;
				PRODUCT_NAME = "$(TARGET_NAME)";
			};
			name = Release;
		};
/* End XCBuildConfiguration section */

/* Begin XCConfigurationList section */
		BFFAAAD51CCF317E00FA1741 /* Build configuration list for PBXProject "Properties" */ = {
			isa = XCConfigurationList;
			buildConfigurations = (
				BFFAAAEF1CCF317E00FA1741 /* Debug */,
				BFFAAAF01CCF317E00FA1741 /* Release */,
			);
			defaultConfigurationIsVisible = 0;
			defaultConfigurationName = Release;
		};
		BFFAAAF11CCF317E00FA1741 /* Build configuration list for PBXNativeTarget "Properties" */ = {
			isa = XCConfigurationList;
			buildConfigurations = (
				BFFAAAF21CCF317E00FA1741 /* Debug */,
				BFFAAAF31CCF317E00FA1741 /* Release */,
			);
			defaultConfigurationIsVisible = 0;
		};
/* End XCConfigurationList section */
	};
	rootObject = BFFAAAD21CCF317E00FA1741 /* Project object */;
}
