// !$*UTF8*$!
{
	archiveVersion = 1;
	classes = {
	};
	objectVersion = 46;
	objects = {

/* Begin PBXBuildFile section */
		BF58C41F1C645319000543AA /* AppDelegate.swift in Sources */ = {isa = PBXBuildFile; fileRef = BF58C41E1C645319000543AA /* AppDelegate.swift */; };
		BF58C4211C645319000543AA /* ViewController.swift in Sources */ = {isa = PBXBuildFile; fileRef = BF58C4201C645319000543AA /* ViewController.swift */; };
		BF58C4241C645319000543AA /* Main.storyboard in Resources */ = {isa = PBXBuildFile; fileRef = BF58C4221C645319000543AA /* Main.storyboard */; };
		BF58C4261C645319000543AA /* Assets.xcassets in Resources */ = {isa = PBXBuildFile; fileRef = BF58C4251C645319000543AA /* Assets.xcassets */; };
		BF58C4291C645319000543AA /* LaunchScreen.storyboard in Resources */ = {isa = PBXBuildFile; fileRef = BF58C4271C645319000543AA /* LaunchScreen.storyboard */; };
/* End PBXBuildFile section */

/* Begin PBXFileReference section */
		BF58C41B1C645318000543AA /* Basic Auto Layout.app */ = {isa = PBXFileReference; explicitFileType = wrapper.application; includeInIndex = 0; path = "Basic Auto Layout.app"; sourceTree = BUILT_PRODUCTS_DIR; };
		BF58C41E1C645319000543AA /* AppDelegate.swift */ = {isa = PBXFileReference; lastKnownFileType = sourcecode.swift; path = AppDelegate.swift; sourceTree = "<group>"; };
		BF58C4201C645319000543AA /* ViewController.swift */ = {isa = PBXFileReference; lastKnownFileType = sourcecode.swift; path = ViewController.swift; sourceTree = "<group>"; };
		BF58C4231C645319000543AA /* Base */ = {isa = PBXFileReference; lastKnownFileType = file.storyboard; name = Base; path = Base.lproj/Main.storyboard; sourceTree = "<group>"; };
		BF58C4251C645319000543AA /* Assets.xcassets */ = {isa = PBXFileReference; lastKnownFileType = folder.assetcatalog; path = Assets.xcassets; sourceTree = "<group>"; };
		BF58C4281C645319000543AA /* Base */ = {isa = PBXFileReference; lastKnownFileType = file.storyboard; name = Base; path = Base.lproj/LaunchScreen.storyboard; sourceTree = "<group>"; };
		BF58C42A1C645319000543AA /* Info.plist */ = {isa = PBXFileReference; lastKnownFileType = text.plist.xml; path = Info.plist; sourceTree = "<group>"; };
/* End PBXFileReference section */

/* Begin PBXFrameworksBuildPhase section */
		BF58C4181C645318000543AA /* Frameworks */ = {
			isa = PBXFrameworksBuildPhase;
			buildActionMask = 2147483647;
			files = (
			);
			runOnlyForDeploymentPostprocessing = 0;
		};
/* End PBXFrameworksBuildPhase section */

/* Begin PBXGroup section */
		BF58C4121C645318000543AA = {
			isa = PBXGroup;
			children = (
				BF58C41D1C645319000543AA /* Basic Auto Layout */,
				BF58C41C1C645318000543AA /* Products */,
			);
			sourceTree = "<group>";
		};
		BF58C41C1C645318000543AA /* Products */ = {
			isa = PBXGroup;
			children = (
				BF58C41B1C645318000543AA /* Basic Auto Layout.app */,
			);
			name = Products;
			sourceTree = "<group>";
		};
		BF58C41D1C645319000543AA /* Basic Auto Layout */ = {
			isa = PBXGroup;
			children = (
				BF58C41E1C645319000543AA /* AppDelegate.swift */,
				BF58C4201C645319000543AA /* ViewController.swift */,
				BF58C4221C645319000543AA /* Main.storyboard */,
				BF58C4251C645319000543AA /* Assets.xcassets */,
				BF58C4271C645319000543AA /* LaunchScreen.storyboard */,
				BF58C42A1C645319000543AA /* Info.plist */,
			);
			path = "Basic Auto Layout";
			sourceTree = "<group>";
		};
/* End PBXGroup section */

/* Begin PBXNativeTarget section */
		BF58C41A1C645318000543AA /* Basic Auto Layout */ = {
			isa = PBXNativeTarget;
			buildConfigurationList = BF58C42D1C645319000543AA /* Build configuration list for PBXNativeTarget "Basic Auto Layout" */;
			buildPhases = (
				BF58C4171C645318000543AA /* Sources */,
				BF58C4181C645318000543AA /* Frameworks */,
				BF58C4191C645318000543AA /* Resources */,
			);
			buildRules = (
			);
			dependencies = (
			);
			name = "Basic Auto Layout";
			productName = "Basic Auto Layout";
			productReference = BF58C41B1C645318000543AA /* Basic Auto Layout.app */;
			productType = "com.apple.product-type.application";
		};
/* End PBXNativeTarget section */

/* Begin PBXProject section */
		BF58C4131C645318000543AA /* Project object */ = {
			isa = PBXProject;
			attributes = {
				LastSwiftUpdateCheck = 0720;
				LastUpgradeCheck = 0720;
				ORGANIZATIONNAME = "Allen Czerwinski";
				TargetAttributes = {
					BF58C41A1C645318000543AA = {
						CreatedOnToolsVersion = 7.2;
					};
				};
			};
			buildConfigurationList = BF58C4161C645318000543AA /* Build configuration list for PBXProject "Basic Auto Layout" */;
			compatibilityVersion = "Xcode 3.2";
			developmentRegion = English;
			hasScannedForEncodings = 0;
			knownRegions = (
				en,
				Base,
			);
			mainGroup = BF58C4121C645318000543AA;
			productRefGroup = BF58C41C1C645318000543AA /* Products */;
			projectDirPath = "";
			projectRoot = "";
			targets = (
				BF58C41A1C645318000543AA /* Basic Auto Layout */,
			);
		};
/* End PBXProject section */

/* Begin PBXResourcesBuildPhase section */
		BF58C4191C645318000543AA /* Resources */ = {
			isa = PBXResourcesBuildPhase;
			buildActionMask = 2147483647;
			files = (
				BF58C4291C645319000543AA /* LaunchScreen.storyboard in Resources */,
				BF58C4261C645319000543AA /* Assets.xcassets in Resources */,
				BF58C4241C645319000543AA /* Main.storyboard in Resources */,
			);
			runOnlyForDeploymentPostprocessing = 0;
		};
/* End PBXResourcesBuildPhase section */

/* Begin PBXSourcesBuildPhase section */
		BF58C4171C645318000543AA /* Sources */ = {
			isa = PBXSourcesBuildPhase;
			buildActionMask = 2147483647;
			files = (
				BF58C4211C645319000543AA /* ViewController.swift in Sources */,
				BF58C41F1C645319000543AA /* AppDelegate.swift in Sources */,
			);
			runOnlyForDeploymentPostprocessing = 0;
		};
/* End PBXSourcesBuildPhase section */

/* Begin PBXVariantGroup section */
		BF58C4221C645319000543AA /* Main.storyboard */ = {
			isa = PBXVariantGroup;
			children = (
				BF58C4231C645319000543AA /* Base */,
			);
			name = Main.storyboard;
			sourceTree = "<group>";
		};
		BF58C4271C645319000543AA /* LaunchScreen.storyboard */ = {
			isa = PBXVariantGroup;
			children = (
				BF58C4281C645319000543AA /* Base */,
			);
			name = LaunchScreen.storyboard;
			sourceTree = "<group>";
		};
/* End PBXVariantGroup section */

/* Begin XCBuildConfiguration section */
		BF58C42B1C645319000543AA /* Debug */ = {
			isa = XCBuildConfiguration;
			buildSettings = {
				ALWAYS_SEARCH_USER_PATHS = NO;
				CLANG_CXX_LANGUAGE_STANDARD = "gnu++0x";
				CLANG_CXX_LIBRARY = "libc++";
				CLANG_ENABLE_MODULES = YES;
				CLANG_ENABLE_OBJC_ARC = YES;
				CLANG_WARN_BOOL_CONVERSION = YES;
				CLANG_WARN_CONSTANT_CONVERSION = YES;
				CLANG_WARN_DIRECT_OBJC_ISA_USAGE = YES_ERROR;
				CLANG_WARN_EMPTY_BODY = YES;
				CLANG_WARN_ENUM_CONVERSION = YES;
				CLANG_WARN_INT_CONVERSION = YES;
				CLANG_WARN_OBJC_ROOT_CLASS = YES_ERROR;
				CLANG_WARN_UNREACHABLE_CODE = YES;
				CLANG_WARN__DUPLICATE_METHOD_MATCH = YES;
				"CODE_SIGN_IDENTITY[sdk=iphoneos*]" = "iPhone Developer";
				COPY_PHASE_STRIP = NO;
				DEBUG_INFORMATION_FORMAT = dwarf;
				ENABLE_STRICT_OBJC_MSGSEND = YES;
				ENABLE_TESTABILITY = YES;
				GCC_C_LANGUAGE_STANDARD = gnu99;
				GCC_DYNAMIC_NO_PIC = NO;
				GCC_NO_COMMON_BLOCKS = YES;
				GCC_OPTIMIZATION_LEVEL = 0;
				GCC_PREPROCESSOR_DEFINITIONS = (
					"DEBUG=1",
					"$(inherited)",
				);
				GCC_WARN_64_TO_32_BIT_CONVERSION = YES;
				GCC_WARN_ABOUT_RETURN_TYPE = YES_ERROR;
				GCC_WARN_UNDECLARED_SELECTOR = YES;
				GCC_WARN_UNINITIALIZED_AUTOS = YES_AGGRESSIVE;
				GCC_WARN_UNUSED_FUNCTION = YES;
				GCC_WARN_UNUSED_VARIABLE = YES;
				IPHONEOS_DEPLOYMENT_TARGET = 9.2;
				MTL_ENABLE_DEBUG_INFO = YES;
				ONLY_ACTIVE_ARCH = YES;
				SDKROOT = iphoneos;
				SWIFT_OPTIMIZATION_LEVEL = "-Onone";
			};
			name = Debug;
		};
		BF58C42C1C645319000543AA /* Release */ = {
			isa = XCBuildConfiguration;
			buildSettings = {
				ALWAYS_SEARCH_USER_PATHS = NO;
				CLANG_CXX_LANGUAGE_STANDARD = "gnu++0x";
				CLANG_CXX_LIBRARY = "libc++";
				CLANG_ENABLE_MODULES = YES;
				CLANG_ENABLE_OBJC_ARC = YES;
				CLANG_WARN_BOOL_CONVERSION = YES;
				CLANG_WARN_CONSTANT_CONVERSION = YES;
				CLANG_WARN_DIRECT_OBJC_ISA_USAGE = YES_ERROR;
				CLANG_WARN_EMPTY_BODY = YES;
				CLANG_WARN_ENUM_CONVERSION = YES;
				CLANG_WARN_INT_CONVERSION = YES;
				CLANG_WARN_OBJC_ROOT_CLASS = YES_ERROR;
				CLANG_WARN_UNREACHABLE_CODE = YES;
				CLANG_WARN__DUPLICATE_METHOD_MATCH = YES;
				"CODE_SIGN_IDENTITY[sdk=iphoneos*]" = "iPhone Developer";
				COPY_PHASE_STRIP = NO;
				DEBUG_INFORMATION_FORMAT = "dwarf-with-dsym";
				ENABLE_NS_ASSERTIONS = NO;
				ENABLE_STRICT_OBJC_MSGSEND = YES;
				GCC_C_LANGUAGE_STANDARD = gnu99;
				GCC_NO_COMMON_BLOCKS = YES;
				GCC_WARN_64_TO_32_BIT_CONVERSION = YES;
				GCC_WARN_ABOUT_RETURN_TYPE = YES_ERROR;
				GCC_WARN_UNDECLARED_SELECTOR = YES;
				GCC_WARN_UNINITIALIZED_AUTOS = YES_AGGRESSIVE;
				GCC_WARN_UNUSED_FUNCTION = YES;
				GCC_WARN_UNUSED_VARIABLE = YES;
				IPHONEOS_DEPLOYMENT_TARGET = 9.2;
				MTL_ENABLE_DEBUG_INFO = NO;
				SDKROOT = iphoneos;
				VALIDATE_PRODUCT = YES;
			};
			name = Release;
		};
		BF58C42E1C645319000543AA /* Debug */ = {
			isa = XCBuildConfiguration;
			buildSettings = {
				ASSETCATALOG_COMPILER_APPICON_NAME = AppIcon;
				INFOPLIST_FILE = "Basic Auto Layout/Info.plist";
				LD_RUNPATH_SEARCH_PATHS = "$(inherited) @executable_path/Frameworks";
				PRODUCT_BUNDLE_IDENTIFIER = "com.gmail.allen.czerwinski.Basic-Auto-Layout";
				PRODUCT_NAME = "$(TARGET_NAME)";
			};
			name = Debug;
		};
		BF58C42F1C645319000543AA /* Release */ = {
			isa = XCBuildConfiguration;
			buildSettings = {
				ASSETCATALOG_COMPILER_APPICON_NAME = AppIcon;
				INFOPLIST_FILE = "Basic Auto Layout/Info.plist";
				LD_RUNPATH_SEARCH_PATHS = "$(inherited) @executable_path/Frameworks";
				PRODUCT_BUNDLE_IDENTIFIER = "com.gmail.allen.czerwinski.Basic-Auto-Layout";
				PRODUCT_NAME = "$(TARGET_NAME)";
			};
			name = Release;
		};
/* End XCBuildConfiguration section */

/* Begin XCConfigurationList section */
		BF58C4161C645318000543AA /* Build configuration list for PBXProject "Basic Auto Layout" */ = {
			isa = XCConfigurationList;
			buildConfigurations = (
				BF58C42B1C645319000543AA /* Debug */,
				BF58C42C1C645319000543AA /* Release */,
			);
			defaultConfigurationIsVisible = 0;
			defaultConfigurationName = Release;
		};
		BF58C42D1C645319000543AA /* Build configuration list for PBXNativeTarget "Basic Auto Layout" */ = {
			isa = XCConfigurationList;
			buildConfigurations = (
				BF58C42E1C645319000543AA /* Debug */,
				BF58C42F1C645319000543AA /* Release */,
			);
			defaultConfigurationIsVisible = 0;
		};
/* End XCConfigurationList section */
	};
	rootObject = BF58C4131C645318000543AA /* Project object */;
}
