// !$*UTF8*$!
{
	archiveVersion = 1;
	classes = {
	};
	objectVersion = 46;
	objects = {

/* Begin PBXBuildFile section */
		BFFAABFD1CD29E4C00FA1741 /* main.m in Sources */ = {isa = PBXBuildFile; fileRef = BFFAABFC1CD29E4C00FA1741 /* main.m */; };
		BFFAAC001CD29E4D00FA1741 /* AppDelegate.m in Sources */ = {isa = PBXBuildFile; fileRef = BFFAABFF1CD29E4D00FA1741 /* AppDelegate.m */; };
		BFFAAC031CD29E4D00FA1741 /* ViewController.m in Sources */ = {isa = PBXBuildFile; fileRef = BFFAAC021CD29E4D00FA1741 /* ViewController.m */; };
		BFFAAC061CD29E4D00FA1741 /* Main.storyboard in Resources */ = {isa = PBXBuildFile; fileRef = BFFAAC041CD29E4D00FA1741 /* Main.storyboard */; };
		BFFAAC081CD29E4D00FA1741 /* Assets.xcassets in Resources */ = {isa = PBXBuildFile; fileRef = BFFAAC071CD29E4D00FA1741 /* Assets.xcassets */; };
		BFFAAC0B1CD29E4D00FA1741 /* LaunchScreen.storyboard in Resources */ = {isa = PBXBuildFile; fileRef = BFFAAC091CD29E4D00FA1741 /* LaunchScreen.storyboard */; };
/* End PBXBuildFile section */

/* Begin PBXFileReference section */
		BFFAABF81CD29E4C00FA1741 /* TapperExercise.app */ = {isa = PBXFileReference; explicitFileType = wrapper.application; includeInIndex = 0; path = TapperExercise.app; sourceTree = BUILT_PRODUCTS_DIR; };
		BFFAABFC1CD29E4C00FA1741 /* main.m */ = {isa = PBXFileReference; lastKnownFileType = sourcecode.c.objc; path = main.m; sourceTree = "<group>"; };
		BFFAABFE1CD29E4D00FA1741 /* AppDelegate.h */ = {isa = PBXFileReference; lastKnownFileType = sourcecode.c.h; path = AppDelegate.h; sourceTree = "<group>"; };
		BFFAABFF1CD29E4D00FA1741 /* AppDelegate.m */ = {isa = PBXFileReference; lastKnownFileType = sourcecode.c.objc; path = AppDelegate.m; sourceTree = "<group>"; };
		BFFAAC011CD29E4D00FA1741 /* ViewController.h */ = {isa = PBXFileReference; lastKnownFileType = sourcecode.c.h; path = ViewController.h; sourceTree = "<group>"; };
		BFFAAC021CD29E4D00FA1741 /* ViewController.m */ = {isa = PBXFileReference; lastKnownFileType = sourcecode.c.objc; path = ViewController.m; sourceTree = "<group>"; };
		BFFAAC051CD29E4D00FA1741 /* Base */ = {isa = PBXFileReference; lastKnownFileType = file.storyboard; name = Base; path = Base.lproj/Main.storyboard; sourceTree = "<group>"; };
		BFFAAC071CD29E4D00FA1741 /* Assets.xcassets */ = {isa = PBXFileReference; lastKnownFileType = folder.assetcatalog; path = Assets.xcassets; sourceTree = "<group>"; };
		BFFAAC0A1CD29E4D00FA1741 /* Base */ = {isa = PBXFileReference; lastKnownFileType = file.storyboard; name = Base; path = Base.lproj/LaunchScreen.storyboard; sourceTree = "<group>"; };
		BFFAAC0C1CD29E4D00FA1741 /* Info.plist */ = {isa = PBXFileReference; lastKnownFileType = text.plist.xml; path = Info.plist; sourceTree = "<group>"; };
/* End PBXFileReference section */

/* Begin PBXFrameworksBuildPhase section */
		BFFAABF51CD29E4C00FA1741 /* Frameworks */ = {
			isa = PBXFrameworksBuildPhase;
			buildActionMask = 2147483647;
			files = (
			);
			runOnlyForDeploymentPostprocessing = 0;
		};
/* End PBXFrameworksBuildPhase section */

/* Begin PBXGroup section */
		BFFAABEF1CD29E4C00FA1741 = {
			isa = PBXGroup;
			children = (
				BFFAABFA1CD29E4C00FA1741 /* TapperExercise */,
				BFFAABF91CD29E4C00FA1741 /* Products */,
			);
			sourceTree = "<group>";
		};
		BFFAABF91CD29E4C00FA1741 /* Products */ = {
			isa = PBXGroup;
			children = (
				BFFAABF81CD29E4C00FA1741 /* TapperExercise.app */,
			);
			name = Products;
			sourceTree = "<group>";
		};
		BFFAABFA1CD29E4C00FA1741 /* TapperExercise */ = {
			isa = PBXGroup;
			children = (
				BFFAABFE1CD29E4D00FA1741 /* AppDelegate.h */,
				BFFAABFF1CD29E4D00FA1741 /* AppDelegate.m */,
				BFFAAC011CD29E4D00FA1741 /* ViewController.h */,
				BFFAAC021CD29E4D00FA1741 /* ViewController.m */,
				BFFAAC041CD29E4D00FA1741 /* Main.storyboard */,
				BFFAAC071CD29E4D00FA1741 /* Assets.xcassets */,
				BFFAAC091CD29E4D00FA1741 /* LaunchScreen.storyboard */,
				BFFAAC0C1CD29E4D00FA1741 /* Info.plist */,
				BFFAABFB1CD29E4C00FA1741 /* Supporting Files */,
			);
			path = TapperExercise;
			sourceTree = "<group>";
		};
		BFFAABFB1CD29E4C00FA1741 /* Supporting Files */ = {
			isa = PBXGroup;
			children = (
				BFFAABFC1CD29E4C00FA1741 /* main.m */,
			);
			name = "Supporting Files";
			sourceTree = "<group>";
		};
/* End PBXGroup section */

/* Begin PBXNativeTarget section */
		BFFAABF71CD29E4C00FA1741 /* TapperExercise */ = {
			isa = PBXNativeTarget;
			buildConfigurationList = BFFAAC0F1CD29E4D00FA1741 /* Build configuration list for PBXNativeTarget "TapperExercise" */;
			buildPhases = (
				BFFAABF41CD29E4C00FA1741 /* Sources */,
				BFFAABF51CD29E4C00FA1741 /* Frameworks */,
				BFFAABF61CD29E4C00FA1741 /* Resources */,
			);
			buildRules = (
			);
			dependencies = (
			);
			name = TapperExercise;
			productName = TapperExercise;
			productReference = BFFAABF81CD29E4C00FA1741 /* TapperExercise.app */;
			productType = "com.apple.product-type.application";
		};
/* End PBXNativeTarget section */

/* Begin PBXProject section */
		BFFAABF01CD29E4C00FA1741 /* Project object */ = {
			isa = PBXProject;
			attributes = {
				LastUpgradeCheck = 0730;
				ORGANIZATIONNAME = "Allen Czerwinski";
				TargetAttributes = {
					BFFAABF71CD29E4C00FA1741 = {
						CreatedOnToolsVersion = 7.3;
					};
				};
			};
			buildConfigurationList = BFFAABF31CD29E4C00FA1741 /* Build configuration list for PBXProject "TapperExercise" */;
			compatibilityVersion = "Xcode 3.2";
			developmentRegion = English;
			hasScannedForEncodings = 0;
			knownRegions = (
				en,
				Base,
			);
			mainGroup = BFFAABEF1CD29E4C00FA1741;
			productRefGroup = BFFAABF91CD29E4C00FA1741 /* Products */;
			projectDirPath = "";
			projectRoot = "";
			targets = (
				BFFAABF71CD29E4C00FA1741 /* TapperExercise */,
			);
		};
/* End PBXProject section */

/* Begin PBXResourcesBuildPhase section */
		BFFAABF61CD29E4C00FA1741 /* Resources */ = {
			isa = PBXResourcesBuildPhase;
			buildActionMask = 2147483647;
			files = (
				BFFAAC0B1CD29E4D00FA1741 /* LaunchScreen.storyboard in Resources */,
				BFFAAC081CD29E4D00FA1741 /* Assets.xcassets in Resources */,
				BFFAAC061CD29E4D00FA1741 /* Main.storyboard in Resources */,
			);
			runOnlyForDeploymentPostprocessing = 0;
		};
/* End PBXResourcesBuildPhase section */

/* Begin PBXSourcesBuildPhase section */
		BFFAABF41CD29E4C00FA1741 /* Sources */ = {
			isa = PBXSourcesBuildPhase;
			buildActionMask = 2147483647;
			files = (
				BFFAAC031CD29E4D00FA1741 /* ViewController.m in Sources */,
				BFFAAC001CD29E4D00FA1741 /* AppDelegate.m in Sources */,
				BFFAABFD1CD29E4C00FA1741 /* main.m in Sources */,
			);
			runOnlyForDeploymentPostprocessing = 0;
		};
/* End PBXSourcesBuildPhase section */

/* Begin PBXVariantGroup section */
		BFFAAC041CD29E4D00FA1741 /* Main.storyboard */ = {
			isa = PBXVariantGroup;
			children = (
				BFFAAC051CD29E4D00FA1741 /* Base */,
			);
			name = Main.storyboard;
			sourceTree = "<group>";
		};
		BFFAAC091CD29E4D00FA1741 /* LaunchScreen.storyboard */ = {
			isa = PBXVariantGroup;
			children = (
				BFFAAC0A1CD29E4D00FA1741 /* Base */,
			);
			name = LaunchScreen.storyboard;
			sourceTree = "<group>";
		};
/* End PBXVariantGroup section */

/* Begin XCBuildConfiguration section */
		BFFAAC0D1CD29E4D00FA1741 /* Debug */ = {
			isa = XCBuildConfiguration;
			buildSettings = {
				ALWAYS_SEARCH_USER_PATHS = NO;
				CLANG_ANALYZER_NONNULL = YES;
				CLANG_CXX_LANGUAGE_STANDARD = "gnu++0x";
				CLANG_CXX_LIBRARY = "libc++";
				CLANG_ENABLE_MODULES = YES;
				CLANG_ENABLE_OBJC_ARC = YES;
				CLANG_WARN_BOOL_CONVERSION = YES;
				CLANG_WARN_CONSTANT_CONVERSION = YES;
				CLANG_WARN_DIRECT_OBJC_ISA_USAGE = YES_ERROR;
				CLANG_WARN_EMPTY_BODY = YES;
				CLANG_WARN_ENUM_CONVERSION = YES;
				CLANG_WARN_INT_CONVERSION = YES;
				CLANG_WARN_OBJC_ROOT_CLASS = YES_ERROR;
				CLANG_WARN_UNREACHABLE_CODE = YES;
				CLANG_WARN__DUPLICATE_METHOD_MATCH = YES;
				"CODE_SIGN_IDENTITY[sdk=iphoneos*]" = "iPhone Developer";
				COPY_PHASE_STRIP = NO;
				DEBUG_INFORMATION_FORMAT = dwarf;
				ENABLE_STRICT_OBJC_MSGSEND = YES;
				ENABLE_TESTABILITY = YES;
				GCC_C_LANGUAGE_STANDARD = gnu99;
				GCC_DYNAMIC_NO_PIC = NO;
				GCC_NO_COMMON_BLOCKS = YES;
				GCC_OPTIMIZATION_LEVEL = 0;
				GCC_PREPROCESSOR_DEFINITIONS = (
					"DEBUG=1",
					"$(inherited)",
				);
				GCC_WARN_64_TO_32_BIT_CONVERSION = YES;
				GCC_WARN_ABOUT_RETURN_TYPE = YES_ERROR;
				GCC_WARN_UNDECLARED_SELECTOR = YES;
				GCC_WARN_UNINITIALIZED_AUTOS = YES_AGGRESSIVE;
				GCC_WARN_UNUSED_FUNCTION = YES;
				GCC_WARN_UNUSED_VARIABLE = YES;
				IPHONEOS_DEPLOYMENT_TARGET = 9.3;
				MTL_ENABLE_DEBUG_INFO = YES;
				ONLY_ACTIVE_ARCH = YES;
				SDKROOT = iphoneos;
				TARGETED_DEVICE_FAMILY = "1,2";
			};
			name = Debug;
		};
		BFFAAC0E1CD29E4D00FA1741 /* Release */ = {
			isa = XCBuildConfiguration;
			buildSettings = {
				ALWAYS_SEARCH_USER_PATHS = NO;
				CLANG_ANALYZER_NONNULL = YES;
				CLANG_CXX_LANGUAGE_STANDARD = "gnu++0x";
				CLANG_CXX_LIBRARY = "libc++";
				CLANG_ENABLE_MODULES = YES;
				CLANG_ENABLE_OBJC_ARC = YES;
				CLANG_WARN_BOOL_CONVERSION = YES;
				CLANG_WARN_CONSTANT_CONVERSION = YES;
				CLANG_WARN_DIRECT_OBJC_ISA_USAGE = YES_ERROR;
				CLANG_WARN_EMPTY_BODY = YES;
				CLANG_WARN_ENUM_CONVERSION = YES;
				CLANG_WARN_INT_CONVERSION = YES;
				CLANG_WARN_OBJC_ROOT_CLASS = YES_ERROR;
				CLANG_WARN_UNREACHABLE_CODE = YES;
				CLANG_WARN__DUPLICATE_METHOD_MATCH = YES;
				"CODE_SIGN_IDENTITY[sdk=iphoneos*]" = "iPhone Developer";
				COPY_PHASE_STRIP = NO;
				DEBUG_INFORMATION_FORMAT = "dwarf-with-dsym";
				ENABLE_NS_ASSERTIONS = NO;
				ENABLE_STRICT_OBJC_MSGSEND = YES;
				GCC_C_LANGUAGE_STANDARD = gnu99;
				GCC_NO_COMMON_BLOCKS = YES;
				GCC_WARN_64_TO_32_BIT_CONVERSION = YES;
				GCC_WARN_ABOUT_RETURN_TYPE = YES_ERROR;
				GCC_WARN_UNDECLARED_SELECTOR = YES;
				GCC_WARN_UNINITIALIZED_AUTOS = YES_AGGRESSIVE;
				GCC_WARN_UNUSED_FUNCTION = YES;
				GCC_WARN_UNUSED_VARIABLE = YES;
				IPHONEOS_DEPLOYMENT_TARGET = 9.3;
				MTL_ENABLE_DEBUG_INFO = NO;
				SDKROOT = iphoneos;
				TARGETED_DEVICE_FAMILY = "1,2";
				VALIDATE_PRODUCT = YES;
			};
			name = Release;
		};
		BFFAAC101CD29E4D00FA1741 /* Debug */ = {
			isa = XCBuildConfiguration;
			buildSettings = {
				ASSETCATALOG_COMPILER_APPICON_NAME = AppIcon;
				INFOPLIST_FILE = TapperExercise/Info.plist;
				LD_RUNPATH_SEARCH_PATHS = "$(inherited) @executable_path/Frameworks";
				PRODUCT_BUNDLE_IDENTIFIER = com.gmail.allen.czerwinski.TapperExercise;
				PRODUCT_NAME = "$(TARGET_NAME)";
			};
			name = Debug;
		};
		BFFAAC111CD29E4D00FA1741 /* Release */ = {
			isa = XCBuildConfiguration;
			buildSettings = {
				ASSETCATALOG_COMPILER_APPICON_NAME = AppIcon;
				INFOPLIST_FILE = TapperExercise/Info.plist;
				LD_RUNPATH_SEARCH_PATHS = "$(inherited) @executable_path/Frameworks";
				PRODUCT_BUNDLE_IDENTIFIER = com.gmail.allen.czerwinski.TapperExercise;
				PRODUCT_NAME = "$(TARGET_NAME)";
			};
			name = Release;
		};
/* End XCBuildConfiguration section */

/* Begin XCConfigurationList section */
		BFFAABF31CD29E4C00FA1741 /* Build configuration list for PBXProject "TapperExercise" */ = {
			isa = XCConfigurationList;
			buildConfigurations = (
				BFFAAC0D1CD29E4D00FA1741 /* Debug */,
				BFFAAC0E1CD29E4D00FA1741 /* Release */,
			);
			defaultConfigurationIsVisible = 0;
			defaultConfigurationName = Release;
		};
		BFFAAC0F1CD29E4D00FA1741 /* Build configuration list for PBXNativeTarget "TapperExercise" */ = {
			isa = XCConfigurationList;
			buildConfigurations = (
				BFFAAC101CD29E4D00FA1741 /* Debug */,
				BFFAAC111CD29E4D00FA1741 /* Release */,
			);
			defaultConfigurationIsVisible = 0;
		};
/* End XCConfigurationList section */
	};
	rootObject = BFFAABF01CD29E4C00FA1741 /* Project object */;
}
