// !$*UTF8*$!
{
	archiveVersion = 1;
	classes = {
	};
	objectVersion = 46;
	objects = {

/* Begin PBXBuildFile section */
		BFFAAB281CCF413F00FA1741 /* main.m in Sources */ = {isa = PBXBuildFile; fileRef = BFFAAB271CCF413F00FA1741 /* main.m */; };
		BFFAAB2B1CCF413F00FA1741 /* AppDelegate.m in Sources */ = {isa = PBXBuildFile; fileRef = BFFAAB2A1CCF413F00FA1741 /* AppDelegate.m */; };
		BFFAAB2E1CCF413F00FA1741 /* ViewController.m in Sources */ = {isa = PBXBuildFile; fileRef = BFFAAB2D1CCF413F00FA1741 /* ViewController.m */; };
		BFFAAB311CCF413F00FA1741 /* Main.storyboard in Resources */ = {isa = PBXBuildFile; fileRef = BFFAAB2F1CCF413F00FA1741 /* Main.storyboard */; };
		BFFAAB331CCF413F00FA1741 /* Assets.xcassets in Resources */ = {isa = PBXBuildFile; fileRef = BFFAAB321CCF413F00FA1741 /* Assets.xcassets */; };
		BFFAAB361CCF413F00FA1741 /* LaunchScreen.storyboard in Resources */ = {isa = PBXBuildFile; fileRef = BFFAAB341CCF413F00FA1741 /* LaunchScreen.storyboard */; };
/* End PBXBuildFile section */

/* Begin PBXFileReference section */
		BFFAAB231CCF413F00FA1741 /* ClassAnatomy.app */ = {isa = PBXFileReference; explicitFileType = wrapper.application; includeInIndex = 0; path = ClassAnatomy.app; sourceTree = BUILT_PRODUCTS_DIR; };
		BFFAAB271CCF413F00FA1741 /* main.m */ = {isa = PBXFileReference; lastKnownFileType = sourcecode.c.objc; path = main.m; sourceTree = "<group>"; };
		BFFAAB291CCF413F00FA1741 /* AppDelegate.h */ = {isa = PBXFileReference; lastKnownFileType = sourcecode.c.h; path = AppDelegate.h; sourceTree = "<group>"; };
		BFFAAB2A1CCF413F00FA1741 /* AppDelegate.m */ = {isa = PBXFileReference; lastKnownFileType = sourcecode.c.objc; path = AppDelegate.m; sourceTree = "<group>"; };
		BFFAAB2C1CCF413F00FA1741 /* ViewController.h */ = {isa = PBXFileReference; lastKnownFileType = sourcecode.c.h; path = ViewController.h; sourceTree = "<group>"; };
		BFFAAB2D1CCF413F00FA1741 /* ViewController.m */ = {isa = PBXFileReference; lastKnownFileType = sourcecode.c.objc; path = ViewController.m; sourceTree = "<group>"; };
		BFFAAB301CCF413F00FA1741 /* Base */ = {isa = PBXFileReference; lastKnownFileType = file.storyboard; name = Base; path = Base.lproj/Main.storyboard; sourceTree = "<group>"; };
		BFFAAB321CCF413F00FA1741 /* Assets.xcassets */ = {isa = PBXFileReference; lastKnownFileType = folder.assetcatalog; path = Assets.xcassets; sourceTree = "<group>"; };
		BFFAAB351CCF413F00FA1741 /* Base */ = {isa = PBXFileReference; lastKnownFileType = file.storyboard; name = Base; path = Base.lproj/LaunchScreen.storyboard; sourceTree = "<group>"; };
		BFFAAB371CCF413F00FA1741 /* Info.plist */ = {isa = PBXFileReference; lastKnownFileType = text.plist.xml; path = Info.plist; sourceTree = "<group>"; };
/* End PBXFileReference section */

/* Begin PBXFrameworksBuildPhase section */
		BFFAAB201CCF413F00FA1741 /* Frameworks */ = {
			isa = PBXFrameworksBuildPhase;
			buildActionMask = 2147483647;
			files = (
			);
			runOnlyForDeploymentPostprocessing = 0;
		};
/* End PBXFrameworksBuildPhase section */

/* Begin PBXGroup section */
		BFFAAB1A1CCF413F00FA1741 = {
			isa = PBXGroup;
			children = (
				BFFAAB251CCF413F00FA1741 /* ClassAnatomy */,
				BFFAAB241CCF413F00FA1741 /* Products */,
			);
			sourceTree = "<group>";
		};
		BFFAAB241CCF413F00FA1741 /* Products */ = {
			isa = PBXGroup;
			children = (
				BFFAAB231CCF413F00FA1741 /* ClassAnatomy.app */,
			);
			name = Products;
			sourceTree = "<group>";
		};
		BFFAAB251CCF413F00FA1741 /* ClassAnatomy */ = {
			isa = PBXGroup;
			children = (
				BFFAAB291CCF413F00FA1741 /* AppDelegate.h */,
				BFFAAB2A1CCF413F00FA1741 /* AppDelegate.m */,
				BFFAAB2C1CCF413F00FA1741 /* ViewController.h */,
				BFFAAB2D1CCF413F00FA1741 /* ViewController.m */,
				BFFAAB2F1CCF413F00FA1741 /* Main.storyboard */,
				BFFAAB321CCF413F00FA1741 /* Assets.xcassets */,
				BFFAAB341CCF413F00FA1741 /* LaunchScreen.storyboard */,
				BFFAAB371CCF413F00FA1741 /* Info.plist */,
				BFFAAB261CCF413F00FA1741 /* Supporting Files */,
			);
			path = ClassAnatomy;
			sourceTree = "<group>";
		};
		BFFAAB261CCF413F00FA1741 /* Supporting Files */ = {
			isa = PBXGroup;
			children = (
				BFFAAB271CCF413F00FA1741 /* main.m */,
			);
			name = "Supporting Files";
			sourceTree = "<group>";
		};
/* End PBXGroup section */

/* Begin PBXNativeTarget section */
		BFFAAB221CCF413F00FA1741 /* ClassAnatomy */ = {
			isa = PBXNativeTarget;
			buildConfigurationList = BFFAAB3A1CCF413F00FA1741 /* Build configuration list for PBXNativeTarget "ClassAnatomy" */;
			buildPhases = (
				BFFAAB1F1CCF413F00FA1741 /* Sources */,
				BFFAAB201CCF413F00FA1741 /* Frameworks */,
				BFFAAB211CCF413F00FA1741 /* Resources */,
			);
			buildRules = (
			);
			dependencies = (
			);
			name = ClassAnatomy;
			productName = ClassAnatomy;
			productReference = BFFAAB231CCF413F00FA1741 /* ClassAnatomy.app */;
			productType = "com.apple.product-type.application";
		};
/* End PBXNativeTarget section */

/* Begin PBXProject section */
		BFFAAB1B1CCF413F00FA1741 /* Project object */ = {
			isa = PBXProject;
			attributes = {
				LastUpgradeCheck = 0730;
				ORGANIZATIONNAME = "Allen Czerwinski";
				TargetAttributes = {
					BFFAAB221CCF413F00FA1741 = {
						CreatedOnToolsVersion = 7.3;
					};
				};
			};
			buildConfigurationList = BFFAAB1E1CCF413F00FA1741 /* Build configuration list for PBXProject "ClassAnatomy" */;
			compatibilityVersion = "Xcode 3.2";
			developmentRegion = English;
			hasScannedForEncodings = 0;
			knownRegions = (
				en,
				Base,
			);
			mainGroup = BFFAAB1A1CCF413F00FA1741;
			productRefGroup = BFFAAB241CCF413F00FA1741 /* Products */;
			projectDirPath = "";
			projectRoot = "";
			targets = (
				BFFAAB221CCF413F00FA1741 /* ClassAnatomy */,
			);
		};
/* End PBXProject section */

/* Begin PBXResourcesBuildPhase section */
		BFFAAB211CCF413F00FA1741 /* Resources */ = {
			isa = PBXResourcesBuildPhase;
			buildActionMask = 2147483647;
			files = (
				BFFAAB361CCF413F00FA1741 /* LaunchScreen.storyboard in Resources */,
				BFFAAB331CCF413F00FA1741 /* Assets.xcassets in Resources */,
				BFFAAB311CCF413F00FA1741 /* Main.storyboard in Resources */,
			);
			runOnlyForDeploymentPostprocessing = 0;
		};
/* End PBXResourcesBuildPhase section */

/* Begin PBXSourcesBuildPhase section */
		BFFAAB1F1CCF413F00FA1741 /* Sources */ = {
			isa = PBXSourcesBuildPhase;
			buildActionMask = 2147483647;
			files = (
				BFFAAB2E1CCF413F00FA1741 /* ViewController.m in Sources */,
				BFFAAB2B1CCF413F00FA1741 /* AppDelegate.m in Sources */,
				BFFAAB281CCF413F00FA1741 /* main.m in Sources */,
			);
			runOnlyForDeploymentPostprocessing = 0;
		};
/* End PBXSourcesBuildPhase section */

/* Begin PBXVariantGroup section */
		BFFAAB2F1CCF413F00FA1741 /* Main.storyboard */ = {
			isa = PBXVariantGroup;
			children = (
				BFFAAB301CCF413F00FA1741 /* Base */,
			);
			name = Main.storyboard;
			sourceTree = "<group>";
		};
		BFFAAB341CCF413F00FA1741 /* LaunchScreen.storyboard */ = {
			isa = PBXVariantGroup;
			children = (
				BFFAAB351CCF413F00FA1741 /* Base */,
			);
			name = LaunchScreen.storyboard;
			sourceTree = "<group>";
		};
/* End PBXVariantGroup section */

/* Begin XCBuildConfiguration section */
		BFFAAB381CCF413F00FA1741 /* Debug */ = {
			isa = XCBuildConfiguration;
			buildSettings = {
				ALWAYS_SEARCH_USER_PATHS = NO;
				CLANG_ANALYZER_NONNULL = YES;
				CLANG_CXX_LANGUAGE_STANDARD = "gnu++0x";
				CLANG_CXX_LIBRARY = "libc++";
				CLANG_ENABLE_MODULES = YES;
				CLANG_ENABLE_OBJC_ARC = YES;
				CLANG_WARN_BOOL_CONVERSION = YES;
				CLANG_WARN_CONSTANT_CONVERSION = YES;
				CLANG_WARN_DIRECT_OBJC_ISA_USAGE = YES_ERROR;
				CLANG_WARN_EMPTY_BODY = YES;
				CLANG_WARN_ENUM_CONVERSION = YES;
				CLANG_WARN_INT_CONVERSION = YES;
				CLANG_WARN_OBJC_ROOT_CLASS = YES_ERROR;
				CLANG_WARN_UNREACHABLE_CODE = YES;
				CLANG_WARN__DUPLICATE_METHOD_MATCH = YES;
				"CODE_SIGN_IDENTITY[sdk=iphoneos*]" = "iPhone Developer";
				COPY_PHASE_STRIP = NO;
				DEBUG_INFORMATION_FORMAT = dwarf;
				ENABLE_STRICT_OBJC_MSGSEND = YES;
				ENABLE_TESTABILITY = YES;
				GCC_C_LANGUAGE_STANDARD = gnu99;
				GCC_DYNAMIC_NO_PIC = NO;
				GCC_NO_COMMON_BLOCKS = YES;
				GCC_OPTIMIZATION_LEVEL = 0;
				GCC_PREPROCESSOR_DEFINITIONS = (
					"DEBUG=1",
					"$(inherited)",
				);
				GCC_WARN_64_TO_32_BIT_CONVERSION = YES;
				GCC_WARN_ABOUT_RETURN_TYPE = YES_ERROR;
				GCC_WARN_UNDECLARED_SELECTOR = YES;
				GCC_WARN_UNINITIALIZED_AUTOS = YES_AGGRESSIVE;
				GCC_WARN_UNUSED_FUNCTION = YES;
				GCC_WARN_UNUSED_VARIABLE = YES;
				IPHONEOS_DEPLOYMENT_TARGET = 9.3;
				MTL_ENABLE_DEBUG_INFO = YES;
				ONLY_ACTIVE_ARCH = YES;
				SDKROOT = iphoneos;
				TARGETED_DEVICE_FAMILY = "1,2";
			};
			name = Debug;
		};
		BFFAAB391CCF413F00FA1741 /* Release */ = {
			isa = XCBuildConfiguration;
			buildSettings = {
				ALWAYS_SEARCH_USER_PATHS = NO;
				CLANG_ANALYZER_NONNULL = YES;
				CLANG_CXX_LANGUAGE_STANDARD = "gnu++0x";
				CLANG_CXX_LIBRARY = "libc++";
				CLANG_ENABLE_MODULES = YES;
				CLANG_ENABLE_OBJC_ARC = YES;
				CLANG_WARN_BOOL_CONVERSION = YES;
				CLANG_WARN_CONSTANT_CONVERSION = YES;
				CLANG_WARN_DIRECT_OBJC_ISA_USAGE = YES_ERROR;
				CLANG_WARN_EMPTY_BODY = YES;
				CLANG_WARN_ENUM_CONVERSION = YES;
				CLANG_WARN_INT_CONVERSION = YES;
				CLANG_WARN_OBJC_ROOT_CLASS = YES_ERROR;
				CLANG_WARN_UNREACHABLE_CODE = YES;
				CLANG_WARN__DUPLICATE_METHOD_MATCH = YES;
				"CODE_SIGN_IDENTITY[sdk=iphoneos*]" = "iPhone Developer";
				COPY_PHASE_STRIP = NO;
				DEBUG_INFORMATION_FORMAT = "dwarf-with-dsym";
				ENABLE_NS_ASSERTIONS = NO;
				ENABLE_STRICT_OBJC_MSGSEND = YES;
				GCC_C_LANGUAGE_STANDARD = gnu99;
				GCC_NO_COMMON_BLOCKS = YES;
				GCC_WARN_64_TO_32_BIT_CONVERSION = YES;
				GCC_WARN_ABOUT_RETURN_TYPE = YES_ERROR;
				GCC_WARN_UNDECLARED_SELECTOR = YES;
				GCC_WARN_UNINITIALIZED_AUTOS = YES_AGGRESSIVE;
				GCC_WARN_UNUSED_FUNCTION = YES;
				GCC_WARN_UNUSED_VARIABLE = YES;
				IPHONEOS_DEPLOYMENT_TARGET = 9.3;
				MTL_ENABLE_DEBUG_INFO = NO;
				SDKROOT = iphoneos;
				TARGETED_DEVICE_FAMILY = "1,2";
				VALIDATE_PRODUCT = YES;
			};
			name = Release;
		};
		BFFAAB3B1CCF413F00FA1741 /* Debug */ = {
			isa = XCBuildConfiguration;
			buildSettings = {
				ASSETCATALOG_COMPILER_APPICON_NAME = AppIcon;
				INFOPLIST_FILE = ClassAnatomy/Info.plist;
				LD_RUNPATH_SEARCH_PATHS = "$(inherited) @executable_path/Frameworks";
				PRODUCT_BUNDLE_IDENTIFIER = com.gmail.allen.czerwinski.ClassAnatomy;
				PRODUCT_NAME = "$(TARGET_NAME)";
			};
			name = Debug;
		};
		BFFAAB3C1CCF413F00FA1741 /* Release */ = {
			isa = XCBuildConfiguration;
			buildSettings = {
				ASSETCATALOG_COMPILER_APPICON_NAME = AppIcon;
				INFOPLIST_FILE = ClassAnatomy/Info.plist;
				LD_RUNPATH_SEARCH_PATHS = "$(inherited) @executable_path/Frameworks";
				PRODUCT_BUNDLE_IDENTIFIER = com.gmail.allen.czerwinski.ClassAnatomy;
				PRODUCT_NAME = "$(TARGET_NAME)";
			};
			name = Release;
		};
/* End XCBuildConfiguration section */

/* Begin XCConfigurationList section */
		BFFAAB1E1CCF413F00FA1741 /* Build configuration list for PBXProject "ClassAnatomy" */ = {
			isa = XCConfigurationList;
			buildConfigurations = (
				BFFAAB381CCF413F00FA1741 /* Debug */,
				BFFAAB391CCF413F00FA1741 /* Release */,
			);
			defaultConfigurationIsVisible = 0;
			defaultConfigurationName = Release;
		};
		BFFAAB3A1CCF413F00FA1741 /* Build configuration list for PBXNativeTarget "ClassAnatomy" */ = {
			isa = XCConfigurationList;
			buildConfigurations = (
				BFFAAB3B1CCF413F00FA1741 /* Debug */,
				BFFAAB3C1CCF413F00FA1741 /* Release */,
			);
			defaultConfigurationIsVisible = 0;
		};
/* End XCConfigurationList section */
	};
	rootObject = BFFAAB1B1CCF413F00FA1741 /* Project object */;
}
