// !$*UTF8*$!
{
	archiveVersion = 1;
	classes = {
	};
	objectVersion = 46;
	objects = {

/* Begin PBXBuildFile section */
		BF14F9621C6BB71800A175AF /* AppDelegate.swift in Sources */ = {isa = PBXBuildFile; fileRef = BF14F9611C6BB71800A175AF /* AppDelegate.swift */; };
		BF14F9641C6BB71800A175AF /* ViewController.swift in Sources */ = {isa = PBXBuildFile; fileRef = BF14F9631C6BB71800A175AF /* ViewController.swift */; };
		BF14F9671C6BB71800A175AF /* Main.storyboard in Resources */ = {isa = PBXBuildFile; fileRef = BF14F9651C6BB71800A175AF /* Main.storyboard */; };
		BF14F9691C6BB71800A175AF /* Assets.xcassets in Resources */ = {isa = PBXBuildFile; fileRef = BF14F9681C6BB71800A175AF /* Assets.xcassets */; };
		BF14F96C1C6BB71800A175AF /* LaunchScreen.storyboard in Resources */ = {isa = PBXBuildFile; fileRef = BF14F96A1C6BB71800A175AF /* LaunchScreen.storyboard */; };
		BF14F9741C6BEC4A00A175AF /* Character.swift in Sources */ = {isa = PBXBuildFile; fileRef = BF14F9731C6BEC4A00A175AF /* Character.swift */; };
		BF14F9761C6BF1D300A175AF /* Player.swift in Sources */ = {isa = PBXBuildFile; fileRef = BF14F9751C6BF1D300A175AF /* Player.swift */; };
		BF14F97A1C6C173C00A175AF /* music.mp3 in Resources */ = {isa = PBXBuildFile; fileRef = BF14F9791C6C173C00A175AF /* music.mp3 */; };
		BF14F97C1C6C1A1C00A175AF /* sword.wav in Resources */ = {isa = PBXBuildFile; fileRef = BF14F97B1C6C1A1C00A175AF /* sword.wav */; };
		BF14F97E1C6C1BDD00A175AF /* death.wav in Resources */ = {isa = PBXBuildFile; fileRef = BF14F97D1C6C1BDD00A175AF /* death.wav */; };
/* End PBXBuildFile section */

/* Begin PBXFileReference section */
		BF14F95E1C6BB71800A175AF /* RPG OOP Game Assignment.app */ = {isa = PBXFileReference; explicitFileType = wrapper.application; includeInIndex = 0; path = "RPG OOP Game Assignment.app"; sourceTree = BUILT_PRODUCTS_DIR; };
		BF14F9611C6BB71800A175AF /* AppDelegate.swift */ = {isa = PBXFileReference; lastKnownFileType = sourcecode.swift; path = AppDelegate.swift; sourceTree = "<group>"; };
		BF14F9631C6BB71800A175AF /* ViewController.swift */ = {isa = PBXFileReference; lastKnownFileType = sourcecode.swift; path = ViewController.swift; sourceTree = "<group>"; };
		BF14F9661C6BB71800A175AF /* Base */ = {isa = PBXFileReference; lastKnownFileType = file.storyboard; name = Base; path = Base.lproj/Main.storyboard; sourceTree = "<group>"; };
		BF14F9681C6BB71800A175AF /* Assets.xcassets */ = {isa = PBXFileReference; lastKnownFileType = folder.assetcatalog; path = Assets.xcassets; sourceTree = "<group>"; };
		BF14F96B1C6BB71800A175AF /* Base */ = {isa = PBXFileReference; lastKnownFileType = file.storyboard; name = Base; path = Base.lproj/LaunchScreen.storyboard; sourceTree = "<group>"; };
		BF14F96D1C6BB71800A175AF /* Info.plist */ = {isa = PBXFileReference; lastKnownFileType = text.plist.xml; path = Info.plist; sourceTree = "<group>"; };
		BF14F9731C6BEC4A00A175AF /* Character.swift */ = {isa = PBXFileReference; fileEncoding = 4; lastKnownFileType = sourcecode.swift; path = Character.swift; sourceTree = "<group>"; };
		BF14F9751C6BF1D300A175AF /* Player.swift */ = {isa = PBXFileReference; fileEncoding = 4; lastKnownFileType = sourcecode.swift; path = Player.swift; sourceTree = "<group>"; };
		BF14F9791C6C173C00A175AF /* music.mp3 */ = {isa = PBXFileReference; lastKnownFileType = audio.mp3; path = music.mp3; sourceTree = "<group>"; };
		BF14F97B1C6C1A1C00A175AF /* sword.wav */ = {isa = PBXFileReference; lastKnownFileType = audio.wav; path = sword.wav; sourceTree = "<group>"; };
		BF14F97D1C6C1BDD00A175AF /* death.wav */ = {isa = PBXFileReference; lastKnownFileType = audio.wav; path = death.wav; sourceTree = "<group>"; };
/* End PBXFileReference section */

/* Begin PBXFrameworksBuildPhase section */
		BF14F95B1C6BB71800A175AF /* Frameworks */ = {
			isa = PBXFrameworksBuildPhase;
			buildActionMask = 2147483647;
			files = (
			);
			runOnlyForDeploymentPostprocessing = 0;
		};
/* End PBXFrameworksBuildPhase section */

/* Begin PBXGroup section */
		BF14F9551C6BB71800A175AF = {
			isa = PBXGroup;
			children = (
				BF14F9601C6BB71800A175AF /* RPG OOP Game Assignment */,
				BF14F95F1C6BB71800A175AF /* Products */,
			);
			sourceTree = "<group>";
		};
		BF14F95F1C6BB71800A175AF /* Products */ = {
			isa = PBXGroup;
			children = (
				BF14F95E1C6BB71800A175AF /* RPG OOP Game Assignment.app */,
			);
			name = Products;
			sourceTree = "<group>";
		};
		BF14F9601C6BB71800A175AF /* RPG OOP Game Assignment */ = {
			isa = PBXGroup;
			children = (
				BF14F9611C6BB71800A175AF /* AppDelegate.swift */,
				BF14F9791C6C173C00A175AF /* music.mp3 */,
				BF14F97B1C6C1A1C00A175AF /* sword.wav */,
				BF14F97D1C6C1BDD00A175AF /* death.wav */,
				BF14F9631C6BB71800A175AF /* ViewController.swift */,
				BF14F9651C6BB71800A175AF /* Main.storyboard */,
				BF14F9681C6BB71800A175AF /* Assets.xcassets */,
				BF14F96A1C6BB71800A175AF /* LaunchScreen.storyboard */,
				BF14F96D1C6BB71800A175AF /* Info.plist */,
				BF14F9731C6BEC4A00A175AF /* Character.swift */,
				BF14F9751C6BF1D300A175AF /* Player.swift */,
			);
			path = "RPG OOP Game Assignment";
			sourceTree = "<group>";
		};
/* End PBXGroup section */

/* Begin PBXNativeTarget section */
		BF14F95D1C6BB71800A175AF /* RPG OOP Game Assignment */ = {
			isa = PBXNativeTarget;
			buildConfigurationList = BF14F9701C6BB71800A175AF /* Build configuration list for PBXNativeTarget "RPG OOP Game Assignment" */;
			buildPhases = (
				BF14F95A1C6BB71800A175AF /* Sources */,
				BF14F95B1C6BB71800A175AF /* Frameworks */,
				BF14F95C1C6BB71800A175AF /* Resources */,
			);
			buildRules = (
			);
			dependencies = (
			);
			name = "RPG OOP Game Assignment";
			productName = "RPG OOP Game Assignment";
			productReference = BF14F95E1C6BB71800A175AF /* RPG OOP Game Assignment.app */;
			productType = "com.apple.product-type.application";
		};
/* End PBXNativeTarget section */

/* Begin PBXProject section */
		BF14F9561C6BB71800A175AF /* Project object */ = {
			isa = PBXProject;
			attributes = {
				LastSwiftUpdateCheck = 0720;
				LastUpgradeCheck = 0720;
				ORGANIZATIONNAME = "Allen Czerwinski";
				TargetAttributes = {
					BF14F95D1C6BB71800A175AF = {
						CreatedOnToolsVersion = 7.2;
					};
				};
			};
			buildConfigurationList = BF14F9591C6BB71800A175AF /* Build configuration list for PBXProject "RPG OOP Game Assignment" */;
			compatibilityVersion = "Xcode 3.2";
			developmentRegion = English;
			hasScannedForEncodings = 0;
			knownRegions = (
				en,
				Base,
			);
			mainGroup = BF14F9551C6BB71800A175AF;
			productRefGroup = BF14F95F1C6BB71800A175AF /* Products */;
			projectDirPath = "";
			projectRoot = "";
			targets = (
				BF14F95D1C6BB71800A175AF /* RPG OOP Game Assignment */,
			);
		};
/* End PBXProject section */

/* Begin PBXResourcesBuildPhase section */
		BF14F95C1C6BB71800A175AF /* Resources */ = {
			isa = PBXResourcesBuildPhase;
			buildActionMask = 2147483647;
			files = (
				BF14F97C1C6C1A1C00A175AF /* sword.wav in Resources */,
				BF14F97E1C6C1BDD00A175AF /* death.wav in Resources */,
				BF14F97A1C6C173C00A175AF /* music.mp3 in Resources */,
				BF14F96C1C6BB71800A175AF /* LaunchScreen.storyboard in Resources */,
				BF14F9691C6BB71800A175AF /* Assets.xcassets in Resources */,
				BF14F9671C6BB71800A175AF /* Main.storyboard in Resources */,
			);
			runOnlyForDeploymentPostprocessing = 0;
		};
/* End PBXResourcesBuildPhase section */

/* Begin PBXSourcesBuildPhase section */
		BF14F95A1C6BB71800A175AF /* Sources */ = {
			isa = PBXSourcesBuildPhase;
			buildActionMask = 2147483647;
			files = (
				BF14F9761C6BF1D300A175AF /* Player.swift in Sources */,
				BF14F9741C6BEC4A00A175AF /* Character.swift in Sources */,
				BF14F9641C6BB71800A175AF /* ViewController.swift in Sources */,
				BF14F9621C6BB71800A175AF /* AppDelegate.swift in Sources */,
			);
			runOnlyForDeploymentPostprocessing = 0;
		};
/* End PBXSourcesBuildPhase section */

/* Begin PBXVariantGroup section */
		BF14F9651C6BB71800A175AF /* Main.storyboard */ = {
			isa = PBXVariantGroup;
			children = (
				BF14F9661C6BB71800A175AF /* Base */,
			);
			name = Main.storyboard;
			sourceTree = "<group>";
		};
		BF14F96A1C6BB71800A175AF /* LaunchScreen.storyboard */ = {
			isa = PBXVariantGroup;
			children = (
				BF14F96B1C6BB71800A175AF /* Base */,
			);
			name = LaunchScreen.storyboard;
			sourceTree = "<group>";
		};
/* End PBXVariantGroup section */

/* Begin XCBuildConfiguration section */
		BF14F96E1C6BB71800A175AF /* Debug */ = {
			isa = XCBuildConfiguration;
			buildSettings = {
				ALWAYS_SEARCH_USER_PATHS = NO;
				CLANG_CXX_LANGUAGE_STANDARD = "gnu++0x";
				CLANG_CXX_LIBRARY = "libc++";
				CLANG_ENABLE_MODULES = YES;
				CLANG_ENABLE_OBJC_ARC = YES;
				CLANG_WARN_BOOL_CONVERSION = YES;
				CLANG_WARN_CONSTANT_CONVERSION = YES;
				CLANG_WARN_DIRECT_OBJC_ISA_USAGE = YES_ERROR;
				CLANG_WARN_EMPTY_BODY = YES;
				CLANG_WARN_ENUM_CONVERSION = YES;
				CLANG_WARN_INT_CONVERSION = YES;
				CLANG_WARN_OBJC_ROOT_CLASS = YES_ERROR;
				CLANG_WARN_UNREACHABLE_CODE = YES;
				CLANG_WARN__DUPLICATE_METHOD_MATCH = YES;
				"CODE_SIGN_IDENTITY[sdk=iphoneos*]" = "iPhone Developer";
				COPY_PHASE_STRIP = NO;
				DEBUG_INFORMATION_FORMAT = dwarf;
				ENABLE_STRICT_OBJC_MSGSEND = YES;
				ENABLE_TESTABILITY = YES;
				GCC_C_LANGUAGE_STANDARD = gnu99;
				GCC_DYNAMIC_NO_PIC = NO;
				GCC_NO_COMMON_BLOCKS = YES;
				GCC_OPTIMIZATION_LEVEL = 0;
				GCC_PREPROCESSOR_DEFINITIONS = (
					"DEBUG=1",
					"$(inherited)",
				);
				GCC_WARN_64_TO_32_BIT_CONVERSION = YES;
				GCC_WARN_ABOUT_RETURN_TYPE = YES_ERROR;
				GCC_WARN_UNDECLARED_SELECTOR = YES;
				GCC_WARN_UNINITIALIZED_AUTOS = YES_AGGRESSIVE;
				GCC_WARN_UNUSED_FUNCTION = YES;
				GCC_WARN_UNUSED_VARIABLE = YES;
				IPHONEOS_DEPLOYMENT_TARGET = 9.2;
				MTL_ENABLE_DEBUG_INFO = YES;
				ONLY_ACTIVE_ARCH = YES;
				SDKROOT = iphoneos;
				SWIFT_OPTIMIZATION_LEVEL = "-Onone";
			};
			name = Debug;
		};
		BF14F96F1C6BB71800A175AF /* Release */ = {
			isa = XCBuildConfiguration;
			buildSettings = {
				ALWAYS_SEARCH_USER_PATHS = NO;
				CLANG_CXX_LANGUAGE_STANDARD = "gnu++0x";
				CLANG_CXX_LIBRARY = "libc++";
				CLANG_ENABLE_MODULES = YES;
				CLANG_ENABLE_OBJC_ARC = YES;
				CLANG_WARN_BOOL_CONVERSION = YES;
				CLANG_WARN_CONSTANT_CONVERSION = YES;
				CLANG_WARN_DIRECT_OBJC_ISA_USAGE = YES_ERROR;
				CLANG_WARN_EMPTY_BODY = YES;
				CLANG_WARN_ENUM_CONVERSION = YES;
				CLANG_WARN_INT_CONVERSION = YES;
				CLANG_WARN_OBJC_ROOT_CLASS = YES_ERROR;
				CLANG_WARN_UNREACHABLE_CODE = YES;
				CLANG_WARN__DUPLICATE_METHOD_MATCH = YES;
				"CODE_SIGN_IDENTITY[sdk=iphoneos*]" = "iPhone Developer";
				COPY_PHASE_STRIP = NO;
				DEBUG_INFORMATION_FORMAT = "dwarf-with-dsym";
				ENABLE_NS_ASSERTIONS = NO;
				ENABLE_STRICT_OBJC_MSGSEND = YES;
				GCC_C_LANGUAGE_STANDARD = gnu99;
				GCC_NO_COMMON_BLOCKS = YES;
				GCC_WARN_64_TO_32_BIT_CONVERSION = YES;
				GCC_WARN_ABOUT_RETURN_TYPE = YES_ERROR;
				GCC_WARN_UNDECLARED_SELECTOR = YES;
				GCC_WARN_UNINITIALIZED_AUTOS = YES_AGGRESSIVE;
				GCC_WARN_UNUSED_FUNCTION = YES;
				GCC_WARN_UNUSED_VARIABLE = YES;
				IPHONEOS_DEPLOYMENT_TARGET = 9.2;
				MTL_ENABLE_DEBUG_INFO = NO;
				SDKROOT = iphoneos;
				VALIDATE_PRODUCT = YES;
			};
			name = Release;
		};
		BF14F9711C6BB71800A175AF /* Debug */ = {
			isa = XCBuildConfiguration;
			buildSettings = {
				ASSETCATALOG_COMPILER_APPICON_NAME = AppIcon;
				INFOPLIST_FILE = "RPG OOP Game Assignment/Info.plist";
				LD_RUNPATH_SEARCH_PATHS = "$(inherited) @executable_path/Frameworks";
				PRODUCT_BUNDLE_IDENTIFIER = "com.gmail.allen.czerwinski.RPG-OOP-Game-Assignment";
				PRODUCT_NAME = "$(TARGET_NAME)";
			};
			name = Debug;
		};
		BF14F9721C6BB71800A175AF /* Release */ = {
			isa = XCBuildConfiguration;
			buildSettings = {
				ASSETCATALOG_COMPILER_APPICON_NAME = AppIcon;
				INFOPLIST_FILE = "RPG OOP Game Assignment/Info.plist";
				LD_RUNPATH_SEARCH_PATHS = "$(inherited) @executable_path/Frameworks";
				PRODUCT_BUNDLE_IDENTIFIER = "com.gmail.allen.czerwinski.RPG-OOP-Game-Assignment";
				PRODUCT_NAME = "$(TARGET_NAME)";
			};
			name = Release;
		};
/* End XCBuildConfiguration section */

/* Begin XCConfigurationList section */
		BF14F9591C6BB71800A175AF /* Build configuration list for PBXProject "RPG OOP Game Assignment" */ = {
			isa = XCConfigurationList;
			buildConfigurations = (
				BF14F96E1C6BB71800A175AF /* Debug */,
				BF14F96F1C6BB71800A175AF /* Release */,
			);
			defaultConfigurationIsVisible = 0;
			defaultConfigurationName = Release;
		};
		BF14F9701C6BB71800A175AF /* Build configuration list for PBXNativeTarget "RPG OOP Game Assignment" */ = {
			isa = XCConfigurationList;
			buildConfigurations = (
				BF14F9711C6BB71800A175AF /* Debug */,
				BF14F9721C6BB71800A175AF /* Release */,
			);
			defaultConfigurationIsVisible = 0;
		};
/* End XCConfigurationList section */
	};
	rootObject = BF14F9561C6BB71800A175AF /* Project object */;
}
