// !$*UTF8*$!
{
	archiveVersion = 1;
	classes = {
	};
	objectVersion = 46;
	objects = {

/* Begin PBXBuildFile section */
		BF1D7A9E1C71685C00C633D0 /* AppDelegate.swift in Sources */ = {isa = PBXBuildFile; fileRef = BF1D7A9D1C71685C00C633D0 /* AppDelegate.swift */; };
		BF1D7AA01C71685C00C633D0 /* YellowVC.swift in Sources */ = {isa = PBXBuildFile; fileRef = BF1D7A9F1C71685C00C633D0 /* YellowVC.swift */; };
		BF1D7AA51C71685C00C633D0 /* Assets.xcassets in Resources */ = {isa = PBXBuildFile; fileRef = BF1D7AA41C71685C00C633D0 /* Assets.xcassets */; };
		BF1D7AA81C71685C00C633D0 /* LaunchScreen.storyboard in Resources */ = {isa = PBXBuildFile; fileRef = BF1D7AA61C71685C00C633D0 /* LaunchScreen.storyboard */; };
		BF1D7AB31C71707F00C633D0 /* YellowVC.xib in Resources */ = {isa = PBXBuildFile; fileRef = BF1D7AB21C71707F00C633D0 /* YellowVC.xib */; };
		BF1D7AB61C7174AB00C633D0 /* BlueVC.swift in Sources */ = {isa = PBXBuildFile; fileRef = BF1D7AB41C7174AB00C633D0 /* BlueVC.swift */; };
		BF1D7AB71C7174AB00C633D0 /* BlueVC.xib in Resources */ = {isa = PBXBuildFile; fileRef = BF1D7AB51C7174AB00C633D0 /* BlueVC.xib */; };
		BF1D7ABA1C717B8C00C633D0 /* RedVC.swift in Sources */ = {isa = PBXBuildFile; fileRef = BF1D7AB81C717B8C00C633D0 /* RedVC.swift */; };
		BF1D7ABB1C717B8C00C633D0 /* RedVC.xib in Resources */ = {isa = PBXBuildFile; fileRef = BF1D7AB91C717B8C00C633D0 /* RedVC.xib */; };
/* End PBXBuildFile section */

/* Begin PBXFileReference section */
		BF1D7A9A1C71685C00C633D0 /* No-Storyboard Assignment.app */ = {isa = PBXFileReference; explicitFileType = wrapper.application; includeInIndex = 0; path = "No-Storyboard Assignment.app"; sourceTree = BUILT_PRODUCTS_DIR; };
		BF1D7A9D1C71685C00C633D0 /* AppDelegate.swift */ = {isa = PBXFileReference; lastKnownFileType = sourcecode.swift; path = AppDelegate.swift; sourceTree = "<group>"; };
		BF1D7A9F1C71685C00C633D0 /* YellowVC.swift */ = {isa = PBXFileReference; lastKnownFileType = sourcecode.swift; path = YellowVC.swift; sourceTree = "<group>"; };
		BF1D7AA41C71685C00C633D0 /* Assets.xcassets */ = {isa = PBXFileReference; lastKnownFileType = folder.assetcatalog; path = Assets.xcassets; sourceTree = "<group>"; };
		BF1D7AA71C71685C00C633D0 /* Base */ = {isa = PBXFileReference; lastKnownFileType = file.storyboard; name = Base; path = Base.lproj/LaunchScreen.storyboard; sourceTree = "<group>"; };
		BF1D7AA91C71685C00C633D0 /* Info.plist */ = {isa = PBXFileReference; lastKnownFileType = text.plist.xml; path = Info.plist; sourceTree = "<group>"; };
		BF1D7AB21C71707F00C633D0 /* YellowVC.xib */ = {isa = PBXFileReference; fileEncoding = 4; lastKnownFileType = file.xib; path = YellowVC.xib; sourceTree = "<group>"; };
		BF1D7AB41C7174AB00C633D0 /* BlueVC.swift */ = {isa = PBXFileReference; fileEncoding = 4; lastKnownFileType = sourcecode.swift; path = BlueVC.swift; sourceTree = "<group>"; };
		BF1D7AB51C7174AB00C633D0 /* BlueVC.xib */ = {isa = PBXFileReference; fileEncoding = 4; lastKnownFileType = file.xib; path = BlueVC.xib; sourceTree = "<group>"; };
		BF1D7AB81C717B8C00C633D0 /* RedVC.swift */ = {isa = PBXFileReference; fileEncoding = 4; lastKnownFileType = sourcecode.swift; path = RedVC.swift; sourceTree = "<group>"; };
		BF1D7AB91C717B8C00C633D0 /* RedVC.xib */ = {isa = PBXFileReference; fileEncoding = 4; lastKnownFileType = file.xib; path = RedVC.xib; sourceTree = "<group>"; };
/* End PBXFileReference section */

/* Begin PBXFrameworksBuildPhase section */
		BF1D7A971C71685C00C633D0 /* Frameworks */ = {
			isa = PBXFrameworksBuildPhase;
			buildActionMask = 2147483647;
			files = (
			);
			runOnlyForDeploymentPostprocessing = 0;
		};
/* End PBXFrameworksBuildPhase section */

/* Begin PBXGroup section */
		BF1D7A911C71685C00C633D0 = {
			isa = PBXGroup;
			children = (
				BF1D7A9C1C71685C00C633D0 /* No-Storyboard Assignment */,
				BF1D7A9B1C71685C00C633D0 /* Products */,
			);
			sourceTree = "<group>";
		};
		BF1D7A9B1C71685C00C633D0 /* Products */ = {
			isa = PBXGroup;
			children = (
				BF1D7A9A1C71685C00C633D0 /* No-Storyboard Assignment.app */,
			);
			name = Products;
			sourceTree = "<group>";
		};
		BF1D7A9C1C71685C00C633D0 /* No-Storyboard Assignment */ = {
			isa = PBXGroup;
			children = (
				BF1D7AB11C71695700C633D0 /* Controller */,
				BF1D7AB01C71695000C633D0 /* View */,
				BF1D7AAF1C71693C00C633D0 /* Model */,
				BF1D7A9D1C71685C00C633D0 /* AppDelegate.swift */,
				BF1D7AA41C71685C00C633D0 /* Assets.xcassets */,
				BF1D7AA61C71685C00C633D0 /* LaunchScreen.storyboard */,
				BF1D7AA91C71685C00C633D0 /* Info.plist */,
			);
			path = "No-Storyboard Assignment";
			sourceTree = "<group>";
		};
		BF1D7AAF1C71693C00C633D0 /* Model */ = {
			isa = PBXGroup;
			children = (
			);
			name = Model;
			sourceTree = "<group>";
		};
		BF1D7AB01C71695000C633D0 /* View */ = {
			isa = PBXGroup;
			children = (
				BF1D7AB51C7174AB00C633D0 /* BlueVC.xib */,
				BF1D7AB91C717B8C00C633D0 /* RedVC.xib */,
				BF1D7AB21C71707F00C633D0 /* YellowVC.xib */,
			);
			name = View;
			sourceTree = "<group>";
		};
		BF1D7AB11C71695700C633D0 /* Controller */ = {
			isa = PBXGroup;
			children = (
				BF1D7AB41C7174AB00C633D0 /* BlueVC.swift */,
				BF1D7AB81C717B8C00C633D0 /* RedVC.swift */,
				BF1D7A9F1C71685C00C633D0 /* YellowVC.swift */,
			);
			name = Controller;
			sourceTree = "<group>";
		};
/* End PBXGroup section */

/* Begin PBXNativeTarget section */
		BF1D7A991C71685C00C633D0 /* No-Storyboard Assignment */ = {
			isa = PBXNativeTarget;
			buildConfigurationList = BF1D7AAC1C71685C00C633D0 /* Build configuration list for PBXNativeTarget "No-Storyboard Assignment" */;
			buildPhases = (
				BF1D7A961C71685C00C633D0 /* Sources */,
				BF1D7A971C71685C00C633D0 /* Frameworks */,
				BF1D7A981C71685C00C633D0 /* Resources */,
			);
			buildRules = (
			);
			dependencies = (
			);
			name = "No-Storyboard Assignment";
			productName = "No-Storyboard Assignment";
			productReference = BF1D7A9A1C71685C00C633D0 /* No-Storyboard Assignment.app */;
			productType = "com.apple.product-type.application";
		};
/* End PBXNativeTarget section */

/* Begin PBXProject section */
		BF1D7A921C71685C00C633D0 /* Project object */ = {
			isa = PBXProject;
			attributes = {
				LastSwiftUpdateCheck = 0720;
				LastUpgradeCheck = 0720;
				ORGANIZATIONNAME = "Allen Czerwinski";
				TargetAttributes = {
					BF1D7A991C71685C00C633D0 = {
						CreatedOnToolsVersion = 7.2;
					};
				};
			};
			buildConfigurationList = BF1D7A951C71685C00C633D0 /* Build configuration list for PBXProject "No-Storyboard Assignment" */;
			compatibilityVersion = "Xcode 3.2";
			developmentRegion = English;
			hasScannedForEncodings = 0;
			knownRegions = (
				en,
				Base,
			);
			mainGroup = BF1D7A911C71685C00C633D0;
			productRefGroup = BF1D7A9B1C71685C00C633D0 /* Products */;
			projectDirPath = "";
			projectRoot = "";
			targets = (
				BF1D7A991C71685C00C633D0 /* No-Storyboard Assignment */,
			);
		};
/* End PBXProject section */

/* Begin PBXResourcesBuildPhase section */
		BF1D7A981C71685C00C633D0 /* Resources */ = {
			isa = PBXResourcesBuildPhase;
			buildActionMask = 2147483647;
			files = (
				BF1D7AB71C7174AB00C633D0 /* BlueVC.xib in Resources */,
				BF1D7AB31C71707F00C633D0 /* YellowVC.xib in Resources */,
				BF1D7ABB1C717B8C00C633D0 /* RedVC.xib in Resources */,
				BF1D7AA81C71685C00C633D0 /* LaunchScreen.storyboard in Resources */,
				BF1D7AA51C71685C00C633D0 /* Assets.xcassets in Resources */,
			);
			runOnlyForDeploymentPostprocessing = 0;
		};
/* End PBXResourcesBuildPhase section */

/* Begin PBXSourcesBuildPhase section */
		BF1D7A961C71685C00C633D0 /* Sources */ = {
			isa = PBXSourcesBuildPhase;
			buildActionMask = 2147483647;
			files = (
				BF1D7AA01C71685C00C633D0 /* YellowVC.swift in Sources */,
				BF1D7A9E1C71685C00C633D0 /* AppDelegate.swift in Sources */,
				BF1D7ABA1C717B8C00C633D0 /* RedVC.swift in Sources */,
				BF1D7AB61C7174AB00C633D0 /* BlueVC.swift in Sources */,
			);
			runOnlyForDeploymentPostprocessing = 0;
		};
/* End PBXSourcesBuildPhase section */

/* Begin PBXVariantGroup section */
		BF1D7AA61C71685C00C633D0 /* LaunchScreen.storyboard */ = {
			isa = PBXVariantGroup;
			children = (
				BF1D7AA71C71685C00C633D0 /* Base */,
			);
			name = LaunchScreen.storyboard;
			sourceTree = "<group>";
		};
/* End PBXVariantGroup section */

/* Begin XCBuildConfiguration section */
		BF1D7AAA1C71685C00C633D0 /* Debug */ = {
			isa = XCBuildConfiguration;
			buildSettings = {
				ALWAYS_SEARCH_USER_PATHS = NO;
				CLANG_CXX_LANGUAGE_STANDARD = "gnu++0x";
				CLANG_CXX_LIBRARY = "libc++";
				CLANG_ENABLE_MODULES = YES;
				CLANG_ENABLE_OBJC_ARC = YES;
				CLANG_WARN_BOOL_CONVERSION = YES;
				CLANG_WARN_CONSTANT_CONVERSION = YES;
				CLANG_WARN_DIRECT_OBJC_ISA_USAGE = YES_ERROR;
				CLANG_WARN_EMPTY_BODY = YES;
				CLANG_WARN_ENUM_CONVERSION = YES;
				CLANG_WARN_INT_CONVERSION = YES;
				CLANG_WARN_OBJC_ROOT_CLASS = YES_ERROR;
				CLANG_WARN_UNREACHABLE_CODE = YES;
				CLANG_WARN__DUPLICATE_METHOD_MATCH = YES;
				"CODE_SIGN_IDENTITY[sdk=iphoneos*]" = "iPhone Developer";
				COPY_PHASE_STRIP = NO;
				DEBUG_INFORMATION_FORMAT = dwarf;
				ENABLE_STRICT_OBJC_MSGSEND = YES;
				ENABLE_TESTABILITY = YES;
				GCC_C_LANGUAGE_STANDARD = gnu99;
				GCC_DYNAMIC_NO_PIC = NO;
				GCC_NO_COMMON_BLOCKS = YES;
				GCC_OPTIMIZATION_LEVEL = 0;
				GCC_PREPROCESSOR_DEFINITIONS = (
					"DEBUG=1",
					"$(inherited)",
				);
				GCC_WARN_64_TO_32_BIT_CONVERSION = YES;
				GCC_WARN_ABOUT_RETURN_TYPE = YES_ERROR;
				GCC_WARN_UNDECLARED_SELECTOR = YES;
				GCC_WARN_UNINITIALIZED_AUTOS = YES_AGGRESSIVE;
				GCC_WARN_UNUSED_FUNCTION = YES;
				GCC_WARN_UNUSED_VARIABLE = YES;
				IPHONEOS_DEPLOYMENT_TARGET = 9.2;
				MTL_ENABLE_DEBUG_INFO = YES;
				ONLY_ACTIVE_ARCH = YES;
				SDKROOT = iphoneos;
				SWIFT_OPTIMIZATION_LEVEL = "-Onone";
				TARGETED_DEVICE_FAMILY = "1,2";
			};
			name = Debug;
		};
		BF1D7AAB1C71685C00C633D0 /* Release */ = {
			isa = XCBuildConfiguration;
			buildSettings = {
				ALWAYS_SEARCH_USER_PATHS = NO;
				CLANG_CXX_LANGUAGE_STANDARD = "gnu++0x";
				CLANG_CXX_LIBRARY = "libc++";
				CLANG_ENABLE_MODULES = YES;
				CLANG_ENABLE_OBJC_ARC = YES;
				CLANG_WARN_BOOL_CONVERSION = YES;
				CLANG_WARN_CONSTANT_CONVERSION = YES;
				CLANG_WARN_DIRECT_OBJC_ISA_USAGE = YES_ERROR;
				CLANG_WARN_EMPTY_BODY = YES;
				CLANG_WARN_ENUM_CONVERSION = YES;
				CLANG_WARN_INT_CONVERSION = YES;
				CLANG_WARN_OBJC_ROOT_CLASS = YES_ERROR;
				CLANG_WARN_UNREACHABLE_CODE = YES;
				CLANG_WARN__DUPLICATE_METHOD_MATCH = YES;
				"CODE_SIGN_IDENTITY[sdk=iphoneos*]" = "iPhone Developer";
				COPY_PHASE_STRIP = NO;
				DEBUG_INFORMATION_FORMAT = "dwarf-with-dsym";
				ENABLE_NS_ASSERTIONS = NO;
				ENABLE_STRICT_OBJC_MSGSEND = YES;
				GCC_C_LANGUAGE_STANDARD = gnu99;
				GCC_NO_COMMON_BLOCKS = YES;
				GCC_WARN_64_TO_32_BIT_CONVERSION = YES;
				GCC_WARN_ABOUT_RETURN_TYPE = YES_ERROR;
				GCC_WARN_UNDECLARED_SELECTOR = YES;
				GCC_WARN_UNINITIALIZED_AUTOS = YES_AGGRESSIVE;
				GCC_WARN_UNUSED_FUNCTION = YES;
				GCC_WARN_UNUSED_VARIABLE = YES;
				IPHONEOS_DEPLOYMENT_TARGET = 9.2;
				MTL_ENABLE_DEBUG_INFO = NO;
				SDKROOT = iphoneos;
				TARGETED_DEVICE_FAMILY = "1,2";
				VALIDATE_PRODUCT = YES;
			};
			name = Release;
		};
		BF1D7AAD1C71685C00C633D0 /* Debug */ = {
			isa = XCBuildConfiguration;
			buildSettings = {
				ASSETCATALOG_COMPILER_APPICON_NAME = AppIcon;
				INFOPLIST_FILE = "No-Storyboard Assignment/Info.plist";
				LD_RUNPATH_SEARCH_PATHS = "$(inherited) @executable_path/Frameworks";
				PRODUCT_BUNDLE_IDENTIFIER = "com.gmail.allen.czerwinski.No-Storyboard-Assignment";
				PRODUCT_NAME = "$(TARGET_NAME)";
			};
			name = Debug;
		};
		BF1D7AAE1C71685C00C633D0 /* Release */ = {
			isa = XCBuildConfiguration;
			buildSettings = {
				ASSETCATALOG_COMPILER_APPICON_NAME = AppIcon;
				INFOPLIST_FILE = "No-Storyboard Assignment/Info.plist";
				LD_RUNPATH_SEARCH_PATHS = "$(inherited) @executable_path/Frameworks";
				PRODUCT_BUNDLE_IDENTIFIER = "com.gmail.allen.czerwinski.No-Storyboard-Assignment";
				PRODUCT_NAME = "$(TARGET_NAME)";
			};
			name = Release;
		};
/* End XCBuildConfiguration section */

/* Begin XCConfigurationList section */
		BF1D7A951C71685C00C633D0 /* Build configuration list for PBXProject "No-Storyboard Assignment" */ = {
			isa = XCConfigurationList;
			buildConfigurations = (
				BF1D7AAA1C71685C00C633D0 /* Debug */,
				BF1D7AAB1C71685C00C633D0 /* Release */,
			);
			defaultConfigurationIsVisible = 0;
			defaultConfigurationName = Release;
		};
		BF1D7AAC1C71685C00C633D0 /* Build configuration list for PBXNativeTarget "No-Storyboard Assignment" */ = {
			isa = XCConfigurationList;
			buildConfigurations = (
				BF1D7AAD1C71685C00C633D0 /* Debug */,
				BF1D7AAE1C71685C00C633D0 /* Release */,
			);
			defaultConfigurationIsVisible = 0;
		};
/* End XCConfigurationList section */
	};
	rootObject = BF1D7A921C71685C00C633D0 /* Project object */;
}
