// !$*UTF8*$!
{
	archiveVersion = 1;
	classes = {
	};
	objectVersion = 46;
	objects = {

/* Begin PBXBuildFile section */
		BFF89AC81CE95812006B13FA /* main.m in Sources */ = {isa = PBXBuildFile; fileRef = BFF89AC71CE95812006B13FA /* main.m */; };
		BFF89ACB1CE95812006B13FA /* AppDelegate.m in Sources */ = {isa = PBXBuildFile; fileRef = BFF89ACA1CE95812006B13FA /* AppDelegate.m */; };
		BFF89ACE1CE95812006B13FA /* ViewController.m in Sources */ = {isa = PBXBuildFile; fileRef = BFF89ACD1CE95812006B13FA /* ViewController.m */; };
		BFF89AD11CE95812006B13FA /* Main.storyboard in Resources */ = {isa = PBXBuildFile; fileRef = BFF89ACF1CE95812006B13FA /* Main.storyboard */; };
		BFF89AD31CE95812006B13FA /* Assets.xcassets in Resources */ = {isa = PBXBuildFile; fileRef = BFF89AD21CE95812006B13FA /* Assets.xcassets */; };
		BFF89AD61CE95812006B13FA /* LaunchScreen.storyboard in Resources */ = {isa = PBXBuildFile; fileRef = BFF89AD41CE95812006B13FA /* LaunchScreen.storyboard */; };
/* End PBXBuildFile section */

/* Begin PBXFileReference section */
		BFF89AC31CE95812006B13FA /* PostRequest.app */ = {isa = PBXFileReference; explicitFileType = wrapper.application; includeInIndex = 0; path = PostRequest.app; sourceTree = BUILT_PRODUCTS_DIR; };
		BFF89AC71CE95812006B13FA /* main.m */ = {isa = PBXFileReference; lastKnownFileType = sourcecode.c.objc; path = main.m; sourceTree = "<group>"; };
		BFF89AC91CE95812006B13FA /* AppDelegate.h */ = {isa = PBXFileReference; lastKnownFileType = sourcecode.c.h; path = AppDelegate.h; sourceTree = "<group>"; };
		BFF89ACA1CE95812006B13FA /* AppDelegate.m */ = {isa = PBXFileReference; lastKnownFileType = sourcecode.c.objc; path = AppDelegate.m; sourceTree = "<group>"; };
		BFF89ACC1CE95812006B13FA /* ViewController.h */ = {isa = PBXFileReference; lastKnownFileType = sourcecode.c.h; path = ViewController.h; sourceTree = "<group>"; };
		BFF89ACD1CE95812006B13FA /* ViewController.m */ = {isa = PBXFileReference; lastKnownFileType = sourcecode.c.objc; path = ViewController.m; sourceTree = "<group>"; };
		BFF89AD01CE95812006B13FA /* Base */ = {isa = PBXFileReference; lastKnownFileType = file.storyboard; name = Base; path = Base.lproj/Main.storyboard; sourceTree = "<group>"; };
		BFF89AD21CE95812006B13FA /* Assets.xcassets */ = {isa = PBXFileReference; lastKnownFileType = folder.assetcatalog; path = Assets.xcassets; sourceTree = "<group>"; };
		BFF89AD51CE95812006B13FA /* Base */ = {isa = PBXFileReference; lastKnownFileType = file.storyboard; name = Base; path = Base.lproj/LaunchScreen.storyboard; sourceTree = "<group>"; };
		BFF89AD71CE95812006B13FA /* Info.plist */ = {isa = PBXFileReference; lastKnownFileType = text.plist.xml; path = Info.plist; sourceTree = "<group>"; };
/* End PBXFileReference section */

/* Begin PBXFrameworksBuildPhase section */
		BFF89AC01CE95811006B13FA /* Frameworks */ = {
			isa = PBXFrameworksBuildPhase;
			buildActionMask = 2147483647;
			files = (
			);
			runOnlyForDeploymentPostprocessing = 0;
		};
/* End PBXFrameworksBuildPhase section */

/* Begin PBXGroup section */
		BFF89ABA1CE95811006B13FA = {
			isa = PBXGroup;
			children = (
				BFF89AC51CE95812006B13FA /* PostRequest */,
				BFF89AC41CE95812006B13FA /* Products */,
			);
			sourceTree = "<group>";
		};
		BFF89AC41CE95812006B13FA /* Products */ = {
			isa = PBXGroup;
			children = (
				BFF89AC31CE95812006B13FA /* PostRequest.app */,
			);
			name = Products;
			sourceTree = "<group>";
		};
		BFF89AC51CE95812006B13FA /* PostRequest */ = {
			isa = PBXGroup;
			children = (
				BFF89AC91CE95812006B13FA /* AppDelegate.h */,
				BFF89ACA1CE95812006B13FA /* AppDelegate.m */,
				BFF89ACC1CE95812006B13FA /* ViewController.h */,
				BFF89ACD1CE95812006B13FA /* ViewController.m */,
				BFF89ACF1CE95812006B13FA /* Main.storyboard */,
				BFF89AD21CE95812006B13FA /* Assets.xcassets */,
				BFF89AD41CE95812006B13FA /* LaunchScreen.storyboard */,
				BFF89AD71CE95812006B13FA /* Info.plist */,
				BFF89AC61CE95812006B13FA /* Supporting Files */,
			);
			path = PostRequest;
			sourceTree = "<group>";
		};
		BFF89AC61CE95812006B13FA /* Supporting Files */ = {
			isa = PBXGroup;
			children = (
				BFF89AC71CE95812006B13FA /* main.m */,
			);
			name = "Supporting Files";
			sourceTree = "<group>";
		};
/* End PBXGroup section */

/* Begin PBXNativeTarget section */
		BFF89AC21CE95811006B13FA /* PostRequest */ = {
			isa = PBXNativeTarget;
			buildConfigurationList = BFF89ADA1CE95812006B13FA /* Build configuration list for PBXNativeTarget "PostRequest" */;
			buildPhases = (
				BFF89ABF1CE95811006B13FA /* Sources */,
				BFF89AC01CE95811006B13FA /* Frameworks */,
				BFF89AC11CE95811006B13FA /* Resources */,
			);
			buildRules = (
			);
			dependencies = (
			);
			name = PostRequest;
			productName = PostRequest;
			productReference = BFF89AC31CE95812006B13FA /* PostRequest.app */;
			productType = "com.apple.product-type.application";
		};
/* End PBXNativeTarget section */

/* Begin PBXProject section */
		BFF89ABB1CE95811006B13FA /* Project object */ = {
			isa = PBXProject;
			attributes = {
				LastUpgradeCheck = 0730;
				ORGANIZATIONNAME = "Allen Czerwinski";
				TargetAttributes = {
					BFF89AC21CE95811006B13FA = {
						CreatedOnToolsVersion = 7.3;
					};
				};
			};
			buildConfigurationList = BFF89ABE1CE95811006B13FA /* Build configuration list for PBXProject "PostRequest" */;
			compatibilityVersion = "Xcode 3.2";
			developmentRegion = English;
			hasScannedForEncodings = 0;
			knownRegions = (
				en,
				Base,
			);
			mainGroup = BFF89ABA1CE95811006B13FA;
			productRefGroup = BFF89AC41CE95812006B13FA /* Products */;
			projectDirPath = "";
			projectRoot = "";
			targets = (
				BFF89AC21CE95811006B13FA /* PostRequest */,
			);
		};
/* End PBXProject section */

/* Begin PBXResourcesBuildPhase section */
		BFF89AC11CE95811006B13FA /* Resources */ = {
			isa = PBXResourcesBuildPhase;
			buildActionMask = 2147483647;
			files = (
				BFF89AD61CE95812006B13FA /* LaunchScreen.storyboard in Resources */,
				BFF89AD31CE95812006B13FA /* Assets.xcassets in Resources */,
				BFF89AD11CE95812006B13FA /* Main.storyboard in Resources */,
			);
			runOnlyForDeploymentPostprocessing = 0;
		};
/* End PBXResourcesBuildPhase section */

/* Begin PBXSourcesBuildPhase section */
		BFF89ABF1CE95811006B13FA /* Sources */ = {
			isa = PBXSourcesBuildPhase;
			buildActionMask = 2147483647;
			files = (
				BFF89ACE1CE95812006B13FA /* ViewController.m in Sources */,
				BFF89ACB1CE95812006B13FA /* AppDelegate.m in Sources */,
				BFF89AC81CE95812006B13FA /* main.m in Sources */,
			);
			runOnlyForDeploymentPostprocessing = 0;
		};
/* End PBXSourcesBuildPhase section */

/* Begin PBXVariantGroup section */
		BFF89ACF1CE95812006B13FA /* Main.storyboard */ = {
			isa = PBXVariantGroup;
			children = (
				BFF89AD01CE95812006B13FA /* Base */,
			);
			name = Main.storyboard;
			sourceTree = "<group>";
		};
		BFF89AD41CE95812006B13FA /* LaunchScreen.storyboard */ = {
			isa = PBXVariantGroup;
			children = (
				BFF89AD51CE95812006B13FA /* Base */,
			);
			name = LaunchScreen.storyboard;
			sourceTree = "<group>";
		};
/* End PBXVariantGroup section */

/* Begin XCBuildConfiguration section */
		BFF89AD81CE95812006B13FA /* Debug */ = {
			isa = XCBuildConfiguration;
			buildSettings = {
				ALWAYS_SEARCH_USER_PATHS = NO;
				CLANG_ANALYZER_NONNULL = YES;
				CLANG_CXX_LANGUAGE_STANDARD = "gnu++0x";
				CLANG_CXX_LIBRARY = "libc++";
				CLANG_ENABLE_MODULES = YES;
				CLANG_ENABLE_OBJC_ARC = YES;
				CLANG_WARN_BOOL_CONVERSION = YES;
				CLANG_WARN_CONSTANT_CONVERSION = YES;
				CLANG_WARN_DIRECT_OBJC_ISA_USAGE = YES_ERROR;
				CLANG_WARN_EMPTY_BODY = YES;
				CLANG_WARN_ENUM_CONVERSION = YES;
				CLANG_WARN_INT_CONVERSION = YES;
				CLANG_WARN_OBJC_ROOT_CLASS = YES_ERROR;
				CLANG_WARN_UNREACHABLE_CODE = YES;
				CLANG_WARN__DUPLICATE_METHOD_MATCH = YES;
				"CODE_SIGN_IDENTITY[sdk=iphoneos*]" = "iPhone Developer";
				COPY_PHASE_STRIP = NO;
				DEBUG_INFORMATION_FORMAT = dwarf;
				ENABLE_STRICT_OBJC_MSGSEND = YES;
				ENABLE_TESTABILITY = YES;
				GCC_C_LANGUAGE_STANDARD = gnu99;
				GCC_DYNAMIC_NO_PIC = NO;
				GCC_NO_COMMON_BLOCKS = YES;
				GCC_OPTIMIZATION_LEVEL = 0;
				GCC_PREPROCESSOR_DEFINITIONS = (
					"DEBUG=1",
					"$(inherited)",
				);
				GCC_WARN_64_TO_32_BIT_CONVERSION = YES;
				GCC_WARN_ABOUT_RETURN_TYPE = YES_ERROR;
				GCC_WARN_UNDECLARED_SELECTOR = YES;
				GCC_WARN_UNINITIALIZED_AUTOS = YES_AGGRESSIVE;
				GCC_WARN_UNUSED_FUNCTION = YES;
				GCC_WARN_UNUSED_VARIABLE = YES;
				IPHONEOS_DEPLOYMENT_TARGET = 9.3;
				MTL_ENABLE_DEBUG_INFO = YES;
				ONLY_ACTIVE_ARCH = YES;
				SDKROOT = iphoneos;
				TARGETED_DEVICE_FAMILY = "1,2";
			};
			name = Debug;
		};
		BFF89AD91CE95812006B13FA /* Release */ = {
			isa = XCBuildConfiguration;
			buildSettings = {
				ALWAYS_SEARCH_USER_PATHS = NO;
				CLANG_ANALYZER_NONNULL = YES;
				CLANG_CXX_LANGUAGE_STANDARD = "gnu++0x";
				CLANG_CXX_LIBRARY = "libc++";
				CLANG_ENABLE_MODULES = YES;
				CLANG_ENABLE_OBJC_ARC = YES;
				CLANG_WARN_BOOL_CONVERSION = YES;
				CLANG_WARN_CONSTANT_CONVERSION = YES;
				CLANG_WARN_DIRECT_OBJC_ISA_USAGE = YES_ERROR;
				CLANG_WARN_EMPTY_BODY = YES;
				CLANG_WARN_ENUM_CONVERSION = YES;
				CLANG_WARN_INT_CONVERSION = YES;
				CLANG_WARN_OBJC_ROOT_CLASS = YES_ERROR;
				CLANG_WARN_UNREACHABLE_CODE = YES;
				CLANG_WARN__DUPLICATE_METHOD_MATCH = YES;
				"CODE_SIGN_IDENTITY[sdk=iphoneos*]" = "iPhone Developer";
				COPY_PHASE_STRIP = NO;
				DEBUG_INFORMATION_FORMAT = "dwarf-with-dsym";
				ENABLE_NS_ASSERTIONS = NO;
				ENABLE_STRICT_OBJC_MSGSEND = YES;
				GCC_C_LANGUAGE_STANDARD = gnu99;
				GCC_NO_COMMON_BLOCKS = YES;
				GCC_WARN_64_TO_32_BIT_CONVERSION = YES;
				GCC_WARN_ABOUT_RETURN_TYPE = YES_ERROR;
				GCC_WARN_UNDECLARED_SELECTOR = YES;
				GCC_WARN_UNINITIALIZED_AUTOS = YES_AGGRESSIVE;
				GCC_WARN_UNUSED_FUNCTION = YES;
				GCC_WARN_UNUSED_VARIABLE = YES;
				IPHONEOS_DEPLOYMENT_TARGET = 9.3;
				MTL_ENABLE_DEBUG_INFO = NO;
				SDKROOT = iphoneos;
				TARGETED_DEVICE_FAMILY = "1,2";
				VALIDATE_PRODUCT = YES;
			};
			name = Release;
		};
		BFF89ADB1CE95812006B13FA /* Debug */ = {
			isa = XCBuildConfiguration;
			buildSettings = {
				ASSETCATALOG_COMPILER_APPICON_NAME = AppIcon;
				INFOPLIST_FILE = PostRequest/Info.plist;
				LD_RUNPATH_SEARCH_PATHS = "$(inherited) @executable_path/Frameworks";
				PRODUCT_BUNDLE_IDENTIFIER = com.gmail.allen.czerwinski.PostRequest;
				PRODUCT_NAME = "$(TARGET_NAME)";
			};
			name = Debug;
		};
		BFF89ADC1CE95812006B13FA /* Release */ = {
			isa = XCBuildConfiguration;
			buildSettings = {
				ASSETCATALOG_COMPILER_APPICON_NAME = AppIcon;
				INFOPLIST_FILE = PostRequest/Info.plist;
				LD_RUNPATH_SEARCH_PATHS = "$(inherited) @executable_path/Frameworks";
				PRODUCT_BUNDLE_IDENTIFIER = com.gmail.allen.czerwinski.PostRequest;
				PRODUCT_NAME = "$(TARGET_NAME)";
			};
			name = Release;
		};
/* End XCBuildConfiguration section */

/* Begin XCConfigurationList section */
		BFF89ABE1CE95811006B13FA /* Build configuration list for PBXProject "PostRequest" */ = {
			isa = XCConfigurationList;
			buildConfigurations = (
				BFF89AD81CE95812006B13FA /* Debug */,
				BFF89AD91CE95812006B13FA /* Release */,
			);
			defaultConfigurationIsVisible = 0;
			defaultConfigurationName = Release;
		};
		BFF89ADA1CE95812006B13FA /* Build configuration list for PBXNativeTarget "PostRequest" */ = {
			isa = XCConfigurationList;
			buildConfigurations = (
				BFF89ADB1CE95812006B13FA /* Debug */,
				BFF89ADC1CE95812006B13FA /* Release */,
			);
			defaultConfigurationIsVisible = 0;
		};
/* End XCConfigurationList section */
	};
	rootObject = BFF89ABB1CE95811006B13FA /* Project object */;
}
