// !$*UTF8*$!
{
	archiveVersion = 1;
	classes = {
	};
	objectVersion = 46;
	objects = {

/* Begin PBXBuildFile section */
		BFFFD3351CDC0D2C00C88768 /* main.m in Sources */ = {isa = PBXBuildFile; fileRef = BFFFD3341CDC0D2C00C88768 /* main.m */; };
		BFFFD3381CDC0D2C00C88768 /* AppDelegate.m in Sources */ = {isa = PBXBuildFile; fileRef = BFFFD3371CDC0D2C00C88768 /* AppDelegate.m */; };
		BFFFD33B1CDC0D2C00C88768 /* ViewController.m in Sources */ = {isa = PBXBuildFile; fileRef = BFFFD33A1CDC0D2C00C88768 /* ViewController.m */; };
		BFFFD33E1CDC0D2C00C88768 /* Main.storyboard in Resources */ = {isa = PBXBuildFile; fileRef = BFFFD33C1CDC0D2C00C88768 /* Main.storyboard */; };
		BFFFD3401CDC0D2C00C88768 /* Assets.xcassets in Resources */ = {isa = PBXBuildFile; fileRef = BFFFD33F1CDC0D2C00C88768 /* Assets.xcassets */; };
		BFFFD3431CDC0D2C00C88768 /* LaunchScreen.storyboard in Resources */ = {isa = PBXBuildFile; fileRef = BFFFD3411CDC0D2C00C88768 /* LaunchScreen.storyboard */; };
/* End PBXBuildFile section */

/* Begin PBXFileReference section */
		BFFFD3301CDC0D2B00C88768 /* NullMeBaby.app */ = {isa = PBXFileReference; explicitFileType = wrapper.application; includeInIndex = 0; path = NullMeBaby.app; sourceTree = BUILT_PRODUCTS_DIR; };
		BFFFD3341CDC0D2C00C88768 /* main.m */ = {isa = PBXFileReference; lastKnownFileType = sourcecode.c.objc; path = main.m; sourceTree = "<group>"; };
		BFFFD3361CDC0D2C00C88768 /* AppDelegate.h */ = {isa = PBXFileReference; lastKnownFileType = sourcecode.c.h; path = AppDelegate.h; sourceTree = "<group>"; };
		BFFFD3371CDC0D2C00C88768 /* AppDelegate.m */ = {isa = PBXFileReference; lastKnownFileType = sourcecode.c.objc; path = AppDelegate.m; sourceTree = "<group>"; };
		BFFFD3391CDC0D2C00C88768 /* ViewController.h */ = {isa = PBXFileReference; lastKnownFileType = sourcecode.c.h; path = ViewController.h; sourceTree = "<group>"; };
		BFFFD33A1CDC0D2C00C88768 /* ViewController.m */ = {isa = PBXFileReference; lastKnownFileType = sourcecode.c.objc; path = ViewController.m; sourceTree = "<group>"; };
		BFFFD33D1CDC0D2C00C88768 /* Base */ = {isa = PBXFileReference; lastKnownFileType = file.storyboard; name = Base; path = Base.lproj/Main.storyboard; sourceTree = "<group>"; };
		BFFFD33F1CDC0D2C00C88768 /* Assets.xcassets */ = {isa = PBXFileReference; lastKnownFileType = folder.assetcatalog; path = Assets.xcassets; sourceTree = "<group>"; };
		BFFFD3421CDC0D2C00C88768 /* Base */ = {isa = PBXFileReference; lastKnownFileType = file.storyboard; name = Base; path = Base.lproj/LaunchScreen.storyboard; sourceTree = "<group>"; };
		BFFFD3441CDC0D2C00C88768 /* Info.plist */ = {isa = PBXFileReference; lastKnownFileType = text.plist.xml; path = Info.plist; sourceTree = "<group>"; };
/* End PBXFileReference section */

/* Begin PBXFrameworksBuildPhase section */
		BFFFD32D1CDC0D2B00C88768 /* Frameworks */ = {
			isa = PBXFrameworksBuildPhase;
			buildActionMask = 2147483647;
			files = (
			);
			runOnlyForDeploymentPostprocessing = 0;
		};
/* End PBXFrameworksBuildPhase section */

/* Begin PBXGroup section */
		BFFFD3271CDC0D2B00C88768 = {
			isa = PBXGroup;
			children = (
				BFFFD3321CDC0D2C00C88768 /* NullMeBaby */,
				BFFFD3311CDC0D2B00C88768 /* Products */,
			);
			sourceTree = "<group>";
		};
		BFFFD3311CDC0D2B00C88768 /* Products */ = {
			isa = PBXGroup;
			children = (
				BFFFD3301CDC0D2B00C88768 /* NullMeBaby.app */,
			);
			name = Products;
			sourceTree = "<group>";
		};
		BFFFD3321CDC0D2C00C88768 /* NullMeBaby */ = {
			isa = PBXGroup;
			children = (
				BFFFD3361CDC0D2C00C88768 /* AppDelegate.h */,
				BFFFD3371CDC0D2C00C88768 /* AppDelegate.m */,
				BFFFD3391CDC0D2C00C88768 /* ViewController.h */,
				BFFFD33A1CDC0D2C00C88768 /* ViewController.m */,
				BFFFD33C1CDC0D2C00C88768 /* Main.storyboard */,
				BFFFD33F1CDC0D2C00C88768 /* Assets.xcassets */,
				BFFFD3411CDC0D2C00C88768 /* LaunchScreen.storyboard */,
				BFFFD3441CDC0D2C00C88768 /* Info.plist */,
				BFFFD3331CDC0D2C00C88768 /* Supporting Files */,
			);
			path = NullMeBaby;
			sourceTree = "<group>";
		};
		BFFFD3331CDC0D2C00C88768 /* Supporting Files */ = {
			isa = PBXGroup;
			children = (
				BFFFD3341CDC0D2C00C88768 /* main.m */,
			);
			name = "Supporting Files";
			sourceTree = "<group>";
		};
/* End PBXGroup section */

/* Begin PBXNativeTarget section */
		BFFFD32F1CDC0D2B00C88768 /* NullMeBaby */ = {
			isa = PBXNativeTarget;
			buildConfigurationList = BFFFD3471CDC0D2C00C88768 /* Build configuration list for PBXNativeTarget "NullMeBaby" */;
			buildPhases = (
				BFFFD32C1CDC0D2B00C88768 /* Sources */,
				BFFFD32D1CDC0D2B00C88768 /* Frameworks */,
				BFFFD32E1CDC0D2B00C88768 /* Resources */,
			);
			buildRules = (
			);
			dependencies = (
			);
			name = NullMeBaby;
			productName = NullMeBaby;
			productReference = BFFFD3301CDC0D2B00C88768 /* NullMeBaby.app */;
			productType = "com.apple.product-type.application";
		};
/* End PBXNativeTarget section */

/* Begin PBXProject section */
		BFFFD3281CDC0D2B00C88768 /* Project object */ = {
			isa = PBXProject;
			attributes = {
				LastUpgradeCheck = 0730;
				ORGANIZATIONNAME = "Allen Czerwinski";
				TargetAttributes = {
					BFFFD32F1CDC0D2B00C88768 = {
						CreatedOnToolsVersion = 7.3;
					};
				};
			};
			buildConfigurationList = BFFFD32B1CDC0D2B00C88768 /* Build configuration list for PBXProject "NullMeBaby" */;
			compatibilityVersion = "Xcode 3.2";
			developmentRegion = English;
			hasScannedForEncodings = 0;
			knownRegions = (
				en,
				Base,
			);
			mainGroup = BFFFD3271CDC0D2B00C88768;
			productRefGroup = BFFFD3311CDC0D2B00C88768 /* Products */;
			projectDirPath = "";
			projectRoot = "";
			targets = (
				BFFFD32F1CDC0D2B00C88768 /* NullMeBaby */,
			);
		};
/* End PBXProject section */

/* Begin PBXResourcesBuildPhase section */
		BFFFD32E1CDC0D2B00C88768 /* Resources */ = {
			isa = PBXResourcesBuildPhase;
			buildActionMask = 2147483647;
			files = (
				BFFFD3431CDC0D2C00C88768 /* LaunchScreen.storyboard in Resources */,
				BFFFD3401CDC0D2C00C88768 /* Assets.xcassets in Resources */,
				BFFFD33E1CDC0D2C00C88768 /* Main.storyboard in Resources */,
			);
			runOnlyForDeploymentPostprocessing = 0;
		};
/* End PBXResourcesBuildPhase section */

/* Begin PBXSourcesBuildPhase section */
		BFFFD32C1CDC0D2B00C88768 /* Sources */ = {
			isa = PBXSourcesBuildPhase;
			buildActionMask = 2147483647;
			files = (
				BFFFD33B1CDC0D2C00C88768 /* ViewController.m in Sources */,
				BFFFD3381CDC0D2C00C88768 /* AppDelegate.m in Sources */,
				BFFFD3351CDC0D2C00C88768 /* main.m in Sources */,
			);
			runOnlyForDeploymentPostprocessing = 0;
		};
/* End PBXSourcesBuildPhase section */

/* Begin PBXVariantGroup section */
		BFFFD33C1CDC0D2C00C88768 /* Main.storyboard */ = {
			isa = PBXVariantGroup;
			children = (
				BFFFD33D1CDC0D2C00C88768 /* Base */,
			);
			name = Main.storyboard;
			sourceTree = "<group>";
		};
		BFFFD3411CDC0D2C00C88768 /* LaunchScreen.storyboard */ = {
			isa = PBXVariantGroup;
			children = (
				BFFFD3421CDC0D2C00C88768 /* Base */,
			);
			name = LaunchScreen.storyboard;
			sourceTree = "<group>";
		};
/* End PBXVariantGroup section */

/* Begin XCBuildConfiguration section */
		BFFFD3451CDC0D2C00C88768 /* Debug */ = {
			isa = XCBuildConfiguration;
			buildSettings = {
				ALWAYS_SEARCH_USER_PATHS = NO;
				CLANG_ANALYZER_NONNULL = YES;
				CLANG_CXX_LANGUAGE_STANDARD = "gnu++0x";
				CLANG_CXX_LIBRARY = "libc++";
				CLANG_ENABLE_MODULES = YES;
				CLANG_ENABLE_OBJC_ARC = YES;
				CLANG_WARN_BOOL_CONVERSION = YES;
				CLANG_WARN_CONSTANT_CONVERSION = YES;
				CLANG_WARN_DIRECT_OBJC_ISA_USAGE = YES_ERROR;
				CLANG_WARN_EMPTY_BODY = YES;
				CLANG_WARN_ENUM_CONVERSION = YES;
				CLANG_WARN_INT_CONVERSION = YES;
				CLANG_WARN_OBJC_ROOT_CLASS = YES_ERROR;
				CLANG_WARN_UNREACHABLE_CODE = YES;
				CLANG_WARN__DUPLICATE_METHOD_MATCH = YES;
				"CODE_SIGN_IDENTITY[sdk=iphoneos*]" = "iPhone Developer";
				COPY_PHASE_STRIP = NO;
				DEBUG_INFORMATION_FORMAT = dwarf;
				ENABLE_STRICT_OBJC_MSGSEND = YES;
				ENABLE_TESTABILITY = YES;
				GCC_C_LANGUAGE_STANDARD = gnu99;
				GCC_DYNAMIC_NO_PIC = NO;
				GCC_NO_COMMON_BLOCKS = YES;
				GCC_OPTIMIZATION_LEVEL = 0;
				GCC_PREPROCESSOR_DEFINITIONS = (
					"DEBUG=1",
					"$(inherited)",
				);
				GCC_WARN_64_TO_32_BIT_CONVERSION = YES;
				GCC_WARN_ABOUT_RETURN_TYPE = YES_ERROR;
				GCC_WARN_UNDECLARED_SELECTOR = YES;
				GCC_WARN_UNINITIALIZED_AUTOS = YES_AGGRESSIVE;
				GCC_WARN_UNUSED_FUNCTION = YES;
				GCC_WARN_UNUSED_VARIABLE = YES;
				IPHONEOS_DEPLOYMENT_TARGET = 9.3;
				MTL_ENABLE_DEBUG_INFO = YES;
				ONLY_ACTIVE_ARCH = YES;
				SDKROOT = iphoneos;
				TARGETED_DEVICE_FAMILY = "1,2";
			};
			name = Debug;
		};
		BFFFD3461CDC0D2C00C88768 /* Release */ = {
			isa = XCBuildConfiguration;
			buildSettings = {
				ALWAYS_SEARCH_USER_PATHS = NO;
				CLANG_ANALYZER_NONNULL = YES;
				CLANG_CXX_LANGUAGE_STANDARD = "gnu++0x";
				CLANG_CXX_LIBRARY = "libc++";
				CLANG_ENABLE_MODULES = YES;
				CLANG_ENABLE_OBJC_ARC = YES;
				CLANG_WARN_BOOL_CONVERSION = YES;
				CLANG_WARN_CONSTANT_CONVERSION = YES;
				CLANG_WARN_DIRECT_OBJC_ISA_USAGE = YES_ERROR;
				CLANG_WARN_EMPTY_BODY = YES;
				CLANG_WARN_ENUM_CONVERSION = YES;
				CLANG_WARN_INT_CONVERSION = YES;
				CLANG_WARN_OBJC_ROOT_CLASS = YES_ERROR;
				CLANG_WARN_UNREACHABLE_CODE = YES;
				CLANG_WARN__DUPLICATE_METHOD_MATCH = YES;
				"CODE_SIGN_IDENTITY[sdk=iphoneos*]" = "iPhone Developer";
				COPY_PHASE_STRIP = NO;
				DEBUG_INFORMATION_FORMAT = "dwarf-with-dsym";
				ENABLE_NS_ASSERTIONS = NO;
				ENABLE_STRICT_OBJC_MSGSEND = YES;
				GCC_C_LANGUAGE_STANDARD = gnu99;
				GCC_NO_COMMON_BLOCKS = YES;
				GCC_WARN_64_TO_32_BIT_CONVERSION = YES;
				GCC_WARN_ABOUT_RETURN_TYPE = YES_ERROR;
				GCC_WARN_UNDECLARED_SELECTOR = YES;
				GCC_WARN_UNINITIALIZED_AUTOS = YES_AGGRESSIVE;
				GCC_WARN_UNUSED_FUNCTION = YES;
				GCC_WARN_UNUSED_VARIABLE = YES;
				IPHONEOS_DEPLOYMENT_TARGET = 9.3;
				MTL_ENABLE_DEBUG_INFO = NO;
				SDKROOT = iphoneos;
				TARGETED_DEVICE_FAMILY = "1,2";
				VALIDATE_PRODUCT = YES;
			};
			name = Release;
		};
		BFFFD3481CDC0D2C00C88768 /* Debug */ = {
			isa = XCBuildConfiguration;
			buildSettings = {
				ASSETCATALOG_COMPILER_APPICON_NAME = AppIcon;
				INFOPLIST_FILE = NullMeBaby/Info.plist;
				LD_RUNPATH_SEARCH_PATHS = "$(inherited) @executable_path/Frameworks";
				PRODUCT_BUNDLE_IDENTIFIER = com.gmail.allen.czerwinski.NullMeBaby;
				PRODUCT_NAME = "$(TARGET_NAME)";
			};
			name = Debug;
		};
		BFFFD3491CDC0D2C00C88768 /* Release */ = {
			isa = XCBuildConfiguration;
			buildSettings = {
				ASSETCATALOG_COMPILER_APPICON_NAME = AppIcon;
				INFOPLIST_FILE = NullMeBaby/Info.plist;
				LD_RUNPATH_SEARCH_PATHS = "$(inherited) @executable_path/Frameworks";
				PRODUCT_BUNDLE_IDENTIFIER = com.gmail.allen.czerwinski.NullMeBaby;
				PRODUCT_NAME = "$(TARGET_NAME)";
			};
			name = Release;
		};
/* End XCBuildConfiguration section */

/* Begin XCConfigurationList section */
		BFFFD32B1CDC0D2B00C88768 /* Build configuration list for PBXProject "NullMeBaby" */ = {
			isa = XCConfigurationList;
			buildConfigurations = (
				BFFFD3451CDC0D2C00C88768 /* Debug */,
				BFFFD3461CDC0D2C00C88768 /* Release */,
			);
			defaultConfigurationIsVisible = 0;
			defaultConfigurationName = Release;
		};
		BFFFD3471CDC0D2C00C88768 /* Build configuration list for PBXNativeTarget "NullMeBaby" */ = {
			isa = XCConfigurationList;
			buildConfigurations = (
				BFFFD3481CDC0D2C00C88768 /* Debug */,
				BFFFD3491CDC0D2C00C88768 /* Release */,
			);
			defaultConfigurationIsVisible = 0;
		};
/* End XCConfigurationList section */
	};
	rootObject = BFFFD3281CDC0D2B00C88768 /* Project object */;
}
