// !$*UTF8*$!
{
	archiveVersion = 1;
	classes = {
	};
	objectVersion = 46;
	objects = {

/* Begin PBXBuildFile section */
		BF8100361CDC6DFE001FDA1B /* main.m in Sources */ = {isa = PBXBuildFile; fileRef = BF8100351CDC6DFE001FDA1B /* main.m */; };
		BF8100391CDC6DFE001FDA1B /* AppDelegate.m in Sources */ = {isa = PBXBuildFile; fileRef = BF8100381CDC6DFE001FDA1B /* AppDelegate.m */; };
		BF81003C1CDC6DFE001FDA1B /* ViewController.m in Sources */ = {isa = PBXBuildFile; fileRef = BF81003B1CDC6DFE001FDA1B /* ViewController.m */; };
		BF81003F1CDC6DFE001FDA1B /* Main.storyboard in Resources */ = {isa = PBXBuildFile; fileRef = BF81003D1CDC6DFE001FDA1B /* Main.storyboard */; };
		BF8100411CDC6DFE001FDA1B /* Assets.xcassets in Resources */ = {isa = PBXBuildFile; fileRef = BF8100401CDC6DFE001FDA1B /* Assets.xcassets */; };
		BF8100441CDC6DFE001FDA1B /* LaunchScreen.storyboard in Resources */ = {isa = PBXBuildFile; fileRef = BF8100421CDC6DFE001FDA1B /* LaunchScreen.storyboard */; };
		BF81004D1CDC6E95001FDA1B /* Honda.m in Sources */ = {isa = PBXBuildFile; fileRef = BF81004C1CDC6E95001FDA1B /* Honda.m */; };
		BF8100501CDC7018001FDA1B /* Honda+SupedUp.m in Sources */ = {isa = PBXBuildFile; fileRef = BF81004F1CDC7018001FDA1B /* Honda+SupedUp.m */; };
/* End PBXBuildFile section */

/* Begin PBXFileReference section */
		BF8100311CDC6DFE001FDA1B /* Categories.app */ = {isa = PBXFileReference; explicitFileType = wrapper.application; includeInIndex = 0; path = Categories.app; sourceTree = BUILT_PRODUCTS_DIR; };
		BF8100351CDC6DFE001FDA1B /* main.m */ = {isa = PBXFileReference; lastKnownFileType = sourcecode.c.objc; path = main.m; sourceTree = "<group>"; };
		BF8100371CDC6DFE001FDA1B /* AppDelegate.h */ = {isa = PBXFileReference; lastKnownFileType = sourcecode.c.h; path = AppDelegate.h; sourceTree = "<group>"; };
		BF8100381CDC6DFE001FDA1B /* AppDelegate.m */ = {isa = PBXFileReference; lastKnownFileType = sourcecode.c.objc; path = AppDelegate.m; sourceTree = "<group>"; };
		BF81003A1CDC6DFE001FDA1B /* ViewController.h */ = {isa = PBXFileReference; lastKnownFileType = sourcecode.c.h; path = ViewController.h; sourceTree = "<group>"; };
		BF81003B1CDC6DFE001FDA1B /* ViewController.m */ = {isa = PBXFileReference; lastKnownFileType = sourcecode.c.objc; path = ViewController.m; sourceTree = "<group>"; };
		BF81003E1CDC6DFE001FDA1B /* Base */ = {isa = PBXFileReference; lastKnownFileType = file.storyboard; name = Base; path = Base.lproj/Main.storyboard; sourceTree = "<group>"; };
		BF8100401CDC6DFE001FDA1B /* Assets.xcassets */ = {isa = PBXFileReference; lastKnownFileType = folder.assetcatalog; path = Assets.xcassets; sourceTree = "<group>"; };
		BF8100431CDC6DFE001FDA1B /* Base */ = {isa = PBXFileReference; lastKnownFileType = file.storyboard; name = Base; path = Base.lproj/LaunchScreen.storyboard; sourceTree = "<group>"; };
		BF8100451CDC6DFE001FDA1B /* Info.plist */ = {isa = PBXFileReference; lastKnownFileType = text.plist.xml; path = Info.plist; sourceTree = "<group>"; };
		BF81004B1CDC6E95001FDA1B /* Honda.h */ = {isa = PBXFileReference; fileEncoding = 4; lastKnownFileType = sourcecode.c.h; path = Honda.h; sourceTree = "<group>"; };
		BF81004C1CDC6E95001FDA1B /* Honda.m */ = {isa = PBXFileReference; fileEncoding = 4; lastKnownFileType = sourcecode.c.objc; path = Honda.m; sourceTree = "<group>"; };
		BF81004E1CDC7018001FDA1B /* Honda+SupedUp.h */ = {isa = PBXFileReference; fileEncoding = 4; lastKnownFileType = sourcecode.c.h; path = "Honda+SupedUp.h"; sourceTree = "<group>"; };
		BF81004F1CDC7018001FDA1B /* Honda+SupedUp.m */ = {isa = PBXFileReference; fileEncoding = 4; lastKnownFileType = sourcecode.c.objc; path = "Honda+SupedUp.m"; sourceTree = "<group>"; };
/* End PBXFileReference section */

/* Begin PBXFrameworksBuildPhase section */
		BF81002E1CDC6DFE001FDA1B /* Frameworks */ = {
			isa = PBXFrameworksBuildPhase;
			buildActionMask = 2147483647;
			files = (
			);
			runOnlyForDeploymentPostprocessing = 0;
		};
/* End PBXFrameworksBuildPhase section */

/* Begin PBXGroup section */
		BF8100281CDC6DFE001FDA1B = {
			isa = PBXGroup;
			children = (
				BF8100331CDC6DFE001FDA1B /* Categories */,
				BF8100321CDC6DFE001FDA1B /* Products */,
			);
			sourceTree = "<group>";
		};
		BF8100321CDC6DFE001FDA1B /* Products */ = {
			isa = PBXGroup;
			children = (
				BF8100311CDC6DFE001FDA1B /* Categories.app */,
			);
			name = Products;
			sourceTree = "<group>";
		};
		BF8100331CDC6DFE001FDA1B /* Categories */ = {
			isa = PBXGroup;
			children = (
				BF8100371CDC6DFE001FDA1B /* AppDelegate.h */,
				BF8100381CDC6DFE001FDA1B /* AppDelegate.m */,
				BF81003A1CDC6DFE001FDA1B /* ViewController.h */,
				BF81003B1CDC6DFE001FDA1B /* ViewController.m */,
				BF81003D1CDC6DFE001FDA1B /* Main.storyboard */,
				BF8100401CDC6DFE001FDA1B /* Assets.xcassets */,
				BF8100421CDC6DFE001FDA1B /* LaunchScreen.storyboard */,
				BF8100451CDC6DFE001FDA1B /* Info.plist */,
				BF8100341CDC6DFE001FDA1B /* Supporting Files */,
				BF81004B1CDC6E95001FDA1B /* Honda.h */,
				BF81004C1CDC6E95001FDA1B /* Honda.m */,
				BF81004E1CDC7018001FDA1B /* Honda+SupedUp.h */,
				BF81004F1CDC7018001FDA1B /* Honda+SupedUp.m */,
			);
			path = Categories;
			sourceTree = "<group>";
		};
		BF8100341CDC6DFE001FDA1B /* Supporting Files */ = {
			isa = PBXGroup;
			children = (
				BF8100351CDC6DFE001FDA1B /* main.m */,
			);
			name = "Supporting Files";
			sourceTree = "<group>";
		};
/* End PBXGroup section */

/* Begin PBXNativeTarget section */
		BF8100301CDC6DFE001FDA1B /* Categories */ = {
			isa = PBXNativeTarget;
			buildConfigurationList = BF8100481CDC6DFE001FDA1B /* Build configuration list for PBXNativeTarget "Categories" */;
			buildPhases = (
				BF81002D1CDC6DFE001FDA1B /* Sources */,
				BF81002E1CDC6DFE001FDA1B /* Frameworks */,
				BF81002F1CDC6DFE001FDA1B /* Resources */,
			);
			buildRules = (
			);
			dependencies = (
			);
			name = Categories;
			productName = Categories;
			productReference = BF8100311CDC6DFE001FDA1B /* Categories.app */;
			productType = "com.apple.product-type.application";
		};
/* End PBXNativeTarget section */

/* Begin PBXProject section */
		BF8100291CDC6DFE001FDA1B /* Project object */ = {
			isa = PBXProject;
			attributes = {
				LastUpgradeCheck = 0730;
				ORGANIZATIONNAME = "Allen Czerwinski";
				TargetAttributes = {
					BF8100301CDC6DFE001FDA1B = {
						CreatedOnToolsVersion = 7.3;
					};
				};
			};
			buildConfigurationList = BF81002C1CDC6DFE001FDA1B /* Build configuration list for PBXProject "Categories" */;
			compatibilityVersion = "Xcode 3.2";
			developmentRegion = English;
			hasScannedForEncodings = 0;
			knownRegions = (
				en,
				Base,
			);
			mainGroup = BF8100281CDC6DFE001FDA1B;
			productRefGroup = BF8100321CDC6DFE001FDA1B /* Products */;
			projectDirPath = "";
			projectRoot = "";
			targets = (
				BF8100301CDC6DFE001FDA1B /* Categories */,
			);
		};
/* End PBXProject section */

/* Begin PBXResourcesBuildPhase section */
		BF81002F1CDC6DFE001FDA1B /* Resources */ = {
			isa = PBXResourcesBuildPhase;
			buildActionMask = 2147483647;
			files = (
				BF8100441CDC6DFE001FDA1B /* LaunchScreen.storyboard in Resources */,
				BF8100411CDC6DFE001FDA1B /* Assets.xcassets in Resources */,
				BF81003F1CDC6DFE001FDA1B /* Main.storyboard in Resources */,
			);
			runOnlyForDeploymentPostprocessing = 0;
		};
/* End PBXResourcesBuildPhase section */

/* Begin PBXSourcesBuildPhase section */
		BF81002D1CDC6DFE001FDA1B /* Sources */ = {
			isa = PBXSourcesBuildPhase;
			buildActionMask = 2147483647;
			files = (
				BF81004D1CDC6E95001FDA1B /* Honda.m in Sources */,
				BF81003C1CDC6DFE001FDA1B /* ViewController.m in Sources */,
				BF8100391CDC6DFE001FDA1B /* AppDelegate.m in Sources */,
				BF8100501CDC7018001FDA1B /* Honda+SupedUp.m in Sources */,
				BF8100361CDC6DFE001FDA1B /* main.m in Sources */,
			);
			runOnlyForDeploymentPostprocessing = 0;
		};
/* End PBXSourcesBuildPhase section */

/* Begin PBXVariantGroup section */
		BF81003D1CDC6DFE001FDA1B /* Main.storyboard */ = {
			isa = PBXVariantGroup;
			children = (
				BF81003E1CDC6DFE001FDA1B /* Base */,
			);
			name = Main.storyboard;
			sourceTree = "<group>";
		};
		BF8100421CDC6DFE001FDA1B /* LaunchScreen.storyboard */ = {
			isa = PBXVariantGroup;
			children = (
				BF8100431CDC6DFE001FDA1B /* Base */,
			);
			name = LaunchScreen.storyboard;
			sourceTree = "<group>";
		};
/* End PBXVariantGroup section */

/* Begin XCBuildConfiguration section */
		BF8100461CDC6DFE001FDA1B /* Debug */ = {
			isa = XCBuildConfiguration;
			buildSettings = {
				ALWAYS_SEARCH_USER_PATHS = NO;
				CLANG_ANALYZER_NONNULL = YES;
				CLANG_CXX_LANGUAGE_STANDARD = "gnu++0x";
				CLANG_CXX_LIBRARY = "libc++";
				CLANG_ENABLE_MODULES = YES;
				CLANG_ENABLE_OBJC_ARC = YES;
				CLANG_WARN_BOOL_CONVERSION = YES;
				CLANG_WARN_CONSTANT_CONVERSION = YES;
				CLANG_WARN_DIRECT_OBJC_ISA_USAGE = YES_ERROR;
				CLANG_WARN_EMPTY_BODY = YES;
				CLANG_WARN_ENUM_CONVERSION = YES;
				CLANG_WARN_INT_CONVERSION = YES;
				CLANG_WARN_OBJC_ROOT_CLASS = YES_ERROR;
				CLANG_WARN_UNREACHABLE_CODE = YES;
				CLANG_WARN__DUPLICATE_METHOD_MATCH = YES;
				"CODE_SIGN_IDENTITY[sdk=iphoneos*]" = "iPhone Developer";
				COPY_PHASE_STRIP = NO;
				DEBUG_INFORMATION_FORMAT = dwarf;
				ENABLE_STRICT_OBJC_MSGSEND = YES;
				ENABLE_TESTABILITY = YES;
				GCC_C_LANGUAGE_STANDARD = gnu99;
				GCC_DYNAMIC_NO_PIC = NO;
				GCC_NO_COMMON_BLOCKS = YES;
				GCC_OPTIMIZATION_LEVEL = 0;
				GCC_PREPROCESSOR_DEFINITIONS = (
					"DEBUG=1",
					"$(inherited)",
				);
				GCC_WARN_64_TO_32_BIT_CONVERSION = YES;
				GCC_WARN_ABOUT_RETURN_TYPE = YES_ERROR;
				GCC_WARN_UNDECLARED_SELECTOR = YES;
				GCC_WARN_UNINITIALIZED_AUTOS = YES_AGGRESSIVE;
				GCC_WARN_UNUSED_FUNCTION = YES;
				GCC_WARN_UNUSED_VARIABLE = YES;
				IPHONEOS_DEPLOYMENT_TARGET = 9.3;
				MTL_ENABLE_DEBUG_INFO = YES;
				ONLY_ACTIVE_ARCH = YES;
				SDKROOT = iphoneos;
				TARGETED_DEVICE_FAMILY = "1,2";
			};
			name = Debug;
		};
		BF8100471CDC6DFE001FDA1B /* Release */ = {
			isa = XCBuildConfiguration;
			buildSettings = {
				ALWAYS_SEARCH_USER_PATHS = NO;
				CLANG_ANALYZER_NONNULL = YES;
				CLANG_CXX_LANGUAGE_STANDARD = "gnu++0x";
				CLANG_CXX_LIBRARY = "libc++";
				CLANG_ENABLE_MODULES = YES;
				CLANG_ENABLE_OBJC_ARC = YES;
				CLANG_WARN_BOOL_CONVERSION = YES;
				CLANG_WARN_CONSTANT_CONVERSION = YES;
				CLANG_WARN_DIRECT_OBJC_ISA_USAGE = YES_ERROR;
				CLANG_WARN_EMPTY_BODY = YES;
				CLANG_WARN_ENUM_CONVERSION = YES;
				CLANG_WARN_INT_CONVERSION = YES;
				CLANG_WARN_OBJC_ROOT_CLASS = YES_ERROR;
				CLANG_WARN_UNREACHABLE_CODE = YES;
				CLANG_WARN__DUPLICATE_METHOD_MATCH = YES;
				"CODE_SIGN_IDENTITY[sdk=iphoneos*]" = "iPhone Developer";
				COPY_PHASE_STRIP = NO;
				DEBUG_INFORMATION_FORMAT = "dwarf-with-dsym";
				ENABLE_NS_ASSERTIONS = NO;
				ENABLE_STRICT_OBJC_MSGSEND = YES;
				GCC_C_LANGUAGE_STANDARD = gnu99;
				GCC_NO_COMMON_BLOCKS = YES;
				GCC_WARN_64_TO_32_BIT_CONVERSION = YES;
				GCC_WARN_ABOUT_RETURN_TYPE = YES_ERROR;
				GCC_WARN_UNDECLARED_SELECTOR = YES;
				GCC_WARN_UNINITIALIZED_AUTOS = YES_AGGRESSIVE;
				GCC_WARN_UNUSED_FUNCTION = YES;
				GCC_WARN_UNUSED_VARIABLE = YES;
				IPHONEOS_DEPLOYMENT_TARGET = 9.3;
				MTL_ENABLE_DEBUG_INFO = NO;
				SDKROOT = iphoneos;
				TARGETED_DEVICE_FAMILY = "1,2";
				VALIDATE_PRODUCT = YES;
			};
			name = Release;
		};
		BF8100491CDC6DFE001FDA1B /* Debug */ = {
			isa = XCBuildConfiguration;
			buildSettings = {
				ASSETCATALOG_COMPILER_APPICON_NAME = AppIcon;
				INFOPLIST_FILE = Categories/Info.plist;
				LD_RUNPATH_SEARCH_PATHS = "$(inherited) @executable_path/Frameworks";
				PRODUCT_BUNDLE_IDENTIFIER = com.gmail.allen.czerwinski.Categories;
				PRODUCT_NAME = "$(TARGET_NAME)";
			};
			name = Debug;
		};
		BF81004A1CDC6DFE001FDA1B /* Release */ = {
			isa = XCBuildConfiguration;
			buildSettings = {
				ASSETCATALOG_COMPILER_APPICON_NAME = AppIcon;
				INFOPLIST_FILE = Categories/Info.plist;
				LD_RUNPATH_SEARCH_PATHS = "$(inherited) @executable_path/Frameworks";
				PRODUCT_BUNDLE_IDENTIFIER = com.gmail.allen.czerwinski.Categories;
				PRODUCT_NAME = "$(TARGET_NAME)";
			};
			name = Release;
		};
/* End XCBuildConfiguration section */

/* Begin XCConfigurationList section */
		BF81002C1CDC6DFE001FDA1B /* Build configuration list for PBXProject "Categories" */ = {
			isa = XCConfigurationList;
			buildConfigurations = (
				BF8100461CDC6DFE001FDA1B /* Debug */,
				BF8100471CDC6DFE001FDA1B /* Release */,
			);
			defaultConfigurationIsVisible = 0;
			defaultConfigurationName = Release;
		};
		BF8100481CDC6DFE001FDA1B /* Build configuration list for PBXNativeTarget "Categories" */ = {
			isa = XCConfigurationList;
			buildConfigurations = (
				BF8100491CDC6DFE001FDA1B /* Debug */,
				BF81004A1CDC6DFE001FDA1B /* Release */,
			);
			defaultConfigurationIsVisible = 0;
		};
/* End XCConfigurationList section */
	};
	rootObject = BF8100291CDC6DFE001FDA1B /* Project object */;
}
