// !$*UTF8*$!
{
	archiveVersion = 1;
	classes = {
	};
	objectVersion = 46;
	objects = {

/* Begin PBXBuildFile section */
		06AD10F54883E44F66A2F56C /* Pods_Cocoapods_Test.framework in Frameworks */ = {isa = PBXBuildFile; fileRef = 3AC1C8D0C36149158E0F1187 /* Pods_Cocoapods_Test.framework */; };
		BFAD719A1C79253D00D3BDD2 /* AppDelegate.swift in Sources */ = {isa = PBXBuildFile; fileRef = BFAD71991C79253D00D3BDD2 /* AppDelegate.swift */; };
		BFAD719C1C79253D00D3BDD2 /* ViewController.swift in Sources */ = {isa = PBXBuildFile; fileRef = BFAD719B1C79253D00D3BDD2 /* ViewController.swift */; };
		BFAD719F1C79253D00D3BDD2 /* Main.storyboard in Resources */ = {isa = PBXBuildFile; fileRef = BFAD719D1C79253D00D3BDD2 /* Main.storyboard */; };
		BFAD71A11C79253D00D3BDD2 /* Assets.xcassets in Resources */ = {isa = PBXBuildFile; fileRef = BFAD71A01C79253D00D3BDD2 /* Assets.xcassets */; };
		BFAD71A41C79253E00D3BDD2 /* LaunchScreen.storyboard in Resources */ = {isa = PBXBuildFile; fileRef = BFAD71A21C79253E00D3BDD2 /* LaunchScreen.storyboard */; };
/* End PBXBuildFile section */

/* Begin PBXFileReference section */
		3AC1C8D0C36149158E0F1187 /* Pods_Cocoapods_Test.framework */ = {isa = PBXFileReference; explicitFileType = wrapper.framework; includeInIndex = 0; path = Pods_Cocoapods_Test.framework; sourceTree = BUILT_PRODUCTS_DIR; };
		BFAD71961C79253D00D3BDD2 /* Cocoapods Test.app */ = {isa = PBXFileReference; explicitFileType = wrapper.application; includeInIndex = 0; path = "Cocoapods Test.app"; sourceTree = BUILT_PRODUCTS_DIR; };
		BFAD71991C79253D00D3BDD2 /* AppDelegate.swift */ = {isa = PBXFileReference; lastKnownFileType = sourcecode.swift; path = AppDelegate.swift; sourceTree = "<group>"; };
		BFAD719B1C79253D00D3BDD2 /* ViewController.swift */ = {isa = PBXFileReference; lastKnownFileType = sourcecode.swift; path = ViewController.swift; sourceTree = "<group>"; };
		BFAD719E1C79253D00D3BDD2 /* Base */ = {isa = PBXFileReference; lastKnownFileType = file.storyboard; name = Base; path = Base.lproj/Main.storyboard; sourceTree = "<group>"; };
		BFAD71A01C79253D00D3BDD2 /* Assets.xcassets */ = {isa = PBXFileReference; lastKnownFileType = folder.assetcatalog; path = Assets.xcassets; sourceTree = "<group>"; };
		BFAD71A31C79253E00D3BDD2 /* Base */ = {isa = PBXFileReference; lastKnownFileType = file.storyboard; name = Base; path = Base.lproj/LaunchScreen.storyboard; sourceTree = "<group>"; };
		BFAD71A51C79253E00D3BDD2 /* Info.plist */ = {isa = PBXFileReference; lastKnownFileType = text.plist.xml; path = Info.plist; sourceTree = "<group>"; };
		D993C5BD267107C42F94B911 /* Pods-Cocoapods Test.debug.xcconfig */ = {isa = PBXFileReference; includeInIndex = 1; lastKnownFileType = text.xcconfig; name = "Pods-Cocoapods Test.debug.xcconfig"; path = "Pods/Target Support Files/Pods-Cocoapods Test/Pods-Cocoapods Test.debug.xcconfig"; sourceTree = "<group>"; };
		DBAA9C3033B454DC47E08BC9 /* Pods-Cocoapods Test.release.xcconfig */ = {isa = PBXFileReference; includeInIndex = 1; lastKnownFileType = text.xcconfig; name = "Pods-Cocoapods Test.release.xcconfig"; path = "Pods/Target Support Files/Pods-Cocoapods Test/Pods-Cocoapods Test.release.xcconfig"; sourceTree = "<group>"; };
/* End PBXFileReference section */

/* Begin PBXFrameworksBuildPhase section */
		BFAD71931C79253D00D3BDD2 /* Frameworks */ = {
			isa = PBXFrameworksBuildPhase;
			buildActionMask = 2147483647;
			files = (
				06AD10F54883E44F66A2F56C /* Pods_Cocoapods_Test.framework in Frameworks */,
			);
			runOnlyForDeploymentPostprocessing = 0;
		};
/* End PBXFrameworksBuildPhase section */

/* Begin PBXGroup section */
		BFAD718D1C79253D00D3BDD2 = {
			isa = PBXGroup;
			children = (
				BFAD71981C79253D00D3BDD2 /* Cocoapods Test */,
				BFAD71971C79253D00D3BDD2 /* Products */,
				ED3FBF01FF88E024CB46DC28 /* Pods */,
				D5321D73F4010CBDE92487A2 /* Frameworks */,
			);
			sourceTree = "<group>";
		};
		BFAD71971C79253D00D3BDD2 /* Products */ = {
			isa = PBXGroup;
			children = (
				BFAD71961C79253D00D3BDD2 /* Cocoapods Test.app */,
			);
			name = Products;
			sourceTree = "<group>";
		};
		BFAD71981C79253D00D3BDD2 /* Cocoapods Test */ = {
			isa = PBXGroup;
			children = (
				BFAD71991C79253D00D3BDD2 /* AppDelegate.swift */,
				BFAD719B1C79253D00D3BDD2 /* ViewController.swift */,
				BFAD719D1C79253D00D3BDD2 /* Main.storyboard */,
				BFAD71A01C79253D00D3BDD2 /* Assets.xcassets */,
				BFAD71A21C79253E00D3BDD2 /* LaunchScreen.storyboard */,
				BFAD71A51C79253E00D3BDD2 /* Info.plist */,
			);
			path = "Cocoapods Test";
			sourceTree = "<group>";
		};
		D5321D73F4010CBDE92487A2 /* Frameworks */ = {
			isa = PBXGroup;
			children = (
				3AC1C8D0C36149158E0F1187 /* Pods_Cocoapods_Test.framework */,
			);
			name = Frameworks;
			sourceTree = "<group>";
		};
		ED3FBF01FF88E024CB46DC28 /* Pods */ = {
			isa = PBXGroup;
			children = (
				D993C5BD267107C42F94B911 /* Pods-Cocoapods Test.debug.xcconfig */,
				DBAA9C3033B454DC47E08BC9 /* Pods-Cocoapods Test.release.xcconfig */,
			);
			name = Pods;
			sourceTree = "<group>";
		};
/* End PBXGroup section */

/* Begin PBXNativeTarget section */
		BFAD71951C79253D00D3BDD2 /* Cocoapods Test */ = {
			isa = PBXNativeTarget;
			buildConfigurationList = BFAD71A81C79253E00D3BDD2 /* Build configuration list for PBXNativeTarget "Cocoapods Test" */;
			buildPhases = (
				3C7899B496EFAD34A80193A6 /* Check Pods Manifest.lock */,
				BFAD71921C79253D00D3BDD2 /* Sources */,
				BFAD71931C79253D00D3BDD2 /* Frameworks */,
				BFAD71941C79253D00D3BDD2 /* Resources */,
				24D218232F623E5AA8880708 /* Embed Pods Frameworks */,
				B263BCBFE41F80C03A82FAFA /* Copy Pods Resources */,
			);
			buildRules = (
			);
			dependencies = (
			);
			name = "Cocoapods Test";
			productName = "Cocoapods Test";
			productReference = BFAD71961C79253D00D3BDD2 /* Cocoapods Test.app */;
			productType = "com.apple.product-type.application";
		};
/* End PBXNativeTarget section */

/* Begin PBXProject section */
		BFAD718E1C79253D00D3BDD2 /* Project object */ = {
			isa = PBXProject;
			attributes = {
				LastSwiftUpdateCheck = 0720;
				LastUpgradeCheck = 0720;
				ORGANIZATIONNAME = "Allen Czerwinski";
				TargetAttributes = {
					BFAD71951C79253D00D3BDD2 = {
						CreatedOnToolsVersion = 7.2;
					};
				};
			};
			buildConfigurationList = BFAD71911C79253D00D3BDD2 /* Build configuration list for PBXProject "Cocoapods Test" */;
			compatibilityVersion = "Xcode 3.2";
			developmentRegion = English;
			hasScannedForEncodings = 0;
			knownRegions = (
				en,
				Base,
			);
			mainGroup = BFAD718D1C79253D00D3BDD2;
			productRefGroup = BFAD71971C79253D00D3BDD2 /* Products */;
			projectDirPath = "";
			projectRoot = "";
			targets = (
				BFAD71951C79253D00D3BDD2 /* Cocoapods Test */,
			);
		};
/* End PBXProject section */

/* Begin PBXResourcesBuildPhase section */
		BFAD71941C79253D00D3BDD2 /* Resources */ = {
			isa = PBXResourcesBuildPhase;
			buildActionMask = 2147483647;
			files = (
				BFAD71A41C79253E00D3BDD2 /* LaunchScreen.storyboard in Resources */,
				BFAD71A11C79253D00D3BDD2 /* Assets.xcassets in Resources */,
				BFAD719F1C79253D00D3BDD2 /* Main.storyboard in Resources */,
			);
			runOnlyForDeploymentPostprocessing = 0;
		};
/* End PBXResourcesBuildPhase section */

/* Begin PBXShellScriptBuildPhase section */
		24D218232F623E5AA8880708 /* Embed Pods Frameworks */ = {
			isa = PBXShellScriptBuildPhase;
			buildActionMask = 2147483647;
			files = (
			);
			inputPaths = (
			);
			name = "Embed Pods Frameworks";
			outputPaths = (
			);
			runOnlyForDeploymentPostprocessing = 0;
			shellPath = /bin/sh;
			shellScript = "\"${SRCROOT}/Pods/Target Support Files/Pods-Cocoapods Test/Pods-Cocoapods Test-frameworks.sh\"\n";
			showEnvVarsInLog = 0;
		};
		3C7899B496EFAD34A80193A6 /* Check Pods Manifest.lock */ = {
			isa = PBXShellScriptBuildPhase;
			buildActionMask = 2147483647;
			files = (
			);
			inputPaths = (
			);
			name = "Check Pods Manifest.lock";
			outputPaths = (
			);
			runOnlyForDeploymentPostprocessing = 0;
			shellPath = /bin/sh;
			shellScript = "diff \"${PODS_ROOT}/../Podfile.lock\" \"${PODS_ROOT}/Manifest.lock\" > /dev/null\nif [[ $? != 0 ]] ; then\n    cat << EOM\nerror: The sandbox is not in sync with the Podfile.lock. Run 'pod install' or update your CocoaPods installation.\nEOM\n    exit 1\nfi\n";
			showEnvVarsInLog = 0;
		};
		B263BCBFE41F80C03A82FAFA /* Copy Pods Resources */ = {
			isa = PBXShellScriptBuildPhase;
			buildActionMask = 2147483647;
			files = (
			);
			inputPaths = (
			);
			name = "Copy Pods Resources";
			outputPaths = (
			);
			runOnlyForDeploymentPostprocessing = 0;
			shellPath = /bin/sh;
			shellScript = "\"${SRCROOT}/Pods/Target Support Files/Pods-Cocoapods Test/Pods-Cocoapods Test-resources.sh\"\n";
			showEnvVarsInLog = 0;
		};
/* End PBXShellScriptBuildPhase section */

/* Begin PBXSourcesBuildPhase section */
		BFAD71921C79253D00D3BDD2 /* Sources */ = {
			isa = PBXSourcesBuildPhase;
			buildActionMask = 2147483647;
			files = (
				BFAD719C1C79253D00D3BDD2 /* ViewController.swift in Sources */,
				BFAD719A1C79253D00D3BDD2 /* AppDelegate.swift in Sources */,
			);
			runOnlyForDeploymentPostprocessing = 0;
		};
/* End PBXSourcesBuildPhase section */

/* Begin PBXVariantGroup section */
		BFAD719D1C79253D00D3BDD2 /* Main.storyboard */ = {
			isa = PBXVariantGroup;
			children = (
				BFAD719E1C79253D00D3BDD2 /* Base */,
			);
			name = Main.storyboard;
			sourceTree = "<group>";
		};
		BFAD71A21C79253E00D3BDD2 /* LaunchScreen.storyboard */ = {
			isa = PBXVariantGroup;
			children = (
				BFAD71A31C79253E00D3BDD2 /* Base */,
			);
			name = LaunchScreen.storyboard;
			sourceTree = "<group>";
		};
/* End PBXVariantGroup section */

/* Begin XCBuildConfiguration section */
		BFAD71A61C79253E00D3BDD2 /* Debug */ = {
			isa = XCBuildConfiguration;
			buildSettings = {
				ALWAYS_SEARCH_USER_PATHS = NO;
				CLANG_CXX_LANGUAGE_STANDARD = "gnu++0x";
				CLANG_CXX_LIBRARY = "libc++";
				CLANG_ENABLE_MODULES = YES;
				CLANG_ENABLE_OBJC_ARC = YES;
				CLANG_WARN_BOOL_CONVERSION = YES;
				CLANG_WARN_CONSTANT_CONVERSION = YES;
				CLANG_WARN_DIRECT_OBJC_ISA_USAGE = YES_ERROR;
				CLANG_WARN_EMPTY_BODY = YES;
				CLANG_WARN_ENUM_CONVERSION = YES;
				CLANG_WARN_INT_CONVERSION = YES;
				CLANG_WARN_OBJC_ROOT_CLASS = YES_ERROR;
				CLANG_WARN_UNREACHABLE_CODE = YES;
				CLANG_WARN__DUPLICATE_METHOD_MATCH = YES;
				"CODE_SIGN_IDENTITY[sdk=iphoneos*]" = "iPhone Developer";
				COPY_PHASE_STRIP = NO;
				DEBUG_INFORMATION_FORMAT = dwarf;
				ENABLE_STRICT_OBJC_MSGSEND = YES;
				ENABLE_TESTABILITY = YES;
				GCC_C_LANGUAGE_STANDARD = gnu99;
				GCC_DYNAMIC_NO_PIC = NO;
				GCC_NO_COMMON_BLOCKS = YES;
				GCC_OPTIMIZATION_LEVEL = 0;
				GCC_PREPROCESSOR_DEFINITIONS = (
					"DEBUG=1",
					"$(inherited)",
				);
				GCC_WARN_64_TO_32_BIT_CONVERSION = YES;
				GCC_WARN_ABOUT_RETURN_TYPE = YES_ERROR;
				GCC_WARN_UNDECLARED_SELECTOR = YES;
				GCC_WARN_UNINITIALIZED_AUTOS = YES_AGGRESSIVE;
				GCC_WARN_UNUSED_FUNCTION = YES;
				GCC_WARN_UNUSED_VARIABLE = YES;
				IPHONEOS_DEPLOYMENT_TARGET = 9.2;
				MTL_ENABLE_DEBUG_INFO = YES;
				ONLY_ACTIVE_ARCH = YES;
				SDKROOT = iphoneos;
				SWIFT_OPTIMIZATION_LEVEL = "-Onone";
				TARGETED_DEVICE_FAMILY = "1,2";
			};
			name = Debug;
		};
		BFAD71A71C79253E00D3BDD2 /* Release */ = {
			isa = XCBuildConfiguration;
			buildSettings = {
				ALWAYS_SEARCH_USER_PATHS = NO;
				CLANG_CXX_LANGUAGE_STANDARD = "gnu++0x";
				CLANG_CXX_LIBRARY = "libc++";
				CLANG_ENABLE_MODULES = YES;
				CLANG_ENABLE_OBJC_ARC = YES;
				CLANG_WARN_BOOL_CONVERSION = YES;
				CLANG_WARN_CONSTANT_CONVERSION = YES;
				CLANG_WARN_DIRECT_OBJC_ISA_USAGE = YES_ERROR;
				CLANG_WARN_EMPTY_BODY = YES;
				CLANG_WARN_ENUM_CONVERSION = YES;
				CLANG_WARN_INT_CONVERSION = YES;
				CLANG_WARN_OBJC_ROOT_CLASS = YES_ERROR;
				CLANG_WARN_UNREACHABLE_CODE = YES;
				CLANG_WARN__DUPLICATE_METHOD_MATCH = YES;
				"CODE_SIGN_IDENTITY[sdk=iphoneos*]" = "iPhone Developer";
				COPY_PHASE_STRIP = NO;
				DEBUG_INFORMATION_FORMAT = "dwarf-with-dsym";
				ENABLE_NS_ASSERTIONS = NO;
				ENABLE_STRICT_OBJC_MSGSEND = YES;
				GCC_C_LANGUAGE_STANDARD = gnu99;
				GCC_NO_COMMON_BLOCKS = YES;
				GCC_WARN_64_TO_32_BIT_CONVERSION = YES;
				GCC_WARN_ABOUT_RETURN_TYPE = YES_ERROR;
				GCC_WARN_UNDECLARED_SELECTOR = YES;
				GCC_WARN_UNINITIALIZED_AUTOS = YES_AGGRESSIVE;
				GCC_WARN_UNUSED_FUNCTION = YES;
				GCC_WARN_UNUSED_VARIABLE = YES;
				IPHONEOS_DEPLOYMENT_TARGET = 9.2;
				MTL_ENABLE_DEBUG_INFO = NO;
				SDKROOT = iphoneos;
				TARGETED_DEVICE_FAMILY = "1,2";
				VALIDATE_PRODUCT = YES;
			};
			name = Release;
		};
		BFAD71A91C79253E00D3BDD2 /* Debug */ = {
			isa = XCBuildConfiguration;
			baseConfigurationReference = D993C5BD267107C42F94B911 /* Pods-Cocoapods Test.debug.xcconfig */;
			buildSettings = {
				ASSETCATALOG_COMPILER_APPICON_NAME = AppIcon;
				INFOPLIST_FILE = "Cocoapods Test/Info.plist";
				LD_RUNPATH_SEARCH_PATHS = "$(inherited) @executable_path/Frameworks";
				PRODUCT_BUNDLE_IDENTIFIER = "com.gmail.allen.czerwinski.Cocoapods-Test";
				PRODUCT_NAME = "$(TARGET_NAME)";
			};
			name = Debug;
		};
		BFAD71AA1C79253E00D3BDD2 /* Release */ = {
			isa = XCBuildConfiguration;
			baseConfigurationReference = DBAA9C3033B454DC47E08BC9 /* Pods-Cocoapods Test.release.xcconfig */;
			buildSettings = {
				ASSETCATALOG_COMPILER_APPICON_NAME = AppIcon;
				INFOPLIST_FILE = "Cocoapods Test/Info.plist";
				LD_RUNPATH_SEARCH_PATHS = "$(inherited) @executable_path/Frameworks";
				PRODUCT_BUNDLE_IDENTIFIER = "com.gmail.allen.czerwinski.Cocoapods-Test";
				PRODUCT_NAME = "$(TARGET_NAME)";
			};
			name = Release;
		};
/* End XCBuildConfiguration section */

/* Begin XCConfigurationList section */
		BFAD71911C79253D00D3BDD2 /* Build configuration list for PBXProject "Cocoapods Test" */ = {
			isa = XCConfigurationList;
			buildConfigurations = (
				BFAD71A61C79253E00D3BDD2 /* Debug */,
				BFAD71A71C79253E00D3BDD2 /* Release */,
			);
			defaultConfigurationIsVisible = 0;
			defaultConfigurationName = Release;
		};
		BFAD71A81C79253E00D3BDD2 /* Build configuration list for PBXNativeTarget "Cocoapods Test" */ = {
			isa = XCConfigurationList;
			buildConfigurations = (
				BFAD71A91C79253E00D3BDD2 /* Debug */,
				BFAD71AA1C79253E00D3BDD2 /* Release */,
			);
			defaultConfigurationIsVisible = 0;
			defaultConfigurationName = Release;
		};
/* End XCConfigurationList section */
	};
	rootObject = BFAD718E1C79253D00D3BDD2 /* Project object */;
}
