// !$*UTF8*$!
{
	archiveVersion = 1;
	classes = {
	};
	objectVersion = 46;
	objects = {

/* Begin PBXBuildFile section */
		BFFFD3001CD728E100C88768 /* main.m in Sources */ = {isa = PBXBuildFile; fileRef = BFFFD2FF1CD728E100C88768 /* main.m */; };
		BFFFD3031CD728E100C88768 /* AppDelegate.m in Sources */ = {isa = PBXBuildFile; fileRef = BFFFD3021CD728E100C88768 /* AppDelegate.m */; };
		BFFFD3061CD728E100C88768 /* ViewController.m in Sources */ = {isa = PBXBuildFile; fileRef = BFFFD3051CD728E100C88768 /* ViewController.m */; };
		BFFFD3091CD728E100C88768 /* Main.storyboard in Resources */ = {isa = PBXBuildFile; fileRef = BFFFD3071CD728E100C88768 /* Main.storyboard */; };
		BFFFD30B1CD728E100C88768 /* Assets.xcassets in Resources */ = {isa = PBXBuildFile; fileRef = BFFFD30A1CD728E100C88768 /* Assets.xcassets */; };
		BFFFD30E1CD728E100C88768 /* LaunchScreen.storyboard in Resources */ = {isa = PBXBuildFile; fileRef = BFFFD30C1CD728E100C88768 /* LaunchScreen.storyboard */; };
		BFFFD3171CD729F600C88768 /* DataService.m in Sources */ = {isa = PBXBuildFile; fileRef = BFFFD3161CD729F600C88768 /* DataService.m */; };
		BFFFD31A1CD7302700C88768 /* Post.m in Sources */ = {isa = PBXBuildFile; fileRef = BFFFD3191CD7302700C88768 /* Post.m */; };
		BFFFD3231CD7349400C88768 /* AddPostVC.m in Sources */ = {isa = PBXBuildFile; fileRef = BFFFD3221CD7349400C88768 /* AddPostVC.m */; };
		BFFFD3261CD7FAE300C88768 /* PostCell.m in Sources */ = {isa = PBXBuildFile; fileRef = BFFFD3251CD7FAE300C88768 /* PostCell.m */; };
/* End PBXBuildFile section */

/* Begin PBXFileReference section */
		BFFFD2FB1CD728E000C88768 /* InMyHoodObjC.app */ = {isa = PBXFileReference; explicitFileType = wrapper.application; includeInIndex = 0; path = InMyHoodObjC.app; sourceTree = BUILT_PRODUCTS_DIR; };
		BFFFD2FF1CD728E100C88768 /* main.m */ = {isa = PBXFileReference; lastKnownFileType = sourcecode.c.objc; path = main.m; sourceTree = "<group>"; };
		BFFFD3011CD728E100C88768 /* AppDelegate.h */ = {isa = PBXFileReference; lastKnownFileType = sourcecode.c.h; path = AppDelegate.h; sourceTree = "<group>"; };
		BFFFD3021CD728E100C88768 /* AppDelegate.m */ = {isa = PBXFileReference; lastKnownFileType = sourcecode.c.objc; path = AppDelegate.m; sourceTree = "<group>"; };
		BFFFD3041CD728E100C88768 /* ViewController.h */ = {isa = PBXFileReference; lastKnownFileType = sourcecode.c.h; path = ViewController.h; sourceTree = "<group>"; };
		BFFFD3051CD728E100C88768 /* ViewController.m */ = {isa = PBXFileReference; lastKnownFileType = sourcecode.c.objc; path = ViewController.m; sourceTree = "<group>"; };
		BFFFD3081CD728E100C88768 /* Base */ = {isa = PBXFileReference; lastKnownFileType = file.storyboard; name = Base; path = Base.lproj/Main.storyboard; sourceTree = "<group>"; };
		BFFFD30A1CD728E100C88768 /* Assets.xcassets */ = {isa = PBXFileReference; lastKnownFileType = folder.assetcatalog; path = Assets.xcassets; sourceTree = "<group>"; };
		BFFFD30D1CD728E100C88768 /* Base */ = {isa = PBXFileReference; lastKnownFileType = file.storyboard; name = Base; path = Base.lproj/LaunchScreen.storyboard; sourceTree = "<group>"; };
		BFFFD30F1CD728E100C88768 /* Info.plist */ = {isa = PBXFileReference; lastKnownFileType = text.plist.xml; path = Info.plist; sourceTree = "<group>"; };
		BFFFD3151CD729F600C88768 /* DataService.h */ = {isa = PBXFileReference; fileEncoding = 4; lastKnownFileType = sourcecode.c.h; path = DataService.h; sourceTree = "<group>"; };
		BFFFD3161CD729F600C88768 /* DataService.m */ = {isa = PBXFileReference; fileEncoding = 4; lastKnownFileType = sourcecode.c.objc; path = DataService.m; sourceTree = "<group>"; };
		BFFFD3181CD7302700C88768 /* Post.h */ = {isa = PBXFileReference; fileEncoding = 4; lastKnownFileType = sourcecode.c.h; path = Post.h; sourceTree = "<group>"; };
		BFFFD3191CD7302700C88768 /* Post.m */ = {isa = PBXFileReference; fileEncoding = 4; lastKnownFileType = sourcecode.c.objc; path = Post.m; sourceTree = "<group>"; };
		BFFFD3211CD7349400C88768 /* AddPostVC.h */ = {isa = PBXFileReference; fileEncoding = 4; lastKnownFileType = sourcecode.c.h; path = AddPostVC.h; sourceTree = "<group>"; };
		BFFFD3221CD7349400C88768 /* AddPostVC.m */ = {isa = PBXFileReference; fileEncoding = 4; lastKnownFileType = sourcecode.c.objc; path = AddPostVC.m; sourceTree = "<group>"; };
		BFFFD3241CD7FAE300C88768 /* PostCell.h */ = {isa = PBXFileReference; fileEncoding = 4; lastKnownFileType = sourcecode.c.h; path = PostCell.h; sourceTree = "<group>"; };
		BFFFD3251CD7FAE300C88768 /* PostCell.m */ = {isa = PBXFileReference; fileEncoding = 4; lastKnownFileType = sourcecode.c.objc; path = PostCell.m; sourceTree = "<group>"; };
/* End PBXFileReference section */

/* Begin PBXFrameworksBuildPhase section */
		BFFFD2F81CD728E000C88768 /* Frameworks */ = {
			isa = PBXFrameworksBuildPhase;
			buildActionMask = 2147483647;
			files = (
			);
			runOnlyForDeploymentPostprocessing = 0;
		};
/* End PBXFrameworksBuildPhase section */

/* Begin PBXGroup section */
		BFFFD2F21CD728E000C88768 = {
			isa = PBXGroup;
			children = (
				BFFFD2FD1CD728E000C88768 /* InMyHoodObjC */,
				BFFFD2FC1CD728E000C88768 /* Products */,
			);
			sourceTree = "<group>";
		};
		BFFFD2FC1CD728E000C88768 /* Products */ = {
			isa = PBXGroup;
			children = (
				BFFFD2FB1CD728E000C88768 /* InMyHoodObjC.app */,
			);
			name = Products;
			sourceTree = "<group>";
		};
		BFFFD2FD1CD728E000C88768 /* InMyHoodObjC */ = {
			isa = PBXGroup;
			children = (
				BFFFD3211CD7349400C88768 /* AddPostVC.h */,
				BFFFD3221CD7349400C88768 /* AddPostVC.m */,
				BFFFD3011CD728E100C88768 /* AppDelegate.h */,
				BFFFD3021CD728E100C88768 /* AppDelegate.m */,
				BFFFD3151CD729F600C88768 /* DataService.h */,
				BFFFD3161CD729F600C88768 /* DataService.m */,
				BFFFD3181CD7302700C88768 /* Post.h */,
				BFFFD3191CD7302700C88768 /* Post.m */,
				BFFFD3241CD7FAE300C88768 /* PostCell.h */,
				BFFFD3251CD7FAE300C88768 /* PostCell.m */,
				BFFFD3041CD728E100C88768 /* ViewController.h */,
				BFFFD3051CD728E100C88768 /* ViewController.m */,
				BFFFD3071CD728E100C88768 /* Main.storyboard */,
				BFFFD30A1CD728E100C88768 /* Assets.xcassets */,
				BFFFD30C1CD728E100C88768 /* LaunchScreen.storyboard */,
				BFFFD30F1CD728E100C88768 /* Info.plist */,
				BFFFD2FE1CD728E100C88768 /* Supporting Files */,
			);
			path = InMyHoodObjC;
			sourceTree = "<group>";
		};
		BFFFD2FE1CD728E100C88768 /* Supporting Files */ = {
			isa = PBXGroup;
			children = (
				BFFFD2FF1CD728E100C88768 /* main.m */,
			);
			name = "Supporting Files";
			sourceTree = "<group>";
		};
/* End PBXGroup section */

/* Begin PBXNativeTarget section */
		BFFFD2FA1CD728E000C88768 /* InMyHoodObjC */ = {
			isa = PBXNativeTarget;
			buildConfigurationList = BFFFD3121CD728E100C88768 /* Build configuration list for PBXNativeTarget "InMyHoodObjC" */;
			buildPhases = (
				BFFFD2F71CD728E000C88768 /* Sources */,
				BFFFD2F81CD728E000C88768 /* Frameworks */,
				BFFFD2F91CD728E000C88768 /* Resources */,
			);
			buildRules = (
			);
			dependencies = (
			);
			name = InMyHoodObjC;
			productName = InMyHoodObjC;
			productReference = BFFFD2FB1CD728E000C88768 /* InMyHoodObjC.app */;
			productType = "com.apple.product-type.application";
		};
/* End PBXNativeTarget section */

/* Begin PBXProject section */
		BFFFD2F31CD728E000C88768 /* Project object */ = {
			isa = PBXProject;
			attributes = {
				LastUpgradeCheck = 0730;
				ORGANIZATIONNAME = "Allen Czerwinski";
				TargetAttributes = {
					BFFFD2FA1CD728E000C88768 = {
						CreatedOnToolsVersion = 7.3;
					};
				};
			};
			buildConfigurationList = BFFFD2F61CD728E000C88768 /* Build configuration list for PBXProject "InMyHoodObjC" */;
			compatibilityVersion = "Xcode 3.2";
			developmentRegion = English;
			hasScannedForEncodings = 0;
			knownRegions = (
				en,
				Base,
			);
			mainGroup = BFFFD2F21CD728E000C88768;
			productRefGroup = BFFFD2FC1CD728E000C88768 /* Products */;
			projectDirPath = "";
			projectRoot = "";
			targets = (
				BFFFD2FA1CD728E000C88768 /* InMyHoodObjC */,
			);
		};
/* End PBXProject section */

/* Begin PBXResourcesBuildPhase section */
		BFFFD2F91CD728E000C88768 /* Resources */ = {
			isa = PBXResourcesBuildPhase;
			buildActionMask = 2147483647;
			files = (
				BFFFD30E1CD728E100C88768 /* LaunchScreen.storyboard in Resources */,
				BFFFD30B1CD728E100C88768 /* Assets.xcassets in Resources */,
				BFFFD3091CD728E100C88768 /* Main.storyboard in Resources */,
			);
			runOnlyForDeploymentPostprocessing = 0;
		};
/* End PBXResourcesBuildPhase section */

/* Begin PBXSourcesBuildPhase section */
		BFFFD2F71CD728E000C88768 /* Sources */ = {
			isa = PBXSourcesBuildPhase;
			buildActionMask = 2147483647;
			files = (
				BFFFD31A1CD7302700C88768 /* Post.m in Sources */,
				BFFFD3061CD728E100C88768 /* ViewController.m in Sources */,
				BFFFD3231CD7349400C88768 /* AddPostVC.m in Sources */,
				BFFFD3031CD728E100C88768 /* AppDelegate.m in Sources */,
				BFFFD3261CD7FAE300C88768 /* PostCell.m in Sources */,
				BFFFD3001CD728E100C88768 /* main.m in Sources */,
				BFFFD3171CD729F600C88768 /* DataService.m in Sources */,
			);
			runOnlyForDeploymentPostprocessing = 0;
		};
/* End PBXSourcesBuildPhase section */

/* Begin PBXVariantGroup section */
		BFFFD3071CD728E100C88768 /* Main.storyboard */ = {
			isa = PBXVariantGroup;
			children = (
				BFFFD3081CD728E100C88768 /* Base */,
			);
			name = Main.storyboard;
			sourceTree = "<group>";
		};
		BFFFD30C1CD728E100C88768 /* LaunchScreen.storyboard */ = {
			isa = PBXVariantGroup;
			children = (
				BFFFD30D1CD728E100C88768 /* Base */,
			);
			name = LaunchScreen.storyboard;
			sourceTree = "<group>";
		};
/* End PBXVariantGroup section */

/* Begin XCBuildConfiguration section */
		BFFFD3101CD728E100C88768 /* Debug */ = {
			isa = XCBuildConfiguration;
			buildSettings = {
				ALWAYS_SEARCH_USER_PATHS = NO;
				CLANG_ANALYZER_NONNULL = YES;
				CLANG_CXX_LANGUAGE_STANDARD = "gnu++0x";
				CLANG_CXX_LIBRARY = "libc++";
				CLANG_ENABLE_MODULES = YES;
				CLANG_ENABLE_OBJC_ARC = YES;
				CLANG_WARN_BOOL_CONVERSION = YES;
				CLANG_WARN_CONSTANT_CONVERSION = YES;
				CLANG_WARN_DIRECT_OBJC_ISA_USAGE = YES_ERROR;
				CLANG_WARN_EMPTY_BODY = YES;
				CLANG_WARN_ENUM_CONVERSION = YES;
				CLANG_WARN_INT_CONVERSION = YES;
				CLANG_WARN_OBJC_ROOT_CLASS = YES_ERROR;
				CLANG_WARN_UNREACHABLE_CODE = YES;
				CLANG_WARN__DUPLICATE_METHOD_MATCH = YES;
				"CODE_SIGN_IDENTITY[sdk=iphoneos*]" = "iPhone Developer";
				COPY_PHASE_STRIP = NO;
				DEBUG_INFORMATION_FORMAT = dwarf;
				ENABLE_STRICT_OBJC_MSGSEND = YES;
				ENABLE_TESTABILITY = YES;
				GCC_C_LANGUAGE_STANDARD = gnu99;
				GCC_DYNAMIC_NO_PIC = NO;
				GCC_NO_COMMON_BLOCKS = YES;
				GCC_OPTIMIZATION_LEVEL = 0;
				GCC_PREPROCESSOR_DEFINITIONS = (
					"DEBUG=1",
					"$(inherited)",
				);
				GCC_WARN_64_TO_32_BIT_CONVERSION = YES;
				GCC_WARN_ABOUT_RETURN_TYPE = YES_ERROR;
				GCC_WARN_UNDECLARED_SELECTOR = YES;
				GCC_WARN_UNINITIALIZED_AUTOS = YES_AGGRESSIVE;
				GCC_WARN_UNUSED_FUNCTION = YES;
				GCC_WARN_UNUSED_VARIABLE = YES;
				IPHONEOS_DEPLOYMENT_TARGET = 9.3;
				MTL_ENABLE_DEBUG_INFO = YES;
				ONLY_ACTIVE_ARCH = YES;
				SDKROOT = iphoneos;
				TARGETED_DEVICE_FAMILY = "1,2";
			};
			name = Debug;
		};
		BFFFD3111CD728E100C88768 /* Release */ = {
			isa = XCBuildConfiguration;
			buildSettings = {
				ALWAYS_SEARCH_USER_PATHS = NO;
				CLANG_ANALYZER_NONNULL = YES;
				CLANG_CXX_LANGUAGE_STANDARD = "gnu++0x";
				CLANG_CXX_LIBRARY = "libc++";
				CLANG_ENABLE_MODULES = YES;
				CLANG_ENABLE_OBJC_ARC = YES;
				CLANG_WARN_BOOL_CONVERSION = YES;
				CLANG_WARN_CONSTANT_CONVERSION = YES;
				CLANG_WARN_DIRECT_OBJC_ISA_USAGE = YES_ERROR;
				CLANG_WARN_EMPTY_BODY = YES;
				CLANG_WARN_ENUM_CONVERSION = YES;
				CLANG_WARN_INT_CONVERSION = YES;
				CLANG_WARN_OBJC_ROOT_CLASS = YES_ERROR;
				CLANG_WARN_UNREACHABLE_CODE = YES;
				CLANG_WARN__DUPLICATE_METHOD_MATCH = YES;
				"CODE_SIGN_IDENTITY[sdk=iphoneos*]" = "iPhone Developer";
				COPY_PHASE_STRIP = NO;
				DEBUG_INFORMATION_FORMAT = "dwarf-with-dsym";
				ENABLE_NS_ASSERTIONS = NO;
				ENABLE_STRICT_OBJC_MSGSEND = YES;
				GCC_C_LANGUAGE_STANDARD = gnu99;
				GCC_NO_COMMON_BLOCKS = YES;
				GCC_WARN_64_TO_32_BIT_CONVERSION = YES;
				GCC_WARN_ABOUT_RETURN_TYPE = YES_ERROR;
				GCC_WARN_UNDECLARED_SELECTOR = YES;
				GCC_WARN_UNINITIALIZED_AUTOS = YES_AGGRESSIVE;
				GCC_WARN_UNUSED_FUNCTION = YES;
				GCC_WARN_UNUSED_VARIABLE = YES;
				IPHONEOS_DEPLOYMENT_TARGET = 9.3;
				MTL_ENABLE_DEBUG_INFO = NO;
				SDKROOT = iphoneos;
				TARGETED_DEVICE_FAMILY = "1,2";
				VALIDATE_PRODUCT = YES;
			};
			name = Release;
		};
		BFFFD3131CD728E100C88768 /* Debug */ = {
			isa = XCBuildConfiguration;
			buildSettings = {
				ASSETCATALOG_COMPILER_APPICON_NAME = AppIcon;
				INFOPLIST_FILE = InMyHoodObjC/Info.plist;
				LD_RUNPATH_SEARCH_PATHS = "$(inherited) @executable_path/Frameworks";
				PRODUCT_BUNDLE_IDENTIFIER = com.gmail.allen.czerwinski.InMyHoodObjC;
				PRODUCT_NAME = "$(TARGET_NAME)";
			};
			name = Debug;
		};
		BFFFD3141CD728E100C88768 /* Release */ = {
			isa = XCBuildConfiguration;
			buildSettings = {
				ASSETCATALOG_COMPILER_APPICON_NAME = AppIcon;
				INFOPLIST_FILE = InMyHoodObjC/Info.plist;
				LD_RUNPATH_SEARCH_PATHS = "$(inherited) @executable_path/Frameworks";
				PRODUCT_BUNDLE_IDENTIFIER = com.gmail.allen.czerwinski.InMyHoodObjC;
				PRODUCT_NAME = "$(TARGET_NAME)";
			};
			name = Release;
		};
/* End XCBuildConfiguration section */

/* Begin XCConfigurationList section */
		BFFFD2F61CD728E000C88768 /* Build configuration list for PBXProject "InMyHoodObjC" */ = {
			isa = XCConfigurationList;
			buildConfigurations = (
				BFFFD3101CD728E100C88768 /* Debug */,
				BFFFD3111CD728E100C88768 /* Release */,
			);
			defaultConfigurationIsVisible = 0;
			defaultConfigurationName = Release;
		};
		BFFFD3121CD728E100C88768 /* Build configuration list for PBXNativeTarget "InMyHoodObjC" */ = {
			isa = XCConfigurationList;
			buildConfigurations = (
				BFFFD3131CD728E100C88768 /* Debug */,
				BFFFD3141CD728E100C88768 /* Release */,
			);
			defaultConfigurationIsVisible = 0;
		};
/* End XCConfigurationList section */
	};
	rootObject = BFFFD2F31CD728E000C88768 /* Project object */;
}
