// !$*UTF8*$!
{
	archiveVersion = 1;
	classes = {
	};
	objectVersion = 46;
	objects = {

/* Begin PBXBuildFile section */
		BF16FB941C7A7D1C0013E04A /* PokeCell.swift in Sources */ = {isa = PBXBuildFile; fileRef = BF16FB931C7A7D1C0013E04A /* PokeCell.swift */; };
		BF16FB961C7A8F7D0013E04A /* csv.swift in Sources */ = {isa = PBXBuildFile; fileRef = BF16FB951C7A8F7D0013E04A /* csv.swift */; };
		BF16FB9B1C7A960D0013E04A /* pokemon.ttf in Resources */ = {isa = PBXBuildFile; fileRef = BF16FB9A1C7A960D0013E04A /* pokemon.ttf */; };
		BF16FB9D1C7A9B4B0013E04A /* music.mp3 in Resources */ = {isa = PBXBuildFile; fileRef = BF16FB9C1C7A9B4B0013E04A /* music.mp3 */; };
		BF16FB9F1C7BA9E00013E04A /* PokemonDetailVC.swift in Sources */ = {isa = PBXBuildFile; fileRef = BF16FB9E1C7BA9E00013E04A /* PokemonDetailVC.swift */; };
		BFAD71BD1C793D3000D3BDD2 /* AppDelegate.swift in Sources */ = {isa = PBXBuildFile; fileRef = BFAD71BC1C793D3000D3BDD2 /* AppDelegate.swift */; };
		BFAD71BF1C793D3000D3BDD2 /* ViewController.swift in Sources */ = {isa = PBXBuildFile; fileRef = BFAD71BE1C793D3000D3BDD2 /* ViewController.swift */; };
		BFAD71C21C793D3000D3BDD2 /* Main.storyboard in Resources */ = {isa = PBXBuildFile; fileRef = BFAD71C01C793D3000D3BDD2 /* Main.storyboard */; };
		BFAD71C41C793D3000D3BDD2 /* Assets.xcassets in Resources */ = {isa = PBXBuildFile; fileRef = BFAD71C31C793D3000D3BDD2 /* Assets.xcassets */; };
		BFAD71C71C793D3000D3BDD2 /* LaunchScreen.storyboard in Resources */ = {isa = PBXBuildFile; fileRef = BFAD71C51C793D3000D3BDD2 /* LaunchScreen.storyboard */; };
		BFAD71CF1C7942AB00D3BDD2 /* pokemon.csv in Resources */ = {isa = PBXBuildFile; fileRef = BFAD71CE1C7942AB00D3BDD2 /* pokemon.csv */; };
		BFAD71D21C79452900D3BDD2 /* Pokemon.swift in Sources */ = {isa = PBXBuildFile; fileRef = BFAD71D11C79452900D3BDD2 /* Pokemon.swift */; };
/* End PBXBuildFile section */

/* Begin PBXFileReference section */
		BF16FB931C7A7D1C0013E04A /* PokeCell.swift */ = {isa = PBXFileReference; fileEncoding = 4; lastKnownFileType = sourcecode.swift; path = PokeCell.swift; sourceTree = "<group>"; };
		BF16FB951C7A8F7D0013E04A /* csv.swift */ = {isa = PBXFileReference; fileEncoding = 4; lastKnownFileType = sourcecode.swift; path = csv.swift; sourceTree = "<group>"; };
		BF16FB9A1C7A960D0013E04A /* pokemon.ttf */ = {isa = PBXFileReference; lastKnownFileType = file; path = pokemon.ttf; sourceTree = "<group>"; };
		BF16FB9C1C7A9B4B0013E04A /* music.mp3 */ = {isa = PBXFileReference; lastKnownFileType = audio.mp3; path = music.mp3; sourceTree = "<group>"; };
		BF16FB9E1C7BA9E00013E04A /* PokemonDetailVC.swift */ = {isa = PBXFileReference; fileEncoding = 4; lastKnownFileType = sourcecode.swift; path = PokemonDetailVC.swift; sourceTree = "<group>"; };
		BFAD71B91C793D2F00D3BDD2 /* Pokedex.app */ = {isa = PBXFileReference; explicitFileType = wrapper.application; includeInIndex = 0; path = Pokedex.app; sourceTree = BUILT_PRODUCTS_DIR; };
		BFAD71BC1C793D3000D3BDD2 /* AppDelegate.swift */ = {isa = PBXFileReference; lastKnownFileType = sourcecode.swift; path = AppDelegate.swift; sourceTree = "<group>"; };
		BFAD71BE1C793D3000D3BDD2 /* ViewController.swift */ = {isa = PBXFileReference; lastKnownFileType = sourcecode.swift; path = ViewController.swift; sourceTree = "<group>"; };
		BFAD71C11C793D3000D3BDD2 /* Base */ = {isa = PBXFileReference; lastKnownFileType = file.storyboard; name = Base; path = Base.lproj/Main.storyboard; sourceTree = "<group>"; };
		BFAD71C31C793D3000D3BDD2 /* Assets.xcassets */ = {isa = PBXFileReference; lastKnownFileType = folder.assetcatalog; path = Assets.xcassets; sourceTree = "<group>"; };
		BFAD71C61C793D3000D3BDD2 /* Base */ = {isa = PBXFileReference; lastKnownFileType = file.storyboard; name = Base; path = Base.lproj/LaunchScreen.storyboard; sourceTree = "<group>"; };
		BFAD71C81C793D3000D3BDD2 /* Info.plist */ = {isa = PBXFileReference; lastKnownFileType = text.plist.xml; path = Info.plist; sourceTree = "<group>"; };
		BFAD71CE1C7942AB00D3BDD2 /* pokemon.csv */ = {isa = PBXFileReference; fileEncoding = 4; lastKnownFileType = text; path = pokemon.csv; sourceTree = "<group>"; };
		BFAD71D11C79452900D3BDD2 /* Pokemon.swift */ = {isa = PBXFileReference; fileEncoding = 4; lastKnownFileType = sourcecode.swift; path = Pokemon.swift; sourceTree = "<group>"; };
/* End PBXFileReference section */

/* Begin PBXFrameworksBuildPhase section */
		BFAD71B61C793D2F00D3BDD2 /* Frameworks */ = {
			isa = PBXFrameworksBuildPhase;
			buildActionMask = 2147483647;
			files = (
			);
			runOnlyForDeploymentPostprocessing = 0;
		};
/* End PBXFrameworksBuildPhase section */

/* Begin PBXGroup section */
		BF16FB921C7A7CCE0013E04A /* View */ = {
			isa = PBXGroup;
			children = (
				BF16FB931C7A7D1C0013E04A /* PokeCell.swift */,
			);
			name = View;
			sourceTree = "<group>";
		};
		BF16FB971C7A8FBF0013E04A /* Util */ = {
			isa = PBXGroup;
			children = (
				BF16FB951C7A8F7D0013E04A /* csv.swift */,
			);
			name = Util;
			sourceTree = "<group>";
		};
		BF16FB981C7A900A0013E04A /* Controller */ = {
			isa = PBXGroup;
			children = (
				BFAD71BE1C793D3000D3BDD2 /* ViewController.swift */,
				BF16FB9E1C7BA9E00013E04A /* PokemonDetailVC.swift */,
			);
			name = Controller;
			sourceTree = "<group>";
		};
		BF16FB991C7A90210013E04A /* Resources */ = {
			isa = PBXGroup;
			children = (
				BF16FB9C1C7A9B4B0013E04A /* music.mp3 */,
				BF16FB9A1C7A960D0013E04A /* pokemon.ttf */,
				BFAD71CE1C7942AB00D3BDD2 /* pokemon.csv */,
			);
			name = Resources;
			sourceTree = "<group>";
		};
		BFAD71B01C793D2F00D3BDD2 = {
			isa = PBXGroup;
			children = (
				BFAD71BB1C793D3000D3BDD2 /* Pokedex */,
				BFAD71BA1C793D2F00D3BDD2 /* Products */,
			);
			sourceTree = "<group>";
		};
		BFAD71BA1C793D2F00D3BDD2 /* Products */ = {
			isa = PBXGroup;
			children = (
				BFAD71B91C793D2F00D3BDD2 /* Pokedex.app */,
			);
			name = Products;
			sourceTree = "<group>";
		};
		BFAD71BB1C793D3000D3BDD2 /* Pokedex */ = {
			isa = PBXGroup;
			children = (
				BFAD71D01C79450700D3BDD2 /* Model */,
				BF16FB921C7A7CCE0013E04A /* View */,
				BF16FB981C7A900A0013E04A /* Controller */,
				BF16FB971C7A8FBF0013E04A /* Util */,
				BF16FB991C7A90210013E04A /* Resources */,
				BFAD71BC1C793D3000D3BDD2 /* AppDelegate.swift */,
				BFAD71C01C793D3000D3BDD2 /* Main.storyboard */,
				BFAD71C31C793D3000D3BDD2 /* Assets.xcassets */,
				BFAD71C51C793D3000D3BDD2 /* LaunchScreen.storyboard */,
				BFAD71C81C793D3000D3BDD2 /* Info.plist */,
			);
			path = Pokedex;
			sourceTree = "<group>";
		};
		BFAD71D01C79450700D3BDD2 /* Model */ = {
			isa = PBXGroup;
			children = (
				BFAD71D11C79452900D3BDD2 /* Pokemon.swift */,
			);
			name = Model;
			sourceTree = "<group>";
		};
/* End PBXGroup section */

/* Begin PBXNativeTarget section */
		BFAD71B81C793D2F00D3BDD2 /* Pokedex */ = {
			isa = PBXNativeTarget;
			buildConfigurationList = BFAD71CB1C793D3000D3BDD2 /* Build configuration list for PBXNativeTarget "Pokedex" */;
			buildPhases = (
				BFAD71B51C793D2F00D3BDD2 /* Sources */,
				BFAD71B61C793D2F00D3BDD2 /* Frameworks */,
				BFAD71B71C793D2F00D3BDD2 /* Resources */,
			);
			buildRules = (
			);
			dependencies = (
			);
			name = Pokedex;
			productName = Pokedex;
			productReference = BFAD71B91C793D2F00D3BDD2 /* Pokedex.app */;
			productType = "com.apple.product-type.application";
		};
/* End PBXNativeTarget section */

/* Begin PBXProject section */
		BFAD71B11C793D2F00D3BDD2 /* Project object */ = {
			isa = PBXProject;
			attributes = {
				LastSwiftUpdateCheck = 0720;
				LastUpgradeCheck = 0720;
				ORGANIZATIONNAME = "Allen Czerwinski";
				TargetAttributes = {
					BFAD71B81C793D2F00D3BDD2 = {
						CreatedOnToolsVersion = 7.2;
					};
				};
			};
			buildConfigurationList = BFAD71B41C793D2F00D3BDD2 /* Build configuration list for PBXProject "Pokedex" */;
			compatibilityVersion = "Xcode 3.2";
			developmentRegion = English;
			hasScannedForEncodings = 0;
			knownRegions = (
				en,
				Base,
			);
			mainGroup = BFAD71B01C793D2F00D3BDD2;
			productRefGroup = BFAD71BA1C793D2F00D3BDD2 /* Products */;
			projectDirPath = "";
			projectRoot = "";
			targets = (
				BFAD71B81C793D2F00D3BDD2 /* Pokedex */,
			);
		};
/* End PBXProject section */

/* Begin PBXResourcesBuildPhase section */
		BFAD71B71C793D2F00D3BDD2 /* Resources */ = {
			isa = PBXResourcesBuildPhase;
			buildActionMask = 2147483647;
			files = (
				BF16FB9B1C7A960D0013E04A /* pokemon.ttf in Resources */,
				BFAD71C71C793D3000D3BDD2 /* LaunchScreen.storyboard in Resources */,
				BF16FB9D1C7A9B4B0013E04A /* music.mp3 in Resources */,
				BFAD71C41C793D3000D3BDD2 /* Assets.xcassets in Resources */,
				BFAD71CF1C7942AB00D3BDD2 /* pokemon.csv in Resources */,
				BFAD71C21C793D3000D3BDD2 /* Main.storyboard in Resources */,
			);
			runOnlyForDeploymentPostprocessing = 0;
		};
/* End PBXResourcesBuildPhase section */

/* Begin PBXSourcesBuildPhase section */
		BFAD71B51C793D2F00D3BDD2 /* Sources */ = {
			isa = PBXSourcesBuildPhase;
			buildActionMask = 2147483647;
			files = (
				BF16FB941C7A7D1C0013E04A /* PokeCell.swift in Sources */,
				BFAD71BF1C793D3000D3BDD2 /* ViewController.swift in Sources */,
				BFAD71BD1C793D3000D3BDD2 /* AppDelegate.swift in Sources */,
				BF16FB9F1C7BA9E00013E04A /* PokemonDetailVC.swift in Sources */,
				BFAD71D21C79452900D3BDD2 /* Pokemon.swift in Sources */,
				BF16FB961C7A8F7D0013E04A /* csv.swift in Sources */,
			);
			runOnlyForDeploymentPostprocessing = 0;
		};
/* End PBXSourcesBuildPhase section */

/* Begin PBXVariantGroup section */
		BFAD71C01C793D3000D3BDD2 /* Main.storyboard */ = {
			isa = PBXVariantGroup;
			children = (
				BFAD71C11C793D3000D3BDD2 /* Base */,
			);
			name = Main.storyboard;
			sourceTree = "<group>";
		};
		BFAD71C51C793D3000D3BDD2 /* LaunchScreen.storyboard */ = {
			isa = PBXVariantGroup;
			children = (
				BFAD71C61C793D3000D3BDD2 /* Base */,
			);
			name = LaunchScreen.storyboard;
			sourceTree = "<group>";
		};
/* End PBXVariantGroup section */

/* Begin XCBuildConfiguration section */
		BFAD71C91C793D3000D3BDD2 /* Debug */ = {
			isa = XCBuildConfiguration;
			buildSettings = {
				ALWAYS_SEARCH_USER_PATHS = NO;
				CLANG_CXX_LANGUAGE_STANDARD = "gnu++0x";
				CLANG_CXX_LIBRARY = "libc++";
				CLANG_ENABLE_MODULES = YES;
				CLANG_ENABLE_OBJC_ARC = YES;
				CLANG_WARN_BOOL_CONVERSION = YES;
				CLANG_WARN_CONSTANT_CONVERSION = YES;
				CLANG_WARN_DIRECT_OBJC_ISA_USAGE = YES_ERROR;
				CLANG_WARN_EMPTY_BODY = YES;
				CLANG_WARN_ENUM_CONVERSION = YES;
				CLANG_WARN_INT_CONVERSION = YES;
				CLANG_WARN_OBJC_ROOT_CLASS = YES_ERROR;
				CLANG_WARN_UNREACHABLE_CODE = YES;
				CLANG_WARN__DUPLICATE_METHOD_MATCH = YES;
				"CODE_SIGN_IDENTITY[sdk=iphoneos*]" = "iPhone Developer";
				COPY_PHASE_STRIP = NO;
				DEBUG_INFORMATION_FORMAT = dwarf;
				ENABLE_STRICT_OBJC_MSGSEND = YES;
				ENABLE_TESTABILITY = YES;
				GCC_C_LANGUAGE_STANDARD = gnu99;
				GCC_DYNAMIC_NO_PIC = NO;
				GCC_NO_COMMON_BLOCKS = YES;
				GCC_OPTIMIZATION_LEVEL = 0;
				GCC_PREPROCESSOR_DEFINITIONS = (
					"DEBUG=1",
					"$(inherited)",
				);
				GCC_WARN_64_TO_32_BIT_CONVERSION = YES;
				GCC_WARN_ABOUT_RETURN_TYPE = YES_ERROR;
				GCC_WARN_UNDECLARED_SELECTOR = YES;
				GCC_WARN_UNINITIALIZED_AUTOS = YES_AGGRESSIVE;
				GCC_WARN_UNUSED_FUNCTION = YES;
				GCC_WARN_UNUSED_VARIABLE = YES;
				IPHONEOS_DEPLOYMENT_TARGET = 9.2;
				MTL_ENABLE_DEBUG_INFO = YES;
				ONLY_ACTIVE_ARCH = YES;
				SDKROOT = iphoneos;
				SWIFT_OPTIMIZATION_LEVEL = "-Onone";
				TARGETED_DEVICE_FAMILY = "1,2";
			};
			name = Debug;
		};
		BFAD71CA1C793D3000D3BDD2 /* Release */ = {
			isa = XCBuildConfiguration;
			buildSettings = {
				ALWAYS_SEARCH_USER_PATHS = NO;
				CLANG_CXX_LANGUAGE_STANDARD = "gnu++0x";
				CLANG_CXX_LIBRARY = "libc++";
				CLANG_ENABLE_MODULES = YES;
				CLANG_ENABLE_OBJC_ARC = YES;
				CLANG_WARN_BOOL_CONVERSION = YES;
				CLANG_WARN_CONSTANT_CONVERSION = YES;
				CLANG_WARN_DIRECT_OBJC_ISA_USAGE = YES_ERROR;
				CLANG_WARN_EMPTY_BODY = YES;
				CLANG_WARN_ENUM_CONVERSION = YES;
				CLANG_WARN_INT_CONVERSION = YES;
				CLANG_WARN_OBJC_ROOT_CLASS = YES_ERROR;
				CLANG_WARN_UNREACHABLE_CODE = YES;
				CLANG_WARN__DUPLICATE_METHOD_MATCH = YES;
				"CODE_SIGN_IDENTITY[sdk=iphoneos*]" = "iPhone Developer";
				COPY_PHASE_STRIP = NO;
				DEBUG_INFORMATION_FORMAT = "dwarf-with-dsym";
				ENABLE_NS_ASSERTIONS = NO;
				ENABLE_STRICT_OBJC_MSGSEND = YES;
				GCC_C_LANGUAGE_STANDARD = gnu99;
				GCC_NO_COMMON_BLOCKS = YES;
				GCC_WARN_64_TO_32_BIT_CONVERSION = YES;
				GCC_WARN_ABOUT_RETURN_TYPE = YES_ERROR;
				GCC_WARN_UNDECLARED_SELECTOR = YES;
				GCC_WARN_UNINITIALIZED_AUTOS = YES_AGGRESSIVE;
				GCC_WARN_UNUSED_FUNCTION = YES;
				GCC_WARN_UNUSED_VARIABLE = YES;
				IPHONEOS_DEPLOYMENT_TARGET = 9.2;
				MTL_ENABLE_DEBUG_INFO = NO;
				SDKROOT = iphoneos;
				TARGETED_DEVICE_FAMILY = "1,2";
				VALIDATE_PRODUCT = YES;
			};
			name = Release;
		};
		BFAD71CC1C793D3000D3BDD2 /* Debug */ = {
			isa = XCBuildConfiguration;
			buildSettings = {
				ASSETCATALOG_COMPILER_APPICON_NAME = AppIcon;
				INFOPLIST_FILE = Pokedex/Info.plist;
				LD_RUNPATH_SEARCH_PATHS = "$(inherited) @executable_path/Frameworks";
				PRODUCT_BUNDLE_IDENTIFIER = com.gmail.allen.czerwinski.Pokedex;
				PRODUCT_NAME = "$(TARGET_NAME)";
			};
			name = Debug;
		};
		BFAD71CD1C793D3000D3BDD2 /* Release */ = {
			isa = XCBuildConfiguration;
			buildSettings = {
				ASSETCATALOG_COMPILER_APPICON_NAME = AppIcon;
				INFOPLIST_FILE = Pokedex/Info.plist;
				LD_RUNPATH_SEARCH_PATHS = "$(inherited) @executable_path/Frameworks";
				PRODUCT_BUNDLE_IDENTIFIER = com.gmail.allen.czerwinski.Pokedex;
				PRODUCT_NAME = "$(TARGET_NAME)";
			};
			name = Release;
		};
/* End XCBuildConfiguration section */

/* Begin XCConfigurationList section */
		BFAD71B41C793D2F00D3BDD2 /* Build configuration list for PBXProject "Pokedex" */ = {
			isa = XCConfigurationList;
			buildConfigurations = (
				BFAD71C91C793D3000D3BDD2 /* Debug */,
				BFAD71CA1C793D3000D3BDD2 /* Release */,
			);
			defaultConfigurationIsVisible = 0;
			defaultConfigurationName = Release;
		};
		BFAD71CB1C793D3000D3BDD2 /* Build configuration list for PBXNativeTarget "Pokedex" */ = {
			isa = XCConfigurationList;
			buildConfigurations = (
				BFAD71CC1C793D3000D3BDD2 /* Debug */,
				BFAD71CD1C793D3000D3BDD2 /* Release */,
			);
			defaultConfigurationIsVisible = 0;
			defaultConfigurationName = Release;
		};
/* End XCConfigurationList section */
	};
	rootObject = BFAD71B11C793D2F00D3BDD2 /* Project object */;
}
